Microsoft Visual Studio Solution File, Format Version 12.00
Project("{9A19103F-16F7-4668-BE54-9A1E7A4F7556}") = "TestUtilities", "..\Common\tests\TestUtilities\TestUtilities.csproj", "{16B2F442-5A88-4C59-A9FE-AB4357D3E657}"
EndProject
Project("{9A19103F-16F7-4668-BE54-9A1E7A4F7556}") = "Microsoft.Win32.SystemEvents", "..\Microsoft.Win32.SystemEvents\ref\Microsoft.Win32.SystemEvents.csproj", "{13D4F8EE-4BD9-4DAC-9AC4-AC136F7CE168}"
EndProject
Project("{9A19103F-16F7-4668-BE54-9A1E7A4F7556}") = "Microsoft.Win32.SystemEvents", "..\Microsoft.Win32.SystemEvents\src\Microsoft.Win32.SystemEvents.csproj", "{41EB125C-1EE1-494A-9B39-A94838106B71}"
EndProject
Project("{9A19103F-16F7-4668-BE54-9A1E7A4F7556}") = "System.DirectoryServices", "..\System.DirectoryServices\ref\System.DirectoryServices.csproj", "{CBD0D70E-1470-43BF-BE8D-59756A3A2364}"
EndProject
Project("{9A19103F-16F7-4668-BE54-9A1E7A4F7556}") = "System.DirectoryServices", "..\System.DirectoryServices\src\System.DirectoryServices.csproj", "{3AFF1901-8D72-43CF-AFE2-0F8A5CFD5C3F}"
EndProject
Project("{9A19103F-16F7-4668-BE54-9A1E7A4F7556}") = "System.Drawing.Common", "..\System.Drawing.Common\ref\System.Drawing.Common.csproj", "{5F6B682F-9901-475B-8E81-F3B19E0D3DA4}"
EndProject
Project("{9A19103F-16F7-4668-BE54-9A1E7A4F7556}") = "System.Drawing.Common", "..\System.Drawing.Common\src\System.Drawing.Common.csproj", "{99CB0FEA-8262-4BCA-8173-A6FF30EEDFEE}"
EndProject
Project("{9A19103F-16F7-4668-BE54-9A1E7A4F7556}") = "System.IO.FileSystem.AccessControl", "..\System.IO.FileSystem.AccessControl\src\System.IO.FileSystem.AccessControl.csproj", "{CFEAF957-2926-44F8-8F50-A362BF4A38C7}"
EndProject
Project("{9A19103F-16F7-4668-BE54-9A1E7A4F7556}") = "System.IO.IsolatedStorage", "ref\System.IO.IsolatedStorage.csproj", "{CB10AFC2-FC8C-49B4-9BB1-6410E4D3A30A}"
EndProject
Project("{9A19103F-16F7-4668-BE54-9A1E7A4F7556}") = "System.IO.IsolatedStorage", "src\System.IO.IsolatedStorage.csproj", "{D9ACE205-2927-4D66-8E6F-D2C1E6E6239D}"
EndProject
Project("{9A19103F-16F7-4668-BE54-9A1E7A4F7556}") = "System.IO.IsolatedStorage.Tests", "tests\System.IO.IsolatedStorage.Tests.csproj", "{88125FEA-D679-4A1A-8736-A18EC13AFC75}"
EndProject
Project("{9A19103F-16F7-4668-BE54-9A1E7A4F7556}") = "System.Runtime.CompilerServices.Unsafe", "..\System.Runtime.CompilerServices.Unsafe\ref\System.Runtime.CompilerServices.Unsafe.csproj", "{DCFC9811-7DBF-47DA-BD68-2E8EEC33F7EE}"
EndProject
Project("{9A19103F-16F7-4668-BE54-9A1E7A4F7556}") = "System.Runtime.CompilerServices.Unsafe", "..\System.Runtime.CompilerServices.Unsafe\src\System.Runtime.CompilerServices.Unsafe.ilproj", "{580DE958-E1CD-4DF9-B225-671E5447DD09}"
EndProject
Project("{9A19103F-16F7-4668-BE54-9A1E7A4F7556}") = "System.Security.AccessControl", "..\System.Security.AccessControl\src\System.Security.AccessControl.csproj", "{9A77FB40-0BE3-4A7B-B147-374D186226DB}"
EndProject
Project("{9A19103F-16F7-4668-BE54-9A1E7A4F7556}") = "System.Security.Permissions", "..\System.Security.Permissions\ref\System.Security.Permissions.csproj", "{94E1FBF3-D07E-42CC-BDE9-195068C29632}"
EndProject
Project("{9A19103F-16F7-4668-BE54-9A1E7A4F7556}") = "System.Security.Permissions", "..\System.Security.Permissions\src\System.Security.Permissions.csproj", "{05F3ED11-AB8C-47EA-BEB8-BB25FF5BC2C5}"
EndProject
Project("{9A19103F-16F7-4668-BE54-9A1E7A4F7556}") = "System.Security.Principal.Windows", "..\System.Security.Principal.Windows\src\System.Security.Principal.Windows.csproj", "{78CF8F5B-3B0F-4DED-8669-F1C5DDB7141A}"
EndProject
Project("{9A19103F-16F7-4668-BE54-9A1E7A4F7556}") = "System.Windows.Extensions", "..\System.Windows.Extensions\ref\System.Windows.Extensions.csproj", "{57DD5F0B-1CEE-4B33-9955-5CE4893EEFEA}"
EndProject
Project("{9A19103F-16F7-4668-BE54-9A1E7A4F7556}") = "System.Windows.Extensions", "..\System.Windows.Extensions\src\System.Windows.Extensions.csproj", "{2C9EFD7A-F153-47BF-B2E6-73094696DF45}"
EndProject
Project("{2150E333-8FDC-42A3-9474-1A3956D46DE8}") = "tests", "tests", "{BF25957F-9188-4CD6-9581-8E1C998E5AAB}"
EndProject
Project("{2150E333-8FDC-42A3-9474-1A3956D46DE8}") = "ref", "ref", "{CBCF137A-F5AD-4CCC-8888-F4B30426B5DE}"
EndProject
Project("{2150E333-8FDC-42A3-9474-1A3956D46DE8}") = "src", "src", "{D4881A9A-F082-40A1-ABC4-DE232ABB22BA}"
EndProject
Global
	GlobalSection(SolutionConfigurationPlatforms) = preSolution
		Debug|Any CPU = Debug|Any CPU
		Release|Any CPU = Release|Any CPU
	EndGlobalSection
	GlobalSection(ProjectConfigurationPlatforms) = postSolution
		{16B2F442-5A88-4C59-A9FE-AB4357D3E657}.Debug|Any CPU.ActiveCfg = Debug|Any CPU
		{16B2F442-5A88-4C59-A9FE-AB4357D3E657}.Debug|Any CPU.Build.0 = Debug|Any CPU
		{16B2F442-5A88-4C59-A9FE-AB4357D3E657}.Release|Any CPU.ActiveCfg = Release|Any CPU
		{16B2F442-5A88-4C59-A9FE-AB4357D3E657}.Release|Any CPU.Build.0 = Release|Any CPU
		{13D4F8EE-4BD9-4DAC-9AC4-AC136F7CE168}.Debug|Any CPU.ActiveCfg = Debug|Any CPU
		{13D4F8EE-4BD9-4DAC-9AC4-AC136F7CE168}.Debug|Any CPU.Build.0 = Debug|Any CPU
		{13D4F8EE-4BD9-4DAC-9AC4-AC136F7CE168}.Release|Any CPU.ActiveCfg = Release|Any CPU
		{13D4F8EE-4BD9-4DAC-9AC4-AC136F7CE168}.Release|Any CPU.Build.0 = Release|Any CPU
		{41EB125C-1EE1-494A-9B39-A94838106B71}.Debug|Any CPU.ActiveCfg = Debug|Any CPU
		{41EB125C-1EE1-494A-9B39-A94838106B71}.Debug|Any CPU.Build.0 = Debug|Any CPU
		{41EB125C-1EE1-494A-9B39-A94838106B71}.Release|Any CPU.ActiveCfg = Release|Any CPU
		{41EB125C-1EE1-494A-9B39-A94838106B71}.Release|Any CPU.Build.0 = Release|Any CPU
		{CBD0D70E-1470-43BF-BE8D-59756A3A2364}.Debug|Any CPU.ActiveCfg = Debug|Any CPU
		{CBD0D70E-1470-43BF-BE8D-59756A3A2364}.Debug|Any CPU.Build.0 = Debug|Any CPU
		{CBD0D70E-1470-43BF-BE8D-59756A3A2364}.Release|Any CPU.ActiveCfg = Release|Any CPU
		{CBD0D70E-1470-43BF-BE8D-59756A3A2364}.Release|Any CPU.Build.0 = Release|Any CPU
		{3AFF1901-8D72-43CF-AFE2-0F8A5CFD5C3F}.Debug|Any CPU.ActiveCfg = Debug|Any CPU
		{3AFF1901-8D72-43CF-AFE2-0F8A5CFD5C3F}.Debug|Any CPU.Build.0 = Debug|Any CPU
		{3AFF1901-8D72-43CF-AFE2-0F8A5CFD5C3F}.Release|Any CPU.ActiveCfg = Release|Any CPU
		{3AFF1901-8D72-43CF-AFE2-0F8A5CFD5C3F}.Release|Any CPU.Build.0 = Release|Any CPU
		{5F6B682F-9901-475B-8E81-F3B19E0D3DA4}.Debug|Any CPU.ActiveCfg = Debug|Any CPU
		{5F6B682F-9901-475B-8E81-F3B19E0D3DA4}.Debug|Any CPU.Build.0 = Debug|Any CPU
		{5F6B682F-9901-475B-8E81-F3B19E0D3DA4}.Release|Any CPU.ActiveCfg = Release|Any CPU
		{5F6B682F-9901-475B-8E81-F3B19E0D3DA4}.Release|Any CPU.Build.0 = Release|Any CPU
		{99CB0FEA-8262-4BCA-8173-A6FF30EEDFEE}.Debug|Any CPU.ActiveCfg = Debug|Any CPU
		{99CB0FEA-8262-4BCA-8173-A6FF30EEDFEE}.Debug|Any CPU.Build.0 = Debug|Any CPU
		{99CB0FEA-8262-4BCA-8173-A6FF30EEDFEE}.Release|Any CPU.ActiveCfg = Release|Any CPU
		{99CB0FEA-8262-4BCA-8173-A6FF30EEDFEE}.Release|Any CPU.Build.0 = Release|Any CPU
		{CFEAF957-2926-44F8-8F50-A362BF4A38C7}.Debug|Any CPU.ActiveCfg = Debug|Any CPU
		{CFEAF957-2926-44F8-8F50-A362BF4A38C7}.Debug|Any CPU.Build.0 = Debug|Any CPU
		{CFEAF957-2926-44F8-8F50-A362BF4A38C7}.Release|Any CPU.ActiveCfg = Release|Any CPU
		{CFEAF957-2926-44F8-8F50-A362BF4A38C7}.Release|Any CPU.Build.0 = Release|Any CPU
		{CB10AFC2-FC8C-49B4-9BB1-6410E4D3A30A}.Debug|Any CPU.ActiveCfg = Debug|Any CPU
		{CB10AFC2-FC8C-49B4-9BB1-6410E4D3A30A}.Debug|Any CPU.Build.0 = Debug|Any CPU
		{CB10AFC2-FC8C-49B4-9BB1-6410E4D3A30A}.Release|Any CPU.ActiveCfg = Release|Any CPU
		{CB10AFC2-FC8C-49B4-9BB1-6410E4D3A30A}.Release|Any CPU.Build.0 = Release|Any CPU
		{D9ACE205-2927-4D66-8E6F-D2C1E6E6239D}.Debug|Any CPU.ActiveCfg = Debug|Any CPU
		{D9ACE205-2927-4D66-8E6F-D2C1E6E6239D}.Debug|Any CPU.Build.0 = Debug|Any CPU
		{D9ACE205-2927-4D66-8E6F-D2C1E6E6239D}.Release|Any CPU.ActiveCfg = Release|Any CPU
		{D9ACE205-2927-4D66-8E6F-D2C1E6E6239D}.Release|Any CPU.Build.0 = Release|Any CPU
		{88125FEA-D679-4A1A-8736-A18EC13AFC75}.Debug|Any CPU.ActiveCfg = Debug|Any CPU
		{88125FEA-D679-4A1A-8736-A18EC13AFC75}.Debug|Any CPU.Build.0 = Debug|Any CPU
		{88125FEA-D679-4A1A-8736-A18EC13AFC75}.Release|Any CPU.ActiveCfg = Release|Any CPU
		{88125FEA-D679-4A1A-8736-A18EC13AFC75}.Release|Any CPU.Build.0 = Release|Any CPU
		{DCFC9811-7DBF-47DA-BD68-2E8EEC33F7EE}.Debug|Any CPU.ActiveCfg = Debug|Any CPU
		{DCFC9811-7DBF-47DA-BD68-2E8EEC33F7EE}.Debug|Any CPU.Build.0 = Debug|Any CPU
		{DCFC9811-7DBF-47DA-BD68-2E8EEC33F7EE}.Release|Any CPU.ActiveCfg = Release|Any CPU
		{DCFC9811-7DBF-47DA-BD68-2E8EEC33F7EE}.Release|Any CPU.Build.0 = Release|Any CPU
		{580DE958-E1CD-4DF9-B225-671E5447DD09}.Debug|Any CPU.ActiveCfg = Debug|Any CPU
		{580DE958-E1CD-4DF9-B225-671E5447DD09}.Debug|Any CPU.Build.0 = Debug|Any CPU
		{580DE958-E1CD-4DF9-B225-671E5447DD09}.Release|Any CPU.ActiveCfg = Release|Any CPU
		{580DE958-E1CD-4DF9-B225-671E5447DD09}.Release|Any CPU.Build.0 = Release|Any CPU
		{9A77FB40-0BE3-4A7B-B147-374D186226DB}.Debug|Any CPU.ActiveCfg = Debug|Any CPU
		{9A77FB40-0BE3-4A7B-B147-374D186226DB}.Debug|Any CPU.Build.0 = Debug|Any CPU
		{9A77FB40-0BE3-4A7B-B147-374D186226DB}.Release|Any CPU.ActiveCfg = Release|Any CPU
		{9A77FB40-0BE3-4A7B-B147-374D186226DB}.Release|Any CPU.Build.0 = Release|Any CPU
		{94E1FBF3-D07E-42CC-BDE9-195068C29632}.Debug|Any CPU.ActiveCfg = Debug|Any CPU
		{94E1FBF3-D07E-42CC-BDE9-195068C29632}.Debug|Any CPU.Build.0 = Debug|Any CPU
		{94E1FBF3-D07E-42CC-BDE9-195068C29632}.Release|Any CPU.ActiveCfg = Release|Any CPU
		{94E1FBF3-D07E-42CC-BDE9-195068C29632}.Release|Any CPU.Build.0 = Release|Any CPU
		{05F3ED11-AB8C-47EA-BEB8-BB25FF5BC2C5}.Debug|Any CPU.ActiveCfg = Debug|Any CPU
		{05F3ED11-AB8C-47EA-BEB8-BB25FF5BC2C5}.Debug|Any CPU.Build.0 = Debug|Any CPU
		{05F3ED11-AB8C-47EA-BEB8-BB25FF5BC2C5}.Release|Any CPU.ActiveCfg = Release|Any CPU
		{05F3ED11-AB8C-47EA-BEB8-BB25FF5BC2C5}.Release|Any CPU.Build.0 = Release|Any CPU
		{78CF8F5B-3B0F-4DED-8669-F1C5DDB7141A}.Debug|Any CPU.ActiveCfg = Debug|Any CPU
		{78CF8F5B-3B0F-4DED-8669-F1C5DDB7141A}.Debug|Any CPU.Build.0 = Debug|Any CPU
		{78CF8F5B-3B0F-4DED-8669-F1C5DDB7141A}.Release|Any CPU.ActiveCfg = Release|Any CPU
		{78CF8F5B-3B0F-4DED-8669-F1C5DDB7141A}.Release|Any CPU.Build.0 = Release|Any CPU
		{57DD5F0B-1CEE-4B33-9955-5CE4893EEFEA}.Debug|Any CPU.ActiveCfg = Debug|Any CPU
		{57DD5F0B-1CEE-4B33-9955-5CE4893EEFEA}.Debug|Any CPU.Build.0 = Debug|Any CPU
		{57DD5F0B-1CEE-4B33-9955-5CE4893EEFEA}.Release|Any CPU.ActiveCfg = Release|Any CPU
		{57DD5F0B-1CEE-4B33-9955-5CE4893EEFEA}.Release|Any CPU.Build.0 = Release|Any CPU
		{2C9EFD7A-F153-47BF-B2E6-73094696DF45}.Debug|Any CPU.ActiveCfg = Debug|Any CPU
		{2C9EFD7A-F153-47BF-B2E6-73094696DF45}.Debug|Any CPU.Build.0 = Debug|Any CPU
		{2C9EFD7A-F153-47BF-B2E6-73094696DF45}.Release|Any CPU.ActiveCfg = Release|Any CPU
		{2C9EFD7A-F153-47BF-B2E6-73094696DF45}.Release|Any CPU.Build.0 = Release|Any CPU
	EndGlobalSection
	GlobalSection(SolutionProperties) = preSolution
		HideSolutionNode = FALSE
	EndGlobalSection
	GlobalSection(NestedProjects) = preSolution
		{16B2F442-5A88-4C59-A9FE-AB4357D3E657} = {BF25957F-9188-4CD6-9581-8E1C998E5AAB}
		{88125FEA-D679-4A1A-8736-A18EC13AFC75} = {BF25957F-9188-4CD6-9581-8E1C998E5AAB}
		{13D4F8EE-4BD9-4DAC-9AC4-AC136F7CE168} = {CBCF137A-F5AD-4CCC-8888-F4B30426B5DE}
		{CBD0D70E-1470-43BF-BE8D-59756A3A2364} = {CBCF137A-F5AD-4CCC-8888-F4B30426B5DE}
		{5F6B682F-9901-475B-8E81-F3B19E0D3DA4} = {CBCF137A-F5AD-4CCC-8888-F4B30426B5DE}
		{CB10AFC2-FC8C-49B4-9BB1-6410E4D3A30A} = {CBCF137A-F5AD-4CCC-8888-F4B30426B5DE}
		{DCFC9811-7DBF-47DA-BD68-2E8EEC33F7EE} = {CBCF137A-F5AD-4CCC-8888-F4B30426B5DE}
		{94E1FBF3-D07E-42CC-BDE9-195068C29632} = {CBCF137A-F5AD-4CCC-8888-F4B30426B5DE}
		{57DD5F0B-1CEE-4B33-9955-5CE4893EEFEA} = {CBCF137A-F5AD-4CCC-8888-F4B30426B5DE}
		{41EB125C-1EE1-494A-9B39-A94838106B71} = {D4881A9A-F082-40A1-ABC4-DE232ABB22BA}
		{3AFF1901-8D72-43CF-AFE2-0F8A5CFD5C3F} = {D4881A9A-F082-40A1-ABC4-DE232ABB22BA}
		{99CB0FEA-8262-4BCA-8173-A6FF30EEDFEE} = {D4881A9A-F082-40A1-ABC4-DE232ABB22BA}
		{CFEAF957-2926-44F8-8F50-A362BF4A38C7} = {D4881A9A-F082-40A1-ABC4-DE232ABB22BA}
		{D9ACE205-2927-4D66-8E6F-D2C1E6E6239D} = {D4881A9A-F082-40A1-ABC4-DE232ABB22BA}
		{580DE958-E1CD-4DF9-B225-671E5447DD09} = {D4881A9A-F082-40A1-ABC4-DE232ABB22BA}
		{9A77FB40-0BE3-4A7B-B147-374D186226DB} = {D4881A9A-F082-40A1-ABC4-DE232ABB22BA}
		{05F3ED11-AB8C-47EA-BEB8-BB25FF5BC2C5} = {D4881A9A-F082-40A1-ABC4-DE232ABB22BA}
		{78CF8F5B-3B0F-4DED-8669-F1C5DDB7141A} = {D4881A9A-F082-40A1-ABC4-DE232ABB22BA}
		{2C9EFD7A-F153-47BF-B2E6-73094696DF45} = {D4881A9A-F082-40A1-ABC4-DE232ABB22BA}
	EndGlobalSection
	GlobalSection(ExtensibilityGlobals) = postSolution
		SolutionGuid = {C61D5D56-FD5E-4BF4-89D0-E7A23AE83333}
	EndGlobalSection
EndGlobal
