Microsoft Visual Studio Solution File, Format Version 12.00
Project("{9A19103F-16F7-4668-BE54-9A1E7A4F7556}") = "TestUtilities", "..\Common\tests\TestUtilities\TestUtilities.csproj", "{4F05FFEE-F76C-440A-8A56-CFDCE04DABAE}"
EndProject
Project("{9A19103F-16F7-4668-BE54-9A1E7A4F7556}") = "System.Net.WebProxy", "ref\System.Net.WebProxy.csproj", "{D9D40485-7AAE-474C-833A-C21021A823BF}"
EndProject
Project("{9A19103F-16F7-4668-BE54-9A1E7A4F7556}") = "System.Net.WebProxy", "src\System.Net.WebProxy.csproj", "{C841B625-5802-40BE-850C-FA935E3D6E9A}"
EndProject
Project("{9A19103F-16F7-4668-BE54-9A1E7A4F7556}") = "System.Net.WebProxy.Tests", "tests\System.Net.WebProxy.Tests.csproj", "{80A28FFF-68C8-431B-83BE-F04E3155F16A}"
EndProject
Project("{9A19103F-16F7-4668-BE54-9A1E7A4F7556}") = "System.Runtime.CompilerServices.Unsafe", "..\System.Runtime.CompilerServices.Unsafe\ref\System.Runtime.CompilerServices.Unsafe.csproj", "{7C5F423B-BC8E-4E59-A583-8DABB439A1FB}"
EndProject
Project("{9A19103F-16F7-4668-BE54-9A1E7A4F7556}") = "System.Runtime.CompilerServices.Unsafe", "..\System.Runtime.CompilerServices.Unsafe\src\System.Runtime.CompilerServices.Unsafe.ilproj", "{F5ADFF8C-383D-4528-A04A-1B3957BCCB84}"
EndProject
Project("{2150E333-8FDC-42A3-9474-1A3956D46DE8}") = "tests", "tests", "{76353E1C-A06B-4730-99EB-1C231937FF7B}"
EndProject
Project("{2150E333-8FDC-42A3-9474-1A3956D46DE8}") = "ref", "ref", "{5A286671-85EC-4D44-9777-9ED685F78B6C}"
EndProject
Project("{2150E333-8FDC-42A3-9474-1A3956D46DE8}") = "src", "src", "{B5211952-F905-4BE8-A3CF-25F393F5E506}"
EndProject
Global
	GlobalSection(SolutionConfigurationPlatforms) = preSolution
		Debug|Any CPU = Debug|Any CPU
		Release|Any CPU = Release|Any CPU
	EndGlobalSection
	GlobalSection(ProjectConfigurationPlatforms) = postSolution
		{4F05FFEE-F76C-440A-8A56-CFDCE04DABAE}.Debug|Any CPU.ActiveCfg = Debug|Any CPU
		{4F05FFEE-F76C-440A-8A56-CFDCE04DABAE}.Debug|Any CPU.Build.0 = Debug|Any CPU
		{4F05FFEE-F76C-440A-8A56-CFDCE04DABAE}.Release|Any CPU.ActiveCfg = Release|Any CPU
		{4F05FFEE-F76C-440A-8A56-CFDCE04DABAE}.Release|Any CPU.Build.0 = Release|Any CPU
		{D9D40485-7AAE-474C-833A-C21021A823BF}.Debug|Any CPU.ActiveCfg = Debug|Any CPU
		{D9D40485-7AAE-474C-833A-C21021A823BF}.Debug|Any CPU.Build.0 = Debug|Any CPU
		{D9D40485-7AAE-474C-833A-C21021A823BF}.Release|Any CPU.ActiveCfg = Release|Any CPU
		{D9D40485-7AAE-474C-833A-C21021A823BF}.Release|Any CPU.Build.0 = Release|Any CPU
		{C841B625-5802-40BE-850C-FA935E3D6E9A}.Debug|Any CPU.ActiveCfg = Debug|Any CPU
		{C841B625-5802-40BE-850C-FA935E3D6E9A}.Debug|Any CPU.Build.0 = Debug|Any CPU
		{C841B625-5802-40BE-850C-FA935E3D6E9A}.Release|Any CPU.ActiveCfg = Release|Any CPU
		{C841B625-5802-40BE-850C-FA935E3D6E9A}.Release|Any CPU.Build.0 = Release|Any CPU
		{80A28FFF-68C8-431B-83BE-F04E3155F16A}.Debug|Any CPU.ActiveCfg = Debug|Any CPU
		{80A28FFF-68C8-431B-83BE-F04E3155F16A}.Debug|Any CPU.Build.0 = Debug|Any CPU
		{80A28FFF-68C8-431B-83BE-F04E3155F16A}.Release|Any CPU.ActiveCfg = Release|Any CPU
		{80A28FFF-68C8-431B-83BE-F04E3155F16A}.Release|Any CPU.Build.0 = Release|Any CPU
		{7C5F423B-BC8E-4E59-A583-8DABB439A1FB}.Debug|Any CPU.ActiveCfg = Debug|Any CPU
		{7C5F423B-BC8E-4E59-A583-8DABB439A1FB}.Debug|Any CPU.Build.0 = Debug|Any CPU
		{7C5F423B-BC8E-4E59-A583-8DABB439A1FB}.Release|Any CPU.ActiveCfg = Release|Any CPU
		{7C5F423B-BC8E-4E59-A583-8DABB439A1FB}.Release|Any CPU.Build.0 = Release|Any CPU
		{F5ADFF8C-383D-4528-A04A-1B3957BCCB84}.Debug|Any CPU.ActiveCfg = Debug|Any CPU
		{F5ADFF8C-383D-4528-A04A-1B3957BCCB84}.Debug|Any CPU.Build.0 = Debug|Any CPU
		{F5ADFF8C-383D-4528-A04A-1B3957BCCB84}.Release|Any CPU.ActiveCfg = Release|Any CPU
		{F5ADFF8C-383D-4528-A04A-1B3957BCCB84}.Release|Any CPU.Build.0 = Release|Any CPU
	EndGlobalSection
	GlobalSection(SolutionProperties) = preSolution
		HideSolutionNode = FALSE
	EndGlobalSection
	GlobalSection(NestedProjects) = preSolution
		{4F05FFEE-F76C-440A-8A56-CFDCE04DABAE} = {76353E1C-A06B-4730-99EB-1C231937FF7B}
		{80A28FFF-68C8-431B-83BE-F04E3155F16A} = {76353E1C-A06B-4730-99EB-1C231937FF7B}
		{D9D40485-7AAE-474C-833A-C21021A823BF} = {5A286671-85EC-4D44-9777-9ED685F78B6C}
		{7C5F423B-BC8E-4E59-A583-8DABB439A1FB} = {5A286671-85EC-4D44-9777-9ED685F78B6C}
		{C841B625-5802-40BE-850C-FA935E3D6E9A} = {B5211952-F905-4BE8-A3CF-25F393F5E506}
		{F5ADFF8C-383D-4528-A04A-1B3957BCCB84} = {B5211952-F905-4BE8-A3CF-25F393F5E506}
	EndGlobalSection
	GlobalSection(ExtensibilityGlobals) = postSolution
		SolutionGuid = {91AA499B-9713-4B53-A6A7-7035C7C72935}
	EndGlobalSection
EndGlobal
