Microsoft Visual Studio Solution File, Format Version 12.00
Project("{9A19103F-16F7-4668-BE54-9A1E7A4F7556}") = "TestUtilities", "..\Common\tests\TestUtilities\TestUtilities.csproj", "{84DA6529-43CF-47CE-867A-5D23253D095C}"
EndProject
Project("{9A19103F-16F7-4668-BE54-9A1E7A4F7556}") = "System.Reflection.DispatchProxy", "ref\System.Reflection.DispatchProxy.csproj", "{DE8CF6FB-C4B6-42B4-ADEE-9CE6066DB6D8}"
EndProject
Project("{9A19103F-16F7-4668-BE54-9A1E7A4F7556}") = "System.Reflection.DispatchProxy", "src\System.Reflection.DispatchProxy.csproj", "{F5A284B5-10D3-43D4-BB3F-F0FB55033504}"
EndProject
Project("{9A19103F-16F7-4668-BE54-9A1E7A4F7556}") = "System.Reflection.DispatchProxy.Tests", "tests\System.Reflection.DispatchProxy.Tests.csproj", "{64DC5B04-1B00-4E98-A0B2-B30FAF43F8A6}"
EndProject
Project("{9A19103F-16F7-4668-BE54-9A1E7A4F7556}") = "System.Reflection.DispatchProxy.TestDependency", "tests\TestDependency\System.Reflection.DispatchProxy.TestDependency.csproj", "{86C30AC7-2B89-4757-A580-0FB318D9E784}"
EndProject
Project("{9A19103F-16F7-4668-BE54-9A1E7A4F7556}") = "LibraryImportGenerator", "..\System.Runtime.InteropServices\gen\LibraryImportGenerator\LibraryImportGenerator.csproj", "{8FC6C206-76D5-4FE2-A7A4-C0B6597709AF}"
EndProject
Project("{9A19103F-16F7-4668-BE54-9A1E7A4F7556}") = "Microsoft.Interop.SourceGeneration", "..\System.Runtime.InteropServices\gen\Microsoft.Interop.SourceGeneration\Microsoft.Interop.SourceGeneration.csproj", "{318BE680-88DD-478B-ABA8-B19C1BBB93E9}"
EndProject
Project("{9A19103F-16F7-4668-BE54-9A1E7A4F7556}") = "System.Runtime", "..\System.Runtime\ref\System.Runtime.csproj", "{A7AB7982-726A-47D1-AD9E-4306FECE5F4B}"
EndProject
Project("{9A19103F-16F7-4668-BE54-9A1E7A4F7556}") = "ILLink.CodeFixProvider", "..\..\tools\illink\src\ILLink.CodeFix\ILLink.CodeFixProvider.csproj", "{49563DBE-6B20-4BED-ADF7-0FD7724299D8}"
EndProject
Project("{9A19103F-16F7-4668-BE54-9A1E7A4F7556}") = "ILLink.RoslynAnalyzer", "..\..\tools\illink\src\ILLink.RoslynAnalyzer\ILLink.RoslynAnalyzer.csproj", "{77BBC09A-4D62-438E-BEFC-4F5EFB2061CB}"
EndProject
Project("{9A19103F-16F7-4668-BE54-9A1E7A4F7556}") = "ILLink.Tasks", "..\..\tools\illink\src\ILLink.Tasks\ILLink.Tasks.csproj", "{2195DEDC-49AA-4B26-80F4-8EACBCA4AAA1}"
EndProject
Project("{9A19103F-16F7-4668-BE54-9A1E7A4F7556}") = "Mono.Linker", "..\..\tools\illink\src\linker\Mono.Linker.csproj", "{0C838AF6-FD56-4A00-9EAF-C572F40DEAC1}"
EndProject
Project("{9A19103F-16F7-4668-BE54-9A1E7A4F7556}") = "Mono.Linker", "..\..\tools\illink\src\linker\ref\Mono.Linker.csproj", "{5E688972-12CF-4E0A-B3EC-8BF6B938CE02}"
EndProject
Project("{2150E333-8FDC-42A3-9474-1A3956D46DE8}") = "tests", "tests", "{A93B0848-1831-47F3-AE2E-196950D1BBF0}"
EndProject
Project("{2150E333-8FDC-42A3-9474-1A3956D46DE8}") = "ref", "ref", "{F1A0875B-0263-4071-8847-F0A2C479F6F9}"
EndProject
Project("{2150E333-8FDC-42A3-9474-1A3956D46DE8}") = "src", "src", "{95661E1D-F86D-4EDC-AF44-E0F782BB7E4B}"
EndProject
Project("{2150E333-8FDC-42A3-9474-1A3956D46DE8}") = "gen", "gen", "{03BEF49E-85A2-49A8-9A48-EF93FA21B743}"
EndProject
Project("{2150E333-8FDC-42A3-9474-1A3956D46DE8}") = "gen", "tools\gen", "{B5966BF5-E3ED-494C-9CE1-04A172C511B5}"
EndProject
Project("{2150E333-8FDC-42A3-9474-1A3956D46DE8}") = "src", "tools\src", "{DA07298D-68FD-420D-BD83-21C1A5D1D2D1}"
EndProject
Project("{2150E333-8FDC-42A3-9474-1A3956D46DE8}") = "ref", "tools\ref", "{61A03505-3274-4799-975D-C48EF7A55646}"
EndProject
Project("{2150E333-8FDC-42A3-9474-1A3956D46DE8}") = "tools", "tools", "{D064C025-020C-4DDA-B74A-72D8D49BAEEC}"
EndProject
Global
	GlobalSection(SolutionConfigurationPlatforms) = preSolution
		Debug|Any CPU = Debug|Any CPU
		Release|Any CPU = Release|Any CPU
	EndGlobalSection
	GlobalSection(ProjectConfigurationPlatforms) = postSolution
		{84DA6529-43CF-47CE-867A-5D23253D095C}.Debug|Any CPU.ActiveCfg = Debug|Any CPU
		{84DA6529-43CF-47CE-867A-5D23253D095C}.Debug|Any CPU.Build.0 = Debug|Any CPU
		{84DA6529-43CF-47CE-867A-5D23253D095C}.Release|Any CPU.ActiveCfg = Release|Any CPU
		{84DA6529-43CF-47CE-867A-5D23253D095C}.Release|Any CPU.Build.0 = Release|Any CPU
		{DE8CF6FB-C4B6-42B4-ADEE-9CE6066DB6D8}.Debug|Any CPU.ActiveCfg = Debug|Any CPU
		{DE8CF6FB-C4B6-42B4-ADEE-9CE6066DB6D8}.Debug|Any CPU.Build.0 = Debug|Any CPU
		{DE8CF6FB-C4B6-42B4-ADEE-9CE6066DB6D8}.Release|Any CPU.ActiveCfg = Release|Any CPU
		{DE8CF6FB-C4B6-42B4-ADEE-9CE6066DB6D8}.Release|Any CPU.Build.0 = Release|Any CPU
		{F5A284B5-10D3-43D4-BB3F-F0FB55033504}.Debug|Any CPU.ActiveCfg = Debug|Any CPU
		{F5A284B5-10D3-43D4-BB3F-F0FB55033504}.Debug|Any CPU.Build.0 = Debug|Any CPU
		{F5A284B5-10D3-43D4-BB3F-F0FB55033504}.Release|Any CPU.ActiveCfg = Release|Any CPU
		{F5A284B5-10D3-43D4-BB3F-F0FB55033504}.Release|Any CPU.Build.0 = Release|Any CPU
		{64DC5B04-1B00-4E98-A0B2-B30FAF43F8A6}.Debug|Any CPU.ActiveCfg = Debug|Any CPU
		{64DC5B04-1B00-4E98-A0B2-B30FAF43F8A6}.Debug|Any CPU.Build.0 = Debug|Any CPU
		{64DC5B04-1B00-4E98-A0B2-B30FAF43F8A6}.Release|Any CPU.ActiveCfg = Release|Any CPU
		{64DC5B04-1B00-4E98-A0B2-B30FAF43F8A6}.Release|Any CPU.Build.0 = Release|Any CPU
		{86C30AC7-2B89-4757-A580-0FB318D9E784}.Debug|Any CPU.ActiveCfg = Debug|Any CPU
		{86C30AC7-2B89-4757-A580-0FB318D9E784}.Debug|Any CPU.Build.0 = Debug|Any CPU
		{86C30AC7-2B89-4757-A580-0FB318D9E784}.Release|Any CPU.ActiveCfg = Release|Any CPU
		{86C30AC7-2B89-4757-A580-0FB318D9E784}.Release|Any CPU.Build.0 = Release|Any CPU
		{8FC6C206-76D5-4FE2-A7A4-C0B6597709AF}.Debug|Any CPU.ActiveCfg = Debug|Any CPU
		{8FC6C206-76D5-4FE2-A7A4-C0B6597709AF}.Debug|Any CPU.Build.0 = Debug|Any CPU
		{8FC6C206-76D5-4FE2-A7A4-C0B6597709AF}.Release|Any CPU.ActiveCfg = Release|Any CPU
		{8FC6C206-76D5-4FE2-A7A4-C0B6597709AF}.Release|Any CPU.Build.0 = Release|Any CPU
		{318BE680-88DD-478B-ABA8-B19C1BBB93E9}.Debug|Any CPU.ActiveCfg = Debug|Any CPU
		{318BE680-88DD-478B-ABA8-B19C1BBB93E9}.Debug|Any CPU.Build.0 = Debug|Any CPU
		{318BE680-88DD-478B-ABA8-B19C1BBB93E9}.Release|Any CPU.ActiveCfg = Release|Any CPU
		{318BE680-88DD-478B-ABA8-B19C1BBB93E9}.Release|Any CPU.Build.0 = Release|Any CPU
		{A7AB7982-726A-47D1-AD9E-4306FECE5F4B}.Debug|Any CPU.ActiveCfg = Debug|Any CPU
		{A7AB7982-726A-47D1-AD9E-4306FECE5F4B}.Debug|Any CPU.Build.0 = Debug|Any CPU
		{A7AB7982-726A-47D1-AD9E-4306FECE5F4B}.Release|Any CPU.ActiveCfg = Release|Any CPU
		{A7AB7982-726A-47D1-AD9E-4306FECE5F4B}.Release|Any CPU.Build.0 = Release|Any CPU
		{49563DBE-6B20-4BED-ADF7-0FD7724299D8}.Debug|Any CPU.ActiveCfg = Debug|Any CPU
		{49563DBE-6B20-4BED-ADF7-0FD7724299D8}.Debug|Any CPU.Build.0 = Debug|Any CPU
		{49563DBE-6B20-4BED-ADF7-0FD7724299D8}.Release|Any CPU.ActiveCfg = Release|Any CPU
		{49563DBE-6B20-4BED-ADF7-0FD7724299D8}.Release|Any CPU.Build.0 = Release|Any CPU
		{77BBC09A-4D62-438E-BEFC-4F5EFB2061CB}.Debug|Any CPU.ActiveCfg = Debug|Any CPU
		{77BBC09A-4D62-438E-BEFC-4F5EFB2061CB}.Debug|Any CPU.Build.0 = Debug|Any CPU
		{77BBC09A-4D62-438E-BEFC-4F5EFB2061CB}.Release|Any CPU.ActiveCfg = Release|Any CPU
		{77BBC09A-4D62-438E-BEFC-4F5EFB2061CB}.Release|Any CPU.Build.0 = Release|Any CPU
		{2195DEDC-49AA-4B26-80F4-8EACBCA4AAA1}.Debug|Any CPU.ActiveCfg = Debug|Any CPU
		{2195DEDC-49AA-4B26-80F4-8EACBCA4AAA1}.Debug|Any CPU.Build.0 = Debug|Any CPU
		{2195DEDC-49AA-4B26-80F4-8EACBCA4AAA1}.Release|Any CPU.ActiveCfg = Release|Any CPU
		{2195DEDC-49AA-4B26-80F4-8EACBCA4AAA1}.Release|Any CPU.Build.0 = Release|Any CPU
		{0C838AF6-FD56-4A00-9EAF-C572F40DEAC1}.Debug|Any CPU.ActiveCfg = Debug|Any CPU
		{0C838AF6-FD56-4A00-9EAF-C572F40DEAC1}.Debug|Any CPU.Build.0 = Debug|Any CPU
		{0C838AF6-FD56-4A00-9EAF-C572F40DEAC1}.Release|Any CPU.ActiveCfg = Release|Any CPU
		{0C838AF6-FD56-4A00-9EAF-C572F40DEAC1}.Release|Any CPU.Build.0 = Release|Any CPU
		{5E688972-12CF-4E0A-B3EC-8BF6B938CE02}.Debug|Any CPU.ActiveCfg = Debug|Any CPU
		{5E688972-12CF-4E0A-B3EC-8BF6B938CE02}.Debug|Any CPU.Build.0 = Debug|Any CPU
		{5E688972-12CF-4E0A-B3EC-8BF6B938CE02}.Release|Any CPU.ActiveCfg = Release|Any CPU
		{5E688972-12CF-4E0A-B3EC-8BF6B938CE02}.Release|Any CPU.Build.0 = Release|Any CPU
	EndGlobalSection
	GlobalSection(SolutionProperties) = preSolution
		HideSolutionNode = FALSE
	EndGlobalSection
	GlobalSection(NestedProjects) = preSolution
		{84DA6529-43CF-47CE-867A-5D23253D095C} = {A93B0848-1831-47F3-AE2E-196950D1BBF0}
		{64DC5B04-1B00-4E98-A0B2-B30FAF43F8A6} = {A93B0848-1831-47F3-AE2E-196950D1BBF0}
		{86C30AC7-2B89-4757-A580-0FB318D9E784} = {A93B0848-1831-47F3-AE2E-196950D1BBF0}
		{DE8CF6FB-C4B6-42B4-ADEE-9CE6066DB6D8} = {F1A0875B-0263-4071-8847-F0A2C479F6F9}
		{A7AB7982-726A-47D1-AD9E-4306FECE5F4B} = {F1A0875B-0263-4071-8847-F0A2C479F6F9}
		{F5A284B5-10D3-43D4-BB3F-F0FB55033504} = {95661E1D-F86D-4EDC-AF44-E0F782BB7E4B}
		{8FC6C206-76D5-4FE2-A7A4-C0B6597709AF} = {03BEF49E-85A2-49A8-9A48-EF93FA21B743}
		{318BE680-88DD-478B-ABA8-B19C1BBB93E9} = {03BEF49E-85A2-49A8-9A48-EF93FA21B743}
		{49563DBE-6B20-4BED-ADF7-0FD7724299D8} = {B5966BF5-E3ED-494C-9CE1-04A172C511B5}
		{77BBC09A-4D62-438E-BEFC-4F5EFB2061CB} = {B5966BF5-E3ED-494C-9CE1-04A172C511B5}
		{B5966BF5-E3ED-494C-9CE1-04A172C511B5} = {D064C025-020C-4DDA-B74A-72D8D49BAEEC}
		{2195DEDC-49AA-4B26-80F4-8EACBCA4AAA1} = {DA07298D-68FD-420D-BD83-21C1A5D1D2D1}
		{0C838AF6-FD56-4A00-9EAF-C572F40DEAC1} = {DA07298D-68FD-420D-BD83-21C1A5D1D2D1}
		{DA07298D-68FD-420D-BD83-21C1A5D1D2D1} = {D064C025-020C-4DDA-B74A-72D8D49BAEEC}
		{5E688972-12CF-4E0A-B3EC-8BF6B938CE02} = {61A03505-3274-4799-975D-C48EF7A55646}
		{61A03505-3274-4799-975D-C48EF7A55646} = {D064C025-020C-4DDA-B74A-72D8D49BAEEC}
	EndGlobalSection
	GlobalSection(ExtensibilityGlobals) = postSolution
		SolutionGuid = {32381969-33E3-4DA1-A3DD-82AC1EA2FF9E}
	EndGlobalSection
EndGlobal
