Microsoft Visual Studio Solution File, Format Version 12.00
Project("{9A19103F-16F7-4668-BE54-9A1E7A4F7556}") = "System.Private.CoreLib", "..\..\coreclr\System.Private.CoreLib\System.Private.CoreLib.csproj", "{537CECFF-20AE-4AD4-A433-C1753A88E4E8}"
EndProject
Project("{9A19103F-16F7-4668-BE54-9A1E7A4F7556}") = "TestUtilities", "..\Common\tests\TestUtilities\TestUtilities.csproj", "{4DD7C7A6-6F4C-497B-A836-20F2D4F66748}"
EndProject
Project("{9A19103F-16F7-4668-BE54-9A1E7A4F7556}") = "System.Drawing.Common", "..\shims\stubs\System.Drawing.Common.csproj", "{6DBEA1D1-448D-4C27-B329-19F4F214E536}"
EndProject
Project("{9A19103F-16F7-4668-BE54-9A1E7A4F7556}") = "System.Configuration.ConfigurationManager", "..\System.Configuration.ConfigurationManager\ref\System.Configuration.ConfigurationManager.csproj", "{D2CB0E92-8F52-49A3-A2CA-9F77C8ED4A6D}"
EndProject
Project("{9A19103F-16F7-4668-BE54-9A1E7A4F7556}") = "System.Configuration.ConfigurationManager", "..\System.Configuration.ConfigurationManager\src\System.Configuration.ConfigurationManager.csproj", "{2AC9B23C-C788-4607-86EB-E7F66F14AFDB}"
EndProject
Project("{9A19103F-16F7-4668-BE54-9A1E7A4F7556}") = "System.Diagnostics.EventLog", "..\System.Diagnostics.EventLog\ref\System.Diagnostics.EventLog.csproj", "{7F228E60-0AD6-4CBE-BD88-2D9AFCCE5B16}"
EndProject
Project("{9A19103F-16F7-4668-BE54-9A1E7A4F7556}") = "System.Diagnostics.EventLog.Messages", "..\System.Diagnostics.EventLog\src\Messages\System.Diagnostics.EventLog.Messages.csproj", "{F4F0D06A-2324-4B3F-A2D2-E74330DA1B7C}"
EndProject
Project("{9A19103F-16F7-4668-BE54-9A1E7A4F7556}") = "System.Diagnostics.EventLog", "..\System.Diagnostics.EventLog\src\System.Diagnostics.EventLog.csproj", "{57970B50-FB9F-40A5-9073-A7A48A473682}"
EndProject
Project("{9A19103F-16F7-4668-BE54-9A1E7A4F7556}") = "System.Private.CoreLib.Generators", "..\System.Private.CoreLib\gen\System.Private.CoreLib.Generators.csproj", "{7D95B81C-25A6-4E6A-88E9-A8BBE59538BE}"
EndProject
Project("{9A19103F-16F7-4668-BE54-9A1E7A4F7556}") = "System.Private.CoreLib", "..\System.Private.CoreLib\ref\System.Private.CoreLib.csproj", "{2F5E19AA-B790-403E-860E-2569CC1ADF02}"
EndProject
Project("{9A19103F-16F7-4668-BE54-9A1E7A4F7556}") = "System.Private.Uri", "..\System.Private.Uri\src\System.Private.Uri.csproj", "{A4864A61-7A24-4FE6-9C55-76A645D41BCE}"
EndProject
Project("{9A19103F-16F7-4668-BE54-9A1E7A4F7556}") = "System.Runtime.Caching", "ref\System.Runtime.Caching.csproj", "{B8D8A7D0-EAE7-4D04-97CA-7B14DA9D0BD5}"
EndProject
Project("{9A19103F-16F7-4668-BE54-9A1E7A4F7556}") = "System.Runtime.Caching", "src\System.Runtime.Caching.csproj", "{6311C025-F6D3-43A0-A9DA-A58AA6602568}"
EndProject
Project("{9A19103F-16F7-4668-BE54-9A1E7A4F7556}") = "System.Runtime.Caching.Tests", "tests\System.Runtime.Caching.Tests.csproj", "{AA05074D-88AF-482E-A44A-F1AC13494E9F}"
EndProject
Project("{9A19103F-16F7-4668-BE54-9A1E7A4F7556}") = "LibraryImportGenerator", "..\System.Runtime.InteropServices\gen\LibraryImportGenerator\LibraryImportGenerator.csproj", "{B76EE305-CA7C-494C-8374-ABD93081F6AE}"
EndProject
Project("{9A19103F-16F7-4668-BE54-9A1E7A4F7556}") = "Microsoft.Interop.SourceGeneration", "..\System.Runtime.InteropServices\gen\Microsoft.Interop.SourceGeneration\Microsoft.Interop.SourceGeneration.csproj", "{447797DB-DF70-4568-A323-F88A45A91026}"
EndProject
Project("{9A19103F-16F7-4668-BE54-9A1E7A4F7556}") = "System.Runtime", "..\System.Runtime\ref\System.Runtime.csproj", "{CC3E8A04-504D-438A-B332-C27DD7783A33}"
EndProject
Project("{9A19103F-16F7-4668-BE54-9A1E7A4F7556}") = "System.Runtime", "..\System.Runtime\src\System.Runtime.csproj", "{2D833530-E133-4ACF-9C1C-12A9623DEE56}"
EndProject
Project("{9A19103F-16F7-4668-BE54-9A1E7A4F7556}") = "System.Security.Cryptography.ProtectedData", "..\System.Security.Cryptography.ProtectedData\ref\System.Security.Cryptography.ProtectedData.csproj", "{986272FB-E5C6-4881-9867-DC3427D883AE}"
EndProject
Project("{9A19103F-16F7-4668-BE54-9A1E7A4F7556}") = "System.Security.Cryptography.ProtectedData", "..\System.Security.Cryptography.ProtectedData\src\System.Security.Cryptography.ProtectedData.csproj", "{AFBFBBE6-F5EC-4889-9F34-03E07562630D}"
EndProject
Project("{9A19103F-16F7-4668-BE54-9A1E7A4F7556}") = "System.Security.Permissions", "..\System.Security.Permissions\ref\System.Security.Permissions.csproj", "{45E0A981-A131-4147-94E7-49AAC45F5D14}"
EndProject
Project("{9A19103F-16F7-4668-BE54-9A1E7A4F7556}") = "System.Security.Permissions", "..\System.Security.Permissions\src\System.Security.Permissions.csproj", "{6383A7BA-20DC-4025-9BB3-E1C6FEA669E8}"
EndProject
Project("{9A19103F-16F7-4668-BE54-9A1E7A4F7556}") = "System.Windows.Extensions", "..\System.Windows.Extensions\ref\System.Windows.Extensions.csproj", "{A154C9F1-845A-4596-9061-92C462E971A6}"
EndProject
Project("{9A19103F-16F7-4668-BE54-9A1E7A4F7556}") = "System.Windows.Extensions", "..\System.Windows.Extensions\src\System.Windows.Extensions.csproj", "{EC5D61F1-E77B-4E3D-968C-710FCFB9E028}"
EndProject
Project("{9A19103F-16F7-4668-BE54-9A1E7A4F7556}") = "ILLink.CodeFixProvider", "..\..\tools\illink\src\ILLink.CodeFix\ILLink.CodeFixProvider.csproj", "{EA4D9319-C5FB-4829-BB2F-E0FAA1DE79E3}"
EndProject
Project("{9A19103F-16F7-4668-BE54-9A1E7A4F7556}") = "ILLink.RoslynAnalyzer", "..\..\tools\illink\src\ILLink.RoslynAnalyzer\ILLink.RoslynAnalyzer.csproj", "{FDBA4009-E8BE-4E64-8121-FBA67E0B8455}"
EndProject
Project("{9A19103F-16F7-4668-BE54-9A1E7A4F7556}") = "ILLink.Tasks", "..\..\tools\illink\src\ILLink.Tasks\ILLink.Tasks.csproj", "{4CD58207-3CDE-4C05-978E-FE75F544B2C5}"
EndProject
Project("{9A19103F-16F7-4668-BE54-9A1E7A4F7556}") = "Mono.Linker", "..\..\tools\illink\src\linker\Mono.Linker.csproj", "{5A99AE6A-15BE-4F29-BDC3-C1868750F891}"
EndProject
Project("{9A19103F-16F7-4668-BE54-9A1E7A4F7556}") = "Mono.Linker", "..\..\tools\illink\src\linker\ref\Mono.Linker.csproj", "{88BF890E-ED98-4505-8710-F9FB3DE5CE64}"
EndProject
Project("{2150E333-8FDC-42A3-9474-1A3956D46DE8}") = "src", "src", "{7CAD8D92-ABBF-4ED8-ACF7-7121F99F89EC}"
EndProject
Project("{2150E333-8FDC-42A3-9474-1A3956D46DE8}") = "tests", "tests", "{28BE2B3F-890C-45EF-B90A-9FA92302365E}"
EndProject
Project("{2150E333-8FDC-42A3-9474-1A3956D46DE8}") = "ref", "ref", "{C315269F-EEA6-4F74-BA10-65ECAA6351C8}"
EndProject
Project("{2150E333-8FDC-42A3-9474-1A3956D46DE8}") = "gen", "gen", "{5E28270B-1EEB-4D0E-9A3C-6959BEA9647E}"
EndProject
Project("{2150E333-8FDC-42A3-9474-1A3956D46DE8}") = "gen", "tools\gen", "{191AA172-B1CF-40FE-8B10-707FF5A6684F}"
EndProject
Project("{2150E333-8FDC-42A3-9474-1A3956D46DE8}") = "src", "tools\src", "{5C5F1A98-51A5-4FDF-A61A-179A5D37E03D}"
EndProject
Project("{2150E333-8FDC-42A3-9474-1A3956D46DE8}") = "ref", "tools\ref", "{A04A3FBF-112F-4D5B-84B1-886DD1D8086A}"
EndProject
Project("{2150E333-8FDC-42A3-9474-1A3956D46DE8}") = "tools", "tools", "{A278FE36-D732-4708-978F-C47FEC428E1D}"
EndProject
Global
	GlobalSection(SolutionConfigurationPlatforms) = preSolution
		Debug|Any CPU = Debug|Any CPU
		Debug|arm = Debug|arm
		Debug|arm64 = Debug|arm64
		Debug|x64 = Debug|x64
		Debug|x86 = Debug|x86
		Release|Any CPU = Release|Any CPU
		Release|arm = Release|arm
		Release|arm64 = Release|arm64
		Release|x64 = Release|x64
		Release|x86 = Release|x86
		Checked|Any CPU = Checked|Any CPU
		Checked|arm = Checked|arm
		Checked|arm64 = Checked|arm64
		Checked|x64 = Checked|x64
		Checked|x86 = Checked|x86
	EndGlobalSection
	GlobalSection(ProjectConfigurationPlatforms) = postSolution
		{537CECFF-20AE-4AD4-A433-C1753A88E4E8}.Debug|Any CPU.ActiveCfg = Debug|x64
		{537CECFF-20AE-4AD4-A433-C1753A88E4E8}.Debug|Any CPU.Build.0 = Debug|x64
		{537CECFF-20AE-4AD4-A433-C1753A88E4E8}.Debug|arm.ActiveCfg = Debug|arm
		{537CECFF-20AE-4AD4-A433-C1753A88E4E8}.Debug|arm.Build.0 = Debug|arm
		{537CECFF-20AE-4AD4-A433-C1753A88E4E8}.Debug|arm64.ActiveCfg = Debug|arm64
		{537CECFF-20AE-4AD4-A433-C1753A88E4E8}.Debug|arm64.Build.0 = Debug|arm64
		{537CECFF-20AE-4AD4-A433-C1753A88E4E8}.Debug|x64.ActiveCfg = Debug|x64
		{537CECFF-20AE-4AD4-A433-C1753A88E4E8}.Debug|x64.Build.0 = Debug|x64
		{537CECFF-20AE-4AD4-A433-C1753A88E4E8}.Debug|x86.ActiveCfg = Debug|x86
		{537CECFF-20AE-4AD4-A433-C1753A88E4E8}.Debug|x86.Build.0 = Debug|x86
		{537CECFF-20AE-4AD4-A433-C1753A88E4E8}.Release|Any CPU.ActiveCfg = Release|x64
		{537CECFF-20AE-4AD4-A433-C1753A88E4E8}.Release|Any CPU.Build.0 = Release|x64
		{537CECFF-20AE-4AD4-A433-C1753A88E4E8}.Release|arm.ActiveCfg = Release|arm
		{537CECFF-20AE-4AD4-A433-C1753A88E4E8}.Release|arm.Build.0 = Release|arm
		{537CECFF-20AE-4AD4-A433-C1753A88E4E8}.Release|arm64.ActiveCfg = Release|arm64
		{537CECFF-20AE-4AD4-A433-C1753A88E4E8}.Release|arm64.Build.0 = Release|arm64
		{537CECFF-20AE-4AD4-A433-C1753A88E4E8}.Release|x64.ActiveCfg = Release|x64
		{537CECFF-20AE-4AD4-A433-C1753A88E4E8}.Release|x64.Build.0 = Release|x64
		{537CECFF-20AE-4AD4-A433-C1753A88E4E8}.Release|x86.ActiveCfg = Release|x86
		{537CECFF-20AE-4AD4-A433-C1753A88E4E8}.Release|x86.Build.0 = Release|x86
		{537CECFF-20AE-4AD4-A433-C1753A88E4E8}.Checked|Any CPU.ActiveCfg = Checked|x64
		{537CECFF-20AE-4AD4-A433-C1753A88E4E8}.Checked|Any CPU.Build.0 = Checked|x64
		{537CECFF-20AE-4AD4-A433-C1753A88E4E8}.Checked|arm.ActiveCfg = Checked|arm
		{537CECFF-20AE-4AD4-A433-C1753A88E4E8}.Checked|arm.Build.0 = Checked|arm
		{537CECFF-20AE-4AD4-A433-C1753A88E4E8}.Checked|arm64.ActiveCfg = Checked|arm64
		{537CECFF-20AE-4AD4-A433-C1753A88E4E8}.Checked|arm64.Build.0 = Checked|arm64
		{537CECFF-20AE-4AD4-A433-C1753A88E4E8}.Checked|x64.ActiveCfg = Checked|x64
		{537CECFF-20AE-4AD4-A433-C1753A88E4E8}.Checked|x64.Build.0 = Checked|x64
		{537CECFF-20AE-4AD4-A433-C1753A88E4E8}.Checked|x86.ActiveCfg = Checked|x86
		{537CECFF-20AE-4AD4-A433-C1753A88E4E8}.Checked|x86.Build.0 = Checked|x86
		{4DD7C7A6-6F4C-497B-A836-20F2D4F66748}.Debug|Any CPU.ActiveCfg = Debug|Any CPU
		{4DD7C7A6-6F4C-497B-A836-20F2D4F66748}.Debug|Any CPU.Build.0 = Debug|Any CPU
		{4DD7C7A6-6F4C-497B-A836-20F2D4F66748}.Debug|arm.ActiveCfg = Debug|Any CPU
		{4DD7C7A6-6F4C-497B-A836-20F2D4F66748}.Debug|arm64.ActiveCfg = Debug|Any CPU
		{4DD7C7A6-6F4C-497B-A836-20F2D4F66748}.Debug|x64.ActiveCfg = Debug|Any CPU
		{4DD7C7A6-6F4C-497B-A836-20F2D4F66748}.Debug|x64.Build.0 = Debug|Any CPU
		{4DD7C7A6-6F4C-497B-A836-20F2D4F66748}.Debug|x86.ActiveCfg = Debug|Any CPU
		{4DD7C7A6-6F4C-497B-A836-20F2D4F66748}.Debug|x86.Build.0 = Debug|Any CPU
		{4DD7C7A6-6F4C-497B-A836-20F2D4F66748}.Release|Any CPU.ActiveCfg = Release|Any CPU
		{4DD7C7A6-6F4C-497B-A836-20F2D4F66748}.Release|Any CPU.Build.0 = Release|Any CPU
		{4DD7C7A6-6F4C-497B-A836-20F2D4F66748}.Release|arm.ActiveCfg = Release|Any CPU
		{4DD7C7A6-6F4C-497B-A836-20F2D4F66748}.Release|arm64.ActiveCfg = Release|Any CPU
		{4DD7C7A6-6F4C-497B-A836-20F2D4F66748}.Release|x64.ActiveCfg = Release|Any CPU
		{4DD7C7A6-6F4C-497B-A836-20F2D4F66748}.Release|x64.Build.0 = Release|Any CPU
		{4DD7C7A6-6F4C-497B-A836-20F2D4F66748}.Release|x86.ActiveCfg = Release|Any CPU
		{4DD7C7A6-6F4C-497B-A836-20F2D4F66748}.Release|x86.Build.0 = Release|Any CPU
		{4DD7C7A6-6F4C-497B-A836-20F2D4F66748}.Checked|Any CPU.ActiveCfg = Debug|Any CPU
		{4DD7C7A6-6F4C-497B-A836-20F2D4F66748}.Checked|arm.ActiveCfg = Debug|Any CPU
		{4DD7C7A6-6F4C-497B-A836-20F2D4F66748}.Checked|arm64.ActiveCfg = Debug|Any CPU
		{4DD7C7A6-6F4C-497B-A836-20F2D4F66748}.Checked|x64.ActiveCfg = Debug|Any CPU
		{4DD7C7A6-6F4C-497B-A836-20F2D4F66748}.Checked|x86.ActiveCfg = Debug|Any CPU
		{6DBEA1D1-448D-4C27-B329-19F4F214E536}.Debug|Any CPU.ActiveCfg = Debug|Any CPU
		{6DBEA1D1-448D-4C27-B329-19F4F214E536}.Debug|Any CPU.Build.0 = Debug|Any CPU
		{6DBEA1D1-448D-4C27-B329-19F4F214E536}.Debug|arm.ActiveCfg = Debug|Any CPU
		{6DBEA1D1-448D-4C27-B329-19F4F214E536}.Debug|arm64.ActiveCfg = Debug|Any CPU
		{6DBEA1D1-448D-4C27-B329-19F4F214E536}.Debug|x64.ActiveCfg = Debug|Any CPU
		{6DBEA1D1-448D-4C27-B329-19F4F214E536}.Debug|x64.Build.0 = Debug|Any CPU
		{6DBEA1D1-448D-4C27-B329-19F4F214E536}.Debug|x86.ActiveCfg = Debug|Any CPU
		{6DBEA1D1-448D-4C27-B329-19F4F214E536}.Debug|x86.Build.0 = Debug|Any CPU
		{6DBEA1D1-448D-4C27-B329-19F4F214E536}.Release|Any CPU.ActiveCfg = Release|Any CPU
		{6DBEA1D1-448D-4C27-B329-19F4F214E536}.Release|Any CPU.Build.0 = Release|Any CPU
		{6DBEA1D1-448D-4C27-B329-19F4F214E536}.Release|arm.ActiveCfg = Release|Any CPU
		{6DBEA1D1-448D-4C27-B329-19F4F214E536}.Release|arm64.ActiveCfg = Release|Any CPU
		{6DBEA1D1-448D-4C27-B329-19F4F214E536}.Release|x64.ActiveCfg = Release|Any CPU
		{6DBEA1D1-448D-4C27-B329-19F4F214E536}.Release|x64.Build.0 = Release|Any CPU
		{6DBEA1D1-448D-4C27-B329-19F4F214E536}.Release|x86.ActiveCfg = Release|Any CPU
		{6DBEA1D1-448D-4C27-B329-19F4F214E536}.Release|x86.Build.0 = Release|Any CPU
		{6DBEA1D1-448D-4C27-B329-19F4F214E536}.Checked|Any CPU.ActiveCfg = Debug|Any CPU
		{6DBEA1D1-448D-4C27-B329-19F4F214E536}.Checked|arm.ActiveCfg = Debug|Any CPU
		{6DBEA1D1-448D-4C27-B329-19F4F214E536}.Checked|arm64.ActiveCfg = Debug|Any CPU
		{6DBEA1D1-448D-4C27-B329-19F4F214E536}.Checked|x64.ActiveCfg = Debug|Any CPU
		{6DBEA1D1-448D-4C27-B329-19F4F214E536}.Checked|x86.ActiveCfg = Debug|Any CPU
		{D2CB0E92-8F52-49A3-A2CA-9F77C8ED4A6D}.Debug|Any CPU.ActiveCfg = Debug|Any CPU
		{D2CB0E92-8F52-49A3-A2CA-9F77C8ED4A6D}.Debug|Any CPU.Build.0 = Debug|Any CPU
		{D2CB0E92-8F52-49A3-A2CA-9F77C8ED4A6D}.Debug|arm.ActiveCfg = Debug|Any CPU
		{D2CB0E92-8F52-49A3-A2CA-9F77C8ED4A6D}.Debug|arm64.ActiveCfg = Debug|Any CPU
		{D2CB0E92-8F52-49A3-A2CA-9F77C8ED4A6D}.Debug|x64.ActiveCfg = Debug|Any CPU
		{D2CB0E92-8F52-49A3-A2CA-9F77C8ED4A6D}.Debug|x64.Build.0 = Debug|Any CPU
		{D2CB0E92-8F52-49A3-A2CA-9F77C8ED4A6D}.Debug|x86.ActiveCfg = Debug|Any CPU
		{D2CB0E92-8F52-49A3-A2CA-9F77C8ED4A6D}.Debug|x86.Build.0 = Debug|Any CPU
		{D2CB0E92-8F52-49A3-A2CA-9F77C8ED4A6D}.Release|Any CPU.ActiveCfg = Release|Any CPU
		{D2CB0E92-8F52-49A3-A2CA-9F77C8ED4A6D}.Release|Any CPU.Build.0 = Release|Any CPU
		{D2CB0E92-8F52-49A3-A2CA-9F77C8ED4A6D}.Release|arm.ActiveCfg = Release|Any CPU
		{D2CB0E92-8F52-49A3-A2CA-9F77C8ED4A6D}.Release|arm64.ActiveCfg = Release|Any CPU
		{D2CB0E92-8F52-49A3-A2CA-9F77C8ED4A6D}.Release|x64.ActiveCfg = Release|Any CPU
		{D2CB0E92-8F52-49A3-A2CA-9F77C8ED4A6D}.Release|x64.Build.0 = Release|Any CPU
		{D2CB0E92-8F52-49A3-A2CA-9F77C8ED4A6D}.Release|x86.ActiveCfg = Release|Any CPU
		{D2CB0E92-8F52-49A3-A2CA-9F77C8ED4A6D}.Release|x86.Build.0 = Release|Any CPU
		{D2CB0E92-8F52-49A3-A2CA-9F77C8ED4A6D}.Checked|Any CPU.ActiveCfg = Debug|Any CPU
		{D2CB0E92-8F52-49A3-A2CA-9F77C8ED4A6D}.Checked|arm.ActiveCfg = Debug|Any CPU
		{D2CB0E92-8F52-49A3-A2CA-9F77C8ED4A6D}.Checked|arm64.ActiveCfg = Debug|Any CPU
		{D2CB0E92-8F52-49A3-A2CA-9F77C8ED4A6D}.Checked|x64.ActiveCfg = Debug|Any CPU
		{D2CB0E92-8F52-49A3-A2CA-9F77C8ED4A6D}.Checked|x86.ActiveCfg = Debug|Any CPU
		{2AC9B23C-C788-4607-86EB-E7F66F14AFDB}.Debug|Any CPU.ActiveCfg = Debug|Any CPU
		{2AC9B23C-C788-4607-86EB-E7F66F14AFDB}.Debug|Any CPU.Build.0 = Debug|Any CPU
		{2AC9B23C-C788-4607-86EB-E7F66F14AFDB}.Debug|arm.ActiveCfg = Debug|Any CPU
		{2AC9B23C-C788-4607-86EB-E7F66F14AFDB}.Debug|arm64.ActiveCfg = Debug|Any CPU
		{2AC9B23C-C788-4607-86EB-E7F66F14AFDB}.Debug|x64.ActiveCfg = Debug|Any CPU
		{2AC9B23C-C788-4607-86EB-E7F66F14AFDB}.Debug|x64.Build.0 = Debug|Any CPU
		{2AC9B23C-C788-4607-86EB-E7F66F14AFDB}.Debug|x86.ActiveCfg = Debug|Any CPU
		{2AC9B23C-C788-4607-86EB-E7F66F14AFDB}.Debug|x86.Build.0 = Debug|Any CPU
		{2AC9B23C-C788-4607-86EB-E7F66F14AFDB}.Release|Any CPU.ActiveCfg = Release|Any CPU
		{2AC9B23C-C788-4607-86EB-E7F66F14AFDB}.Release|Any CPU.Build.0 = Release|Any CPU
		{2AC9B23C-C788-4607-86EB-E7F66F14AFDB}.Release|arm.ActiveCfg = Release|Any CPU
		{2AC9B23C-C788-4607-86EB-E7F66F14AFDB}.Release|arm64.ActiveCfg = Release|Any CPU
		{2AC9B23C-C788-4607-86EB-E7F66F14AFDB}.Release|x64.ActiveCfg = Release|Any CPU
		{2AC9B23C-C788-4607-86EB-E7F66F14AFDB}.Release|x64.Build.0 = Release|Any CPU
		{2AC9B23C-C788-4607-86EB-E7F66F14AFDB}.Release|x86.ActiveCfg = Release|Any CPU
		{2AC9B23C-C788-4607-86EB-E7F66F14AFDB}.Release|x86.Build.0 = Release|Any CPU
		{2AC9B23C-C788-4607-86EB-E7F66F14AFDB}.Checked|Any CPU.ActiveCfg = Debug|Any CPU
		{2AC9B23C-C788-4607-86EB-E7F66F14AFDB}.Checked|arm.ActiveCfg = Debug|Any CPU
		{2AC9B23C-C788-4607-86EB-E7F66F14AFDB}.Checked|arm64.ActiveCfg = Debug|Any CPU
		{2AC9B23C-C788-4607-86EB-E7F66F14AFDB}.Checked|x64.ActiveCfg = Debug|Any CPU
		{2AC9B23C-C788-4607-86EB-E7F66F14AFDB}.Checked|x86.ActiveCfg = Debug|Any CPU
		{7F228E60-0AD6-4CBE-BD88-2D9AFCCE5B16}.Debug|Any CPU.ActiveCfg = Debug|Any CPU
		{7F228E60-0AD6-4CBE-BD88-2D9AFCCE5B16}.Debug|Any CPU.Build.0 = Debug|Any CPU
		{7F228E60-0AD6-4CBE-BD88-2D9AFCCE5B16}.Debug|arm.ActiveCfg = Debug|Any CPU
		{7F228E60-0AD6-4CBE-BD88-2D9AFCCE5B16}.Debug|arm64.ActiveCfg = Debug|Any CPU
		{7F228E60-0AD6-4CBE-BD88-2D9AFCCE5B16}.Debug|x64.ActiveCfg = Debug|Any CPU
		{7F228E60-0AD6-4CBE-BD88-2D9AFCCE5B16}.Debug|x64.Build.0 = Debug|Any CPU
		{7F228E60-0AD6-4CBE-BD88-2D9AFCCE5B16}.Debug|x86.ActiveCfg = Debug|Any CPU
		{7F228E60-0AD6-4CBE-BD88-2D9AFCCE5B16}.Debug|x86.Build.0 = Debug|Any CPU
		{7F228E60-0AD6-4CBE-BD88-2D9AFCCE5B16}.Release|Any CPU.ActiveCfg = Release|Any CPU
		{7F228E60-0AD6-4CBE-BD88-2D9AFCCE5B16}.Release|Any CPU.Build.0 = Release|Any CPU
		{7F228E60-0AD6-4CBE-BD88-2D9AFCCE5B16}.Release|arm.ActiveCfg = Release|Any CPU
		{7F228E60-0AD6-4CBE-BD88-2D9AFCCE5B16}.Release|arm64.ActiveCfg = Release|Any CPU
		{7F228E60-0AD6-4CBE-BD88-2D9AFCCE5B16}.Release|x64.ActiveCfg = Release|Any CPU
		{7F228E60-0AD6-4CBE-BD88-2D9AFCCE5B16}.Release|x64.Build.0 = Release|Any CPU
		{7F228E60-0AD6-4CBE-BD88-2D9AFCCE5B16}.Release|x86.ActiveCfg = Release|Any CPU
		{7F228E60-0AD6-4CBE-BD88-2D9AFCCE5B16}.Release|x86.Build.0 = Release|Any CPU
		{7F228E60-0AD6-4CBE-BD88-2D9AFCCE5B16}.Checked|Any CPU.ActiveCfg = Debug|Any CPU
		{7F228E60-0AD6-4CBE-BD88-2D9AFCCE5B16}.Checked|arm.ActiveCfg = Debug|Any CPU
		{7F228E60-0AD6-4CBE-BD88-2D9AFCCE5B16}.Checked|arm64.ActiveCfg = Debug|Any CPU
		{7F228E60-0AD6-4CBE-BD88-2D9AFCCE5B16}.Checked|x64.ActiveCfg = Debug|Any CPU
		{7F228E60-0AD6-4CBE-BD88-2D9AFCCE5B16}.Checked|x86.ActiveCfg = Debug|Any CPU
		{F4F0D06A-2324-4B3F-A2D2-E74330DA1B7C}.Debug|Any CPU.ActiveCfg = Debug|Any CPU
		{F4F0D06A-2324-4B3F-A2D2-E74330DA1B7C}.Debug|Any CPU.Build.0 = Debug|Any CPU
		{F4F0D06A-2324-4B3F-A2D2-E74330DA1B7C}.Debug|arm.ActiveCfg = Debug|Any CPU
		{F4F0D06A-2324-4B3F-A2D2-E74330DA1B7C}.Debug|arm64.ActiveCfg = Debug|Any CPU
		{F4F0D06A-2324-4B3F-A2D2-E74330DA1B7C}.Debug|x64.ActiveCfg = Debug|Any CPU
		{F4F0D06A-2324-4B3F-A2D2-E74330DA1B7C}.Debug|x64.Build.0 = Debug|Any CPU
		{F4F0D06A-2324-4B3F-A2D2-E74330DA1B7C}.Debug|x86.ActiveCfg = Debug|Any CPU
		{F4F0D06A-2324-4B3F-A2D2-E74330DA1B7C}.Debug|x86.Build.0 = Debug|Any CPU
		{F4F0D06A-2324-4B3F-A2D2-E74330DA1B7C}.Release|Any CPU.ActiveCfg = Release|Any CPU
		{F4F0D06A-2324-4B3F-A2D2-E74330DA1B7C}.Release|Any CPU.Build.0 = Release|Any CPU
		{F4F0D06A-2324-4B3F-A2D2-E74330DA1B7C}.Release|arm.ActiveCfg = Release|Any CPU
		{F4F0D06A-2324-4B3F-A2D2-E74330DA1B7C}.Release|arm64.ActiveCfg = Release|Any CPU
		{F4F0D06A-2324-4B3F-A2D2-E74330DA1B7C}.Release|x64.ActiveCfg = Release|Any CPU
		{F4F0D06A-2324-4B3F-A2D2-E74330DA1B7C}.Release|x64.Build.0 = Release|Any CPU
		{F4F0D06A-2324-4B3F-A2D2-E74330DA1B7C}.Release|x86.ActiveCfg = Release|Any CPU
		{F4F0D06A-2324-4B3F-A2D2-E74330DA1B7C}.Release|x86.Build.0 = Release|Any CPU
		{F4F0D06A-2324-4B3F-A2D2-E74330DA1B7C}.Checked|Any CPU.ActiveCfg = Debug|Any CPU
		{F4F0D06A-2324-4B3F-A2D2-E74330DA1B7C}.Checked|arm.ActiveCfg = Debug|Any CPU
		{F4F0D06A-2324-4B3F-A2D2-E74330DA1B7C}.Checked|arm64.ActiveCfg = Debug|Any CPU
		{F4F0D06A-2324-4B3F-A2D2-E74330DA1B7C}.Checked|x64.ActiveCfg = Debug|Any CPU
		{F4F0D06A-2324-4B3F-A2D2-E74330DA1B7C}.Checked|x86.ActiveCfg = Debug|Any CPU
		{57970B50-FB9F-40A5-9073-A7A48A473682}.Debug|Any CPU.ActiveCfg = Debug|Any CPU
		{57970B50-FB9F-40A5-9073-A7A48A473682}.Debug|Any CPU.Build.0 = Debug|Any CPU
		{57970B50-FB9F-40A5-9073-A7A48A473682}.Debug|arm.ActiveCfg = Debug|Any CPU
		{57970B50-FB9F-40A5-9073-A7A48A473682}.Debug|arm64.ActiveCfg = Debug|Any CPU
		{57970B50-FB9F-40A5-9073-A7A48A473682}.Debug|x64.ActiveCfg = Debug|Any CPU
		{57970B50-FB9F-40A5-9073-A7A48A473682}.Debug|x64.Build.0 = Debug|Any CPU
		{57970B50-FB9F-40A5-9073-A7A48A473682}.Debug|x86.ActiveCfg = Debug|Any CPU
		{57970B50-FB9F-40A5-9073-A7A48A473682}.Debug|x86.Build.0 = Debug|Any CPU
		{57970B50-FB9F-40A5-9073-A7A48A473682}.Release|Any CPU.ActiveCfg = Release|Any CPU
		{57970B50-FB9F-40A5-9073-A7A48A473682}.Release|Any CPU.Build.0 = Release|Any CPU
		{57970B50-FB9F-40A5-9073-A7A48A473682}.Release|arm.ActiveCfg = Release|Any CPU
		{57970B50-FB9F-40A5-9073-A7A48A473682}.Release|arm64.ActiveCfg = Release|Any CPU
		{57970B50-FB9F-40A5-9073-A7A48A473682}.Release|x64.ActiveCfg = Release|Any CPU
		{57970B50-FB9F-40A5-9073-A7A48A473682}.Release|x64.Build.0 = Release|Any CPU
		{57970B50-FB9F-40A5-9073-A7A48A473682}.Release|x86.ActiveCfg = Release|Any CPU
		{57970B50-FB9F-40A5-9073-A7A48A473682}.Release|x86.Build.0 = Release|Any CPU
		{57970B50-FB9F-40A5-9073-A7A48A473682}.Checked|Any CPU.ActiveCfg = Debug|Any CPU
		{57970B50-FB9F-40A5-9073-A7A48A473682}.Checked|arm.ActiveCfg = Debug|Any CPU
		{57970B50-FB9F-40A5-9073-A7A48A473682}.Checked|arm64.ActiveCfg = Debug|Any CPU
		{57970B50-FB9F-40A5-9073-A7A48A473682}.Checked|x64.ActiveCfg = Debug|Any CPU
		{57970B50-FB9F-40A5-9073-A7A48A473682}.Checked|x86.ActiveCfg = Debug|Any CPU
		{7D95B81C-25A6-4E6A-88E9-A8BBE59538BE}.Debug|Any CPU.ActiveCfg = Debug|Any CPU
		{7D95B81C-25A6-4E6A-88E9-A8BBE59538BE}.Debug|Any CPU.Build.0 = Debug|Any CPU
		{7D95B81C-25A6-4E6A-88E9-A8BBE59538BE}.Debug|arm.ActiveCfg = Debug|Any CPU
		{7D95B81C-25A6-4E6A-88E9-A8BBE59538BE}.Debug|arm64.ActiveCfg = Debug|Any CPU
		{7D95B81C-25A6-4E6A-88E9-A8BBE59538BE}.Debug|x64.ActiveCfg = Debug|Any CPU
		{7D95B81C-25A6-4E6A-88E9-A8BBE59538BE}.Debug|x64.Build.0 = Debug|Any CPU
		{7D95B81C-25A6-4E6A-88E9-A8BBE59538BE}.Debug|x86.ActiveCfg = Debug|Any CPU
		{7D95B81C-25A6-4E6A-88E9-A8BBE59538BE}.Debug|x86.Build.0 = Debug|Any CPU
		{7D95B81C-25A6-4E6A-88E9-A8BBE59538BE}.Release|Any CPU.ActiveCfg = Release|Any CPU
		{7D95B81C-25A6-4E6A-88E9-A8BBE59538BE}.Release|Any CPU.Build.0 = Release|Any CPU
		{7D95B81C-25A6-4E6A-88E9-A8BBE59538BE}.Release|arm.ActiveCfg = Release|Any CPU
		{7D95B81C-25A6-4E6A-88E9-A8BBE59538BE}.Release|arm64.ActiveCfg = Release|Any CPU
		{7D95B81C-25A6-4E6A-88E9-A8BBE59538BE}.Release|x64.ActiveCfg = Release|Any CPU
		{7D95B81C-25A6-4E6A-88E9-A8BBE59538BE}.Release|x64.Build.0 = Release|Any CPU
		{7D95B81C-25A6-4E6A-88E9-A8BBE59538BE}.Release|x86.ActiveCfg = Release|Any CPU
		{7D95B81C-25A6-4E6A-88E9-A8BBE59538BE}.Release|x86.Build.0 = Release|Any CPU
		{7D95B81C-25A6-4E6A-88E9-A8BBE59538BE}.Checked|Any CPU.ActiveCfg = Debug|Any CPU
		{7D95B81C-25A6-4E6A-88E9-A8BBE59538BE}.Checked|arm.ActiveCfg = Debug|Any CPU
		{7D95B81C-25A6-4E6A-88E9-A8BBE59538BE}.Checked|arm64.ActiveCfg = Debug|Any CPU
		{7D95B81C-25A6-4E6A-88E9-A8BBE59538BE}.Checked|x64.ActiveCfg = Debug|Any CPU
		{7D95B81C-25A6-4E6A-88E9-A8BBE59538BE}.Checked|x86.ActiveCfg = Debug|Any CPU
		{2F5E19AA-B790-403E-860E-2569CC1ADF02}.Debug|Any CPU.ActiveCfg = Debug|Any CPU
		{2F5E19AA-B790-403E-860E-2569CC1ADF02}.Debug|Any CPU.Build.0 = Debug|Any CPU
		{2F5E19AA-B790-403E-860E-2569CC1ADF02}.Debug|arm.ActiveCfg = Debug|Any CPU
		{2F5E19AA-B790-403E-860E-2569CC1ADF02}.Debug|arm64.ActiveCfg = Debug|Any CPU
		{2F5E19AA-B790-403E-860E-2569CC1ADF02}.Debug|x64.ActiveCfg = Debug|Any CPU
		{2F5E19AA-B790-403E-860E-2569CC1ADF02}.Debug|x64.Build.0 = Debug|Any CPU
		{2F5E19AA-B790-403E-860E-2569CC1ADF02}.Debug|x86.ActiveCfg = Debug|Any CPU
		{2F5E19AA-B790-403E-860E-2569CC1ADF02}.Debug|x86.Build.0 = Debug|Any CPU
		{2F5E19AA-B790-403E-860E-2569CC1ADF02}.Release|Any CPU.ActiveCfg = Release|Any CPU
		{2F5E19AA-B790-403E-860E-2569CC1ADF02}.Release|Any CPU.Build.0 = Release|Any CPU
		{2F5E19AA-B790-403E-860E-2569CC1ADF02}.Release|arm.ActiveCfg = Release|Any CPU
		{2F5E19AA-B790-403E-860E-2569CC1ADF02}.Release|arm64.ActiveCfg = Release|Any CPU
		{2F5E19AA-B790-403E-860E-2569CC1ADF02}.Release|x64.ActiveCfg = Release|Any CPU
		{2F5E19AA-B790-403E-860E-2569CC1ADF02}.Release|x64.Build.0 = Release|Any CPU
		{2F5E19AA-B790-403E-860E-2569CC1ADF02}.Release|x86.ActiveCfg = Release|Any CPU
		{2F5E19AA-B790-403E-860E-2569CC1ADF02}.Release|x86.Build.0 = Release|Any CPU
		{2F5E19AA-B790-403E-860E-2569CC1ADF02}.Checked|Any CPU.ActiveCfg = Debug|Any CPU
		{2F5E19AA-B790-403E-860E-2569CC1ADF02}.Checked|arm.ActiveCfg = Debug|Any CPU
		{2F5E19AA-B790-403E-860E-2569CC1ADF02}.Checked|arm64.ActiveCfg = Debug|Any CPU
		{2F5E19AA-B790-403E-860E-2569CC1ADF02}.Checked|x64.ActiveCfg = Debug|Any CPU
		{2F5E19AA-B790-403E-860E-2569CC1ADF02}.Checked|x86.ActiveCfg = Debug|Any CPU
		{A4864A61-7A24-4FE6-9C55-76A645D41BCE}.Debug|Any CPU.ActiveCfg = Debug|Any CPU
		{A4864A61-7A24-4FE6-9C55-76A645D41BCE}.Debug|Any CPU.Build.0 = Debug|Any CPU
		{A4864A61-7A24-4FE6-9C55-76A645D41BCE}.Debug|arm.ActiveCfg = Debug|Any CPU
		{A4864A61-7A24-4FE6-9C55-76A645D41BCE}.Debug|arm64.ActiveCfg = Debug|Any CPU
		{A4864A61-7A24-4FE6-9C55-76A645D41BCE}.Debug|x64.ActiveCfg = Debug|Any CPU
		{A4864A61-7A24-4FE6-9C55-76A645D41BCE}.Debug|x64.Build.0 = Debug|Any CPU
		{A4864A61-7A24-4FE6-9C55-76A645D41BCE}.Debug|x86.ActiveCfg = Debug|Any CPU
		{A4864A61-7A24-4FE6-9C55-76A645D41BCE}.Debug|x86.Build.0 = Debug|Any CPU
		{A4864A61-7A24-4FE6-9C55-76A645D41BCE}.Release|Any CPU.ActiveCfg = Release|Any CPU
		{A4864A61-7A24-4FE6-9C55-76A645D41BCE}.Release|Any CPU.Build.0 = Release|Any CPU
		{A4864A61-7A24-4FE6-9C55-76A645D41BCE}.Release|arm.ActiveCfg = Release|Any CPU
		{A4864A61-7A24-4FE6-9C55-76A645D41BCE}.Release|arm64.ActiveCfg = Release|Any CPU
		{A4864A61-7A24-4FE6-9C55-76A645D41BCE}.Release|x64.ActiveCfg = Release|Any CPU
		{A4864A61-7A24-4FE6-9C55-76A645D41BCE}.Release|x64.Build.0 = Release|Any CPU
		{A4864A61-7A24-4FE6-9C55-76A645D41BCE}.Release|x86.ActiveCfg = Release|Any CPU
		{A4864A61-7A24-4FE6-9C55-76A645D41BCE}.Release|x86.Build.0 = Release|Any CPU
		{A4864A61-7A24-4FE6-9C55-76A645D41BCE}.Checked|Any CPU.ActiveCfg = Debug|Any CPU
		{A4864A61-7A24-4FE6-9C55-76A645D41BCE}.Checked|arm.ActiveCfg = Debug|Any CPU
		{A4864A61-7A24-4FE6-9C55-76A645D41BCE}.Checked|arm64.ActiveCfg = Debug|Any CPU
		{A4864A61-7A24-4FE6-9C55-76A645D41BCE}.Checked|x64.ActiveCfg = Debug|Any CPU
		{A4864A61-7A24-4FE6-9C55-76A645D41BCE}.Checked|x86.ActiveCfg = Debug|Any CPU
		{B8D8A7D0-EAE7-4D04-97CA-7B14DA9D0BD5}.Debug|Any CPU.ActiveCfg = Debug|Any CPU
		{B8D8A7D0-EAE7-4D04-97CA-7B14DA9D0BD5}.Debug|Any CPU.Build.0 = Debug|Any CPU
		{B8D8A7D0-EAE7-4D04-97CA-7B14DA9D0BD5}.Debug|arm.ActiveCfg = Debug|Any CPU
		{B8D8A7D0-EAE7-4D04-97CA-7B14DA9D0BD5}.Debug|arm64.ActiveCfg = Debug|Any CPU
		{B8D8A7D0-EAE7-4D04-97CA-7B14DA9D0BD5}.Debug|x64.ActiveCfg = Debug|Any CPU
		{B8D8A7D0-EAE7-4D04-97CA-7B14DA9D0BD5}.Debug|x64.Build.0 = Debug|Any CPU
		{B8D8A7D0-EAE7-4D04-97CA-7B14DA9D0BD5}.Debug|x86.ActiveCfg = Debug|Any CPU
		{B8D8A7D0-EAE7-4D04-97CA-7B14DA9D0BD5}.Debug|x86.Build.0 = Debug|Any CPU
		{B8D8A7D0-EAE7-4D04-97CA-7B14DA9D0BD5}.Release|Any CPU.ActiveCfg = Release|Any CPU
		{B8D8A7D0-EAE7-4D04-97CA-7B14DA9D0BD5}.Release|Any CPU.Build.0 = Release|Any CPU
		{B8D8A7D0-EAE7-4D04-97CA-7B14DA9D0BD5}.Release|arm.ActiveCfg = Release|Any CPU
		{B8D8A7D0-EAE7-4D04-97CA-7B14DA9D0BD5}.Release|arm64.ActiveCfg = Release|Any CPU
		{B8D8A7D0-EAE7-4D04-97CA-7B14DA9D0BD5}.Release|x64.ActiveCfg = Release|Any CPU
		{B8D8A7D0-EAE7-4D04-97CA-7B14DA9D0BD5}.Release|x64.Build.0 = Release|Any CPU
		{B8D8A7D0-EAE7-4D04-97CA-7B14DA9D0BD5}.Release|x86.ActiveCfg = Release|Any CPU
		{B8D8A7D0-EAE7-4D04-97CA-7B14DA9D0BD5}.Release|x86.Build.0 = Release|Any CPU
		{B8D8A7D0-EAE7-4D04-97CA-7B14DA9D0BD5}.Checked|Any CPU.ActiveCfg = Debug|Any CPU
		{B8D8A7D0-EAE7-4D04-97CA-7B14DA9D0BD5}.Checked|arm.ActiveCfg = Debug|Any CPU
		{B8D8A7D0-EAE7-4D04-97CA-7B14DA9D0BD5}.Checked|arm64.ActiveCfg = Debug|Any CPU
		{B8D8A7D0-EAE7-4D04-97CA-7B14DA9D0BD5}.Checked|x64.ActiveCfg = Debug|Any CPU
		{B8D8A7D0-EAE7-4D04-97CA-7B14DA9D0BD5}.Checked|x86.ActiveCfg = Debug|Any CPU
		{6311C025-F6D3-43A0-A9DA-A58AA6602568}.Debug|Any CPU.ActiveCfg = Debug|Any CPU
		{6311C025-F6D3-43A0-A9DA-A58AA6602568}.Debug|Any CPU.Build.0 = Debug|Any CPU
		{6311C025-F6D3-43A0-A9DA-A58AA6602568}.Debug|arm.ActiveCfg = Debug|Any CPU
		{6311C025-F6D3-43A0-A9DA-A58AA6602568}.Debug|arm64.ActiveCfg = Debug|Any CPU
		{6311C025-F6D3-43A0-A9DA-A58AA6602568}.Debug|x64.ActiveCfg = Debug|Any CPU
		{6311C025-F6D3-43A0-A9DA-A58AA6602568}.Debug|x64.Build.0 = Debug|Any CPU
		{6311C025-F6D3-43A0-A9DA-A58AA6602568}.Debug|x86.ActiveCfg = Debug|Any CPU
		{6311C025-F6D3-43A0-A9DA-A58AA6602568}.Debug|x86.Build.0 = Debug|Any CPU
		{6311C025-F6D3-43A0-A9DA-A58AA6602568}.Release|Any CPU.ActiveCfg = Release|Any CPU
		{6311C025-F6D3-43A0-A9DA-A58AA6602568}.Release|Any CPU.Build.0 = Release|Any CPU
		{6311C025-F6D3-43A0-A9DA-A58AA6602568}.Release|arm.ActiveCfg = Release|Any CPU
		{6311C025-F6D3-43A0-A9DA-A58AA6602568}.Release|arm64.ActiveCfg = Release|Any CPU
		{6311C025-F6D3-43A0-A9DA-A58AA6602568}.Release|x64.ActiveCfg = Release|Any CPU
		{6311C025-F6D3-43A0-A9DA-A58AA6602568}.Release|x64.Build.0 = Release|Any CPU
		{6311C025-F6D3-43A0-A9DA-A58AA6602568}.Release|x86.ActiveCfg = Release|Any CPU
		{6311C025-F6D3-43A0-A9DA-A58AA6602568}.Release|x86.Build.0 = Release|Any CPU
		{6311C025-F6D3-43A0-A9DA-A58AA6602568}.Checked|Any CPU.ActiveCfg = Debug|Any CPU
		{6311C025-F6D3-43A0-A9DA-A58AA6602568}.Checked|arm.ActiveCfg = Debug|Any CPU
		{6311C025-F6D3-43A0-A9DA-A58AA6602568}.Checked|arm64.ActiveCfg = Debug|Any CPU
		{6311C025-F6D3-43A0-A9DA-A58AA6602568}.Checked|x64.ActiveCfg = Debug|Any CPU
		{6311C025-F6D3-43A0-A9DA-A58AA6602568}.Checked|x86.ActiveCfg = Debug|Any CPU
		{AA05074D-88AF-482E-A44A-F1AC13494E9F}.Debug|Any CPU.ActiveCfg = Debug|Any CPU
		{AA05074D-88AF-482E-A44A-F1AC13494E9F}.Debug|Any CPU.Build.0 = Debug|Any CPU
		{AA05074D-88AF-482E-A44A-F1AC13494E9F}.Debug|arm.ActiveCfg = Debug|Any CPU
		{AA05074D-88AF-482E-A44A-F1AC13494E9F}.Debug|arm64.ActiveCfg = Debug|Any CPU
		{AA05074D-88AF-482E-A44A-F1AC13494E9F}.Debug|x64.ActiveCfg = Debug|Any CPU
		{AA05074D-88AF-482E-A44A-F1AC13494E9F}.Debug|x64.Build.0 = Debug|Any CPU
		{AA05074D-88AF-482E-A44A-F1AC13494E9F}.Debug|x86.ActiveCfg = Debug|Any CPU
		{AA05074D-88AF-482E-A44A-F1AC13494E9F}.Debug|x86.Build.0 = Debug|Any CPU
		{AA05074D-88AF-482E-A44A-F1AC13494E9F}.Release|Any CPU.ActiveCfg = Release|Any CPU
		{AA05074D-88AF-482E-A44A-F1AC13494E9F}.Release|Any CPU.Build.0 = Release|Any CPU
		{AA05074D-88AF-482E-A44A-F1AC13494E9F}.Release|arm.ActiveCfg = Release|Any CPU
		{AA05074D-88AF-482E-A44A-F1AC13494E9F}.Release|arm64.ActiveCfg = Release|Any CPU
		{AA05074D-88AF-482E-A44A-F1AC13494E9F}.Release|x64.ActiveCfg = Release|Any CPU
		{AA05074D-88AF-482E-A44A-F1AC13494E9F}.Release|x64.Build.0 = Release|Any CPU
		{AA05074D-88AF-482E-A44A-F1AC13494E9F}.Release|x86.ActiveCfg = Release|Any CPU
		{AA05074D-88AF-482E-A44A-F1AC13494E9F}.Release|x86.Build.0 = Release|Any CPU
		{AA05074D-88AF-482E-A44A-F1AC13494E9F}.Checked|Any CPU.ActiveCfg = Debug|Any CPU
		{AA05074D-88AF-482E-A44A-F1AC13494E9F}.Checked|arm.ActiveCfg = Debug|Any CPU
		{AA05074D-88AF-482E-A44A-F1AC13494E9F}.Checked|arm64.ActiveCfg = Debug|Any CPU
		{AA05074D-88AF-482E-A44A-F1AC13494E9F}.Checked|x64.ActiveCfg = Debug|Any CPU
		{AA05074D-88AF-482E-A44A-F1AC13494E9F}.Checked|x86.ActiveCfg = Debug|Any CPU
		{B76EE305-CA7C-494C-8374-ABD93081F6AE}.Debug|Any CPU.ActiveCfg = Debug|Any CPU
		{B76EE305-CA7C-494C-8374-ABD93081F6AE}.Debug|Any CPU.Build.0 = Debug|Any CPU
		{B76EE305-CA7C-494C-8374-ABD93081F6AE}.Debug|arm.ActiveCfg = Debug|Any CPU
		{B76EE305-CA7C-494C-8374-ABD93081F6AE}.Debug|arm64.ActiveCfg = Debug|Any CPU
		{B76EE305-CA7C-494C-8374-ABD93081F6AE}.Debug|x64.ActiveCfg = Debug|Any CPU
		{B76EE305-CA7C-494C-8374-ABD93081F6AE}.Debug|x64.Build.0 = Debug|Any CPU
		{B76EE305-CA7C-494C-8374-ABD93081F6AE}.Debug|x86.ActiveCfg = Debug|Any CPU
		{B76EE305-CA7C-494C-8374-ABD93081F6AE}.Debug|x86.Build.0 = Debug|Any CPU
		{B76EE305-CA7C-494C-8374-ABD93081F6AE}.Release|Any CPU.ActiveCfg = Release|Any CPU
		{B76EE305-CA7C-494C-8374-ABD93081F6AE}.Release|Any CPU.Build.0 = Release|Any CPU
		{B76EE305-CA7C-494C-8374-ABD93081F6AE}.Release|arm.ActiveCfg = Release|Any CPU
		{B76EE305-CA7C-494C-8374-ABD93081F6AE}.Release|arm64.ActiveCfg = Release|Any CPU
		{B76EE305-CA7C-494C-8374-ABD93081F6AE}.Release|x64.ActiveCfg = Release|Any CPU
		{B76EE305-CA7C-494C-8374-ABD93081F6AE}.Release|x64.Build.0 = Release|Any CPU
		{B76EE305-CA7C-494C-8374-ABD93081F6AE}.Release|x86.ActiveCfg = Release|Any CPU
		{B76EE305-CA7C-494C-8374-ABD93081F6AE}.Release|x86.Build.0 = Release|Any CPU
		{B76EE305-CA7C-494C-8374-ABD93081F6AE}.Checked|Any CPU.ActiveCfg = Debug|Any CPU
		{B76EE305-CA7C-494C-8374-ABD93081F6AE}.Checked|arm.ActiveCfg = Debug|Any CPU
		{B76EE305-CA7C-494C-8374-ABD93081F6AE}.Checked|arm64.ActiveCfg = Debug|Any CPU
		{B76EE305-CA7C-494C-8374-ABD93081F6AE}.Checked|x64.ActiveCfg = Debug|Any CPU
		{B76EE305-CA7C-494C-8374-ABD93081F6AE}.Checked|x86.ActiveCfg = Debug|Any CPU
		{447797DB-DF70-4568-A323-F88A45A91026}.Debug|Any CPU.ActiveCfg = Debug|Any CPU
		{447797DB-DF70-4568-A323-F88A45A91026}.Debug|Any CPU.Build.0 = Debug|Any CPU
		{447797DB-DF70-4568-A323-F88A45A91026}.Debug|arm.ActiveCfg = Debug|Any CPU
		{447797DB-DF70-4568-A323-F88A45A91026}.Debug|arm64.ActiveCfg = Debug|Any CPU
		{447797DB-DF70-4568-A323-F88A45A91026}.Debug|x64.ActiveCfg = Debug|Any CPU
		{447797DB-DF70-4568-A323-F88A45A91026}.Debug|x64.Build.0 = Debug|Any CPU
		{447797DB-DF70-4568-A323-F88A45A91026}.Debug|x86.ActiveCfg = Debug|Any CPU
		{447797DB-DF70-4568-A323-F88A45A91026}.Debug|x86.Build.0 = Debug|Any CPU
		{447797DB-DF70-4568-A323-F88A45A91026}.Release|Any CPU.ActiveCfg = Release|Any CPU
		{447797DB-DF70-4568-A323-F88A45A91026}.Release|Any CPU.Build.0 = Release|Any CPU
		{447797DB-DF70-4568-A323-F88A45A91026}.Release|arm.ActiveCfg = Release|Any CPU
		{447797DB-DF70-4568-A323-F88A45A91026}.Release|arm64.ActiveCfg = Release|Any CPU
		{447797DB-DF70-4568-A323-F88A45A91026}.Release|x64.ActiveCfg = Release|Any CPU
		{447797DB-DF70-4568-A323-F88A45A91026}.Release|x64.Build.0 = Release|Any CPU
		{447797DB-DF70-4568-A323-F88A45A91026}.Release|x86.ActiveCfg = Release|Any CPU
		{447797DB-DF70-4568-A323-F88A45A91026}.Release|x86.Build.0 = Release|Any CPU
		{447797DB-DF70-4568-A323-F88A45A91026}.Checked|Any CPU.ActiveCfg = Debug|Any CPU
		{447797DB-DF70-4568-A323-F88A45A91026}.Checked|arm.ActiveCfg = Debug|Any CPU
		{447797DB-DF70-4568-A323-F88A45A91026}.Checked|arm64.ActiveCfg = Debug|Any CPU
		{447797DB-DF70-4568-A323-F88A45A91026}.Checked|x64.ActiveCfg = Debug|Any CPU
		{447797DB-DF70-4568-A323-F88A45A91026}.Checked|x86.ActiveCfg = Debug|Any CPU
		{CC3E8A04-504D-438A-B332-C27DD7783A33}.Debug|Any CPU.ActiveCfg = Debug|Any CPU
		{CC3E8A04-504D-438A-B332-C27DD7783A33}.Debug|Any CPU.Build.0 = Debug|Any CPU
		{CC3E8A04-504D-438A-B332-C27DD7783A33}.Debug|arm.ActiveCfg = Debug|Any CPU
		{CC3E8A04-504D-438A-B332-C27DD7783A33}.Debug|arm64.ActiveCfg = Debug|Any CPU
		{CC3E8A04-504D-438A-B332-C27DD7783A33}.Debug|x64.ActiveCfg = Debug|Any CPU
		{CC3E8A04-504D-438A-B332-C27DD7783A33}.Debug|x64.Build.0 = Debug|Any CPU
		{CC3E8A04-504D-438A-B332-C27DD7783A33}.Debug|x86.ActiveCfg = Debug|Any CPU
		{CC3E8A04-504D-438A-B332-C27DD7783A33}.Debug|x86.Build.0 = Debug|Any CPU
		{CC3E8A04-504D-438A-B332-C27DD7783A33}.Release|Any CPU.ActiveCfg = Release|Any CPU
		{CC3E8A04-504D-438A-B332-C27DD7783A33}.Release|Any CPU.Build.0 = Release|Any CPU
		{CC3E8A04-504D-438A-B332-C27DD7783A33}.Release|arm.ActiveCfg = Release|Any CPU
		{CC3E8A04-504D-438A-B332-C27DD7783A33}.Release|arm64.ActiveCfg = Release|Any CPU
		{CC3E8A04-504D-438A-B332-C27DD7783A33}.Release|x64.ActiveCfg = Release|Any CPU
		{CC3E8A04-504D-438A-B332-C27DD7783A33}.Release|x64.Build.0 = Release|Any CPU
		{CC3E8A04-504D-438A-B332-C27DD7783A33}.Release|x86.ActiveCfg = Release|Any CPU
		{CC3E8A04-504D-438A-B332-C27DD7783A33}.Release|x86.Build.0 = Release|Any CPU
		{CC3E8A04-504D-438A-B332-C27DD7783A33}.Checked|Any CPU.ActiveCfg = Debug|Any CPU
		{CC3E8A04-504D-438A-B332-C27DD7783A33}.Checked|arm.ActiveCfg = Debug|Any CPU
		{CC3E8A04-504D-438A-B332-C27DD7783A33}.Checked|arm64.ActiveCfg = Debug|Any CPU
		{CC3E8A04-504D-438A-B332-C27DD7783A33}.Checked|x64.ActiveCfg = Debug|Any CPU
		{CC3E8A04-504D-438A-B332-C27DD7783A33}.Checked|x86.ActiveCfg = Debug|Any CPU
		{2D833530-E133-4ACF-9C1C-12A9623DEE56}.Debug|Any CPU.ActiveCfg = Debug|Any CPU
		{2D833530-E133-4ACF-9C1C-12A9623DEE56}.Debug|Any CPU.Build.0 = Debug|Any CPU
		{2D833530-E133-4ACF-9C1C-12A9623DEE56}.Debug|arm.ActiveCfg = Debug|Any CPU
		{2D833530-E133-4ACF-9C1C-12A9623DEE56}.Debug|arm64.ActiveCfg = Debug|Any CPU
		{2D833530-E133-4ACF-9C1C-12A9623DEE56}.Debug|x64.ActiveCfg = Debug|Any CPU
		{2D833530-E133-4ACF-9C1C-12A9623DEE56}.Debug|x64.Build.0 = Debug|Any CPU
		{2D833530-E133-4ACF-9C1C-12A9623DEE56}.Debug|x86.ActiveCfg = Debug|Any CPU
		{2D833530-E133-4ACF-9C1C-12A9623DEE56}.Debug|x86.Build.0 = Debug|Any CPU
		{2D833530-E133-4ACF-9C1C-12A9623DEE56}.Release|Any CPU.ActiveCfg = Release|Any CPU
		{2D833530-E133-4ACF-9C1C-12A9623DEE56}.Release|Any CPU.Build.0 = Release|Any CPU
		{2D833530-E133-4ACF-9C1C-12A9623DEE56}.Release|arm.ActiveCfg = Release|Any CPU
		{2D833530-E133-4ACF-9C1C-12A9623DEE56}.Release|arm64.ActiveCfg = Release|Any CPU
		{2D833530-E133-4ACF-9C1C-12A9623DEE56}.Release|x64.ActiveCfg = Release|Any CPU
		{2D833530-E133-4ACF-9C1C-12A9623DEE56}.Release|x64.Build.0 = Release|Any CPU
		{2D833530-E133-4ACF-9C1C-12A9623DEE56}.Release|x86.ActiveCfg = Release|Any CPU
		{2D833530-E133-4ACF-9C1C-12A9623DEE56}.Release|x86.Build.0 = Release|Any CPU
		{2D833530-E133-4ACF-9C1C-12A9623DEE56}.Checked|Any CPU.ActiveCfg = Debug|Any CPU
		{2D833530-E133-4ACF-9C1C-12A9623DEE56}.Checked|arm.ActiveCfg = Debug|Any CPU
		{2D833530-E133-4ACF-9C1C-12A9623DEE56}.Checked|arm64.ActiveCfg = Debug|Any CPU
		{2D833530-E133-4ACF-9C1C-12A9623DEE56}.Checked|x64.ActiveCfg = Debug|Any CPU
		{2D833530-E133-4ACF-9C1C-12A9623DEE56}.Checked|x86.ActiveCfg = Debug|Any CPU
		{986272FB-E5C6-4881-9867-DC3427D883AE}.Debug|Any CPU.ActiveCfg = Debug|Any CPU
		{986272FB-E5C6-4881-9867-DC3427D883AE}.Debug|Any CPU.Build.0 = Debug|Any CPU
		{986272FB-E5C6-4881-9867-DC3427D883AE}.Debug|arm.ActiveCfg = Debug|Any CPU
		{986272FB-E5C6-4881-9867-DC3427D883AE}.Debug|arm64.ActiveCfg = Debug|Any CPU
		{986272FB-E5C6-4881-9867-DC3427D883AE}.Debug|x64.ActiveCfg = Debug|Any CPU
		{986272FB-E5C6-4881-9867-DC3427D883AE}.Debug|x64.Build.0 = Debug|Any CPU
		{986272FB-E5C6-4881-9867-DC3427D883AE}.Debug|x86.ActiveCfg = Debug|Any CPU
		{986272FB-E5C6-4881-9867-DC3427D883AE}.Debug|x86.Build.0 = Debug|Any CPU
		{986272FB-E5C6-4881-9867-DC3427D883AE}.Release|Any CPU.ActiveCfg = Release|Any CPU
		{986272FB-E5C6-4881-9867-DC3427D883AE}.Release|Any CPU.Build.0 = Release|Any CPU
		{986272FB-E5C6-4881-9867-DC3427D883AE}.Release|arm.ActiveCfg = Release|Any CPU
		{986272FB-E5C6-4881-9867-DC3427D883AE}.Release|arm64.ActiveCfg = Release|Any CPU
		{986272FB-E5C6-4881-9867-DC3427D883AE}.Release|x64.ActiveCfg = Release|Any CPU
		{986272FB-E5C6-4881-9867-DC3427D883AE}.Release|x64.Build.0 = Release|Any CPU
		{986272FB-E5C6-4881-9867-DC3427D883AE}.Release|x86.ActiveCfg = Release|Any CPU
		{986272FB-E5C6-4881-9867-DC3427D883AE}.Release|x86.Build.0 = Release|Any CPU
		{986272FB-E5C6-4881-9867-DC3427D883AE}.Checked|Any CPU.ActiveCfg = Debug|Any CPU
		{986272FB-E5C6-4881-9867-DC3427D883AE}.Checked|arm.ActiveCfg = Debug|Any CPU
		{986272FB-E5C6-4881-9867-DC3427D883AE}.Checked|arm64.ActiveCfg = Debug|Any CPU
		{986272FB-E5C6-4881-9867-DC3427D883AE}.Checked|x64.ActiveCfg = Debug|Any CPU
		{986272FB-E5C6-4881-9867-DC3427D883AE}.Checked|x86.ActiveCfg = Debug|Any CPU
		{AFBFBBE6-F5EC-4889-9F34-03E07562630D}.Debug|Any CPU.ActiveCfg = Debug|Any CPU
		{AFBFBBE6-F5EC-4889-9F34-03E07562630D}.Debug|Any CPU.Build.0 = Debug|Any CPU
		{AFBFBBE6-F5EC-4889-9F34-03E07562630D}.Debug|arm.ActiveCfg = Debug|Any CPU
		{AFBFBBE6-F5EC-4889-9F34-03E07562630D}.Debug|arm64.ActiveCfg = Debug|Any CPU
		{AFBFBBE6-F5EC-4889-9F34-03E07562630D}.Debug|x64.ActiveCfg = Debug|Any CPU
		{AFBFBBE6-F5EC-4889-9F34-03E07562630D}.Debug|x64.Build.0 = Debug|Any CPU
		{AFBFBBE6-F5EC-4889-9F34-03E07562630D}.Debug|x86.ActiveCfg = Debug|Any CPU
		{AFBFBBE6-F5EC-4889-9F34-03E07562630D}.Debug|x86.Build.0 = Debug|Any CPU
		{AFBFBBE6-F5EC-4889-9F34-03E07562630D}.Release|Any CPU.ActiveCfg = Release|Any CPU
		{AFBFBBE6-F5EC-4889-9F34-03E07562630D}.Release|Any CPU.Build.0 = Release|Any CPU
		{AFBFBBE6-F5EC-4889-9F34-03E07562630D}.Release|arm.ActiveCfg = Release|Any CPU
		{AFBFBBE6-F5EC-4889-9F34-03E07562630D}.Release|arm64.ActiveCfg = Release|Any CPU
		{AFBFBBE6-F5EC-4889-9F34-03E07562630D}.Release|x64.ActiveCfg = Release|Any CPU
		{AFBFBBE6-F5EC-4889-9F34-03E07562630D}.Release|x64.Build.0 = Release|Any CPU
		{AFBFBBE6-F5EC-4889-9F34-03E07562630D}.Release|x86.ActiveCfg = Release|Any CPU
		{AFBFBBE6-F5EC-4889-9F34-03E07562630D}.Release|x86.Build.0 = Release|Any CPU
		{AFBFBBE6-F5EC-4889-9F34-03E07562630D}.Checked|Any CPU.ActiveCfg = Debug|Any CPU
		{AFBFBBE6-F5EC-4889-9F34-03E07562630D}.Checked|arm.ActiveCfg = Debug|Any CPU
		{AFBFBBE6-F5EC-4889-9F34-03E07562630D}.Checked|arm64.ActiveCfg = Debug|Any CPU
		{AFBFBBE6-F5EC-4889-9F34-03E07562630D}.Checked|x64.ActiveCfg = Debug|Any CPU
		{AFBFBBE6-F5EC-4889-9F34-03E07562630D}.Checked|x86.ActiveCfg = Debug|Any CPU
		{45E0A981-A131-4147-94E7-49AAC45F5D14}.Debug|Any CPU.ActiveCfg = Debug|Any CPU
		{45E0A981-A131-4147-94E7-49AAC45F5D14}.Debug|Any CPU.Build.0 = Debug|Any CPU
		{45E0A981-A131-4147-94E7-49AAC45F5D14}.Debug|arm.ActiveCfg = Debug|Any CPU
		{45E0A981-A131-4147-94E7-49AAC45F5D14}.Debug|arm64.ActiveCfg = Debug|Any CPU
		{45E0A981-A131-4147-94E7-49AAC45F5D14}.Debug|x64.ActiveCfg = Debug|Any CPU
		{45E0A981-A131-4147-94E7-49AAC45F5D14}.Debug|x64.Build.0 = Debug|Any CPU
		{45E0A981-A131-4147-94E7-49AAC45F5D14}.Debug|x86.ActiveCfg = Debug|Any CPU
		{45E0A981-A131-4147-94E7-49AAC45F5D14}.Debug|x86.Build.0 = Debug|Any CPU
		{45E0A981-A131-4147-94E7-49AAC45F5D14}.Release|Any CPU.ActiveCfg = Release|Any CPU
		{45E0A981-A131-4147-94E7-49AAC45F5D14}.Release|Any CPU.Build.0 = Release|Any CPU
		{45E0A981-A131-4147-94E7-49AAC45F5D14}.Release|arm.ActiveCfg = Release|Any CPU
		{45E0A981-A131-4147-94E7-49AAC45F5D14}.Release|arm64.ActiveCfg = Release|Any CPU
		{45E0A981-A131-4147-94E7-49AAC45F5D14}.Release|x64.ActiveCfg = Release|Any CPU
		{45E0A981-A131-4147-94E7-49AAC45F5D14}.Release|x64.Build.0 = Release|Any CPU
		{45E0A981-A131-4147-94E7-49AAC45F5D14}.Release|x86.ActiveCfg = Release|Any CPU
		{45E0A981-A131-4147-94E7-49AAC45F5D14}.Release|x86.Build.0 = Release|Any CPU
		{45E0A981-A131-4147-94E7-49AAC45F5D14}.Checked|Any CPU.ActiveCfg = Debug|Any CPU
		{45E0A981-A131-4147-94E7-49AAC45F5D14}.Checked|arm.ActiveCfg = Debug|Any CPU
		{45E0A981-A131-4147-94E7-49AAC45F5D14}.Checked|arm64.ActiveCfg = Debug|Any CPU
		{45E0A981-A131-4147-94E7-49AAC45F5D14}.Checked|x64.ActiveCfg = Debug|Any CPU
		{45E0A981-A131-4147-94E7-49AAC45F5D14}.Checked|x86.ActiveCfg = Debug|Any CPU
		{6383A7BA-20DC-4025-9BB3-E1C6FEA669E8}.Debug|Any CPU.ActiveCfg = Debug|Any CPU
		{6383A7BA-20DC-4025-9BB3-E1C6FEA669E8}.Debug|Any CPU.Build.0 = Debug|Any CPU
		{6383A7BA-20DC-4025-9BB3-E1C6FEA669E8}.Debug|arm.ActiveCfg = Debug|Any CPU
		{6383A7BA-20DC-4025-9BB3-E1C6FEA669E8}.Debug|arm64.ActiveCfg = Debug|Any CPU
		{6383A7BA-20DC-4025-9BB3-E1C6FEA669E8}.Debug|x64.ActiveCfg = Debug|Any CPU
		{6383A7BA-20DC-4025-9BB3-E1C6FEA669E8}.Debug|x64.Build.0 = Debug|Any CPU
		{6383A7BA-20DC-4025-9BB3-E1C6FEA669E8}.Debug|x86.ActiveCfg = Debug|Any CPU
		{6383A7BA-20DC-4025-9BB3-E1C6FEA669E8}.Debug|x86.Build.0 = Debug|Any CPU
		{6383A7BA-20DC-4025-9BB3-E1C6FEA669E8}.Release|Any CPU.ActiveCfg = Release|Any CPU
		{6383A7BA-20DC-4025-9BB3-E1C6FEA669E8}.Release|Any CPU.Build.0 = Release|Any CPU
		{6383A7BA-20DC-4025-9BB3-E1C6FEA669E8}.Release|arm.ActiveCfg = Release|Any CPU
		{6383A7BA-20DC-4025-9BB3-E1C6FEA669E8}.Release|arm64.ActiveCfg = Release|Any CPU
		{6383A7BA-20DC-4025-9BB3-E1C6FEA669E8}.Release|x64.ActiveCfg = Release|Any CPU
		{6383A7BA-20DC-4025-9BB3-E1C6FEA669E8}.Release|x64.Build.0 = Release|Any CPU
		{6383A7BA-20DC-4025-9BB3-E1C6FEA669E8}.Release|x86.ActiveCfg = Release|Any CPU
		{6383A7BA-20DC-4025-9BB3-E1C6FEA669E8}.Release|x86.Build.0 = Release|Any CPU
		{6383A7BA-20DC-4025-9BB3-E1C6FEA669E8}.Checked|Any CPU.ActiveCfg = Debug|Any CPU
		{6383A7BA-20DC-4025-9BB3-E1C6FEA669E8}.Checked|arm.ActiveCfg = Debug|Any CPU
		{6383A7BA-20DC-4025-9BB3-E1C6FEA669E8}.Checked|arm64.ActiveCfg = Debug|Any CPU
		{6383A7BA-20DC-4025-9BB3-E1C6FEA669E8}.Checked|x64.ActiveCfg = Debug|Any CPU
		{6383A7BA-20DC-4025-9BB3-E1C6FEA669E8}.Checked|x86.ActiveCfg = Debug|Any CPU
		{A154C9F1-845A-4596-9061-92C462E971A6}.Debug|Any CPU.ActiveCfg = Debug|Any CPU
		{A154C9F1-845A-4596-9061-92C462E971A6}.Debug|Any CPU.Build.0 = Debug|Any CPU
		{A154C9F1-845A-4596-9061-92C462E971A6}.Debug|arm.ActiveCfg = Debug|Any CPU
		{A154C9F1-845A-4596-9061-92C462E971A6}.Debug|arm64.ActiveCfg = Debug|Any CPU
		{A154C9F1-845A-4596-9061-92C462E971A6}.Debug|x64.ActiveCfg = Debug|Any CPU
		{A154C9F1-845A-4596-9061-92C462E971A6}.Debug|x64.Build.0 = Debug|Any CPU
		{A154C9F1-845A-4596-9061-92C462E971A6}.Debug|x86.ActiveCfg = Debug|Any CPU
		{A154C9F1-845A-4596-9061-92C462E971A6}.Debug|x86.Build.0 = Debug|Any CPU
		{A154C9F1-845A-4596-9061-92C462E971A6}.Release|Any CPU.ActiveCfg = Release|Any CPU
		{A154C9F1-845A-4596-9061-92C462E971A6}.Release|Any CPU.Build.0 = Release|Any CPU
		{A154C9F1-845A-4596-9061-92C462E971A6}.Release|arm.ActiveCfg = Release|Any CPU
		{A154C9F1-845A-4596-9061-92C462E971A6}.Release|arm64.ActiveCfg = Release|Any CPU
		{A154C9F1-845A-4596-9061-92C462E971A6}.Release|x64.ActiveCfg = Release|Any CPU
		{A154C9F1-845A-4596-9061-92C462E971A6}.Release|x64.Build.0 = Release|Any CPU
		{A154C9F1-845A-4596-9061-92C462E971A6}.Release|x86.ActiveCfg = Release|Any CPU
		{A154C9F1-845A-4596-9061-92C462E971A6}.Release|x86.Build.0 = Release|Any CPU
		{A154C9F1-845A-4596-9061-92C462E971A6}.Checked|Any CPU.ActiveCfg = Debug|Any CPU
		{A154C9F1-845A-4596-9061-92C462E971A6}.Checked|arm.ActiveCfg = Debug|Any CPU
		{A154C9F1-845A-4596-9061-92C462E971A6}.Checked|arm64.ActiveCfg = Debug|Any CPU
		{A154C9F1-845A-4596-9061-92C462E971A6}.Checked|x64.ActiveCfg = Debug|Any CPU
		{A154C9F1-845A-4596-9061-92C462E971A6}.Checked|x86.ActiveCfg = Debug|Any CPU
		{EC5D61F1-E77B-4E3D-968C-710FCFB9E028}.Debug|Any CPU.ActiveCfg = Debug|Any CPU
		{EC5D61F1-E77B-4E3D-968C-710FCFB9E028}.Debug|Any CPU.Build.0 = Debug|Any CPU
		{EC5D61F1-E77B-4E3D-968C-710FCFB9E028}.Debug|arm.ActiveCfg = Debug|Any CPU
		{EC5D61F1-E77B-4E3D-968C-710FCFB9E028}.Debug|arm64.ActiveCfg = Debug|Any CPU
		{EC5D61F1-E77B-4E3D-968C-710FCFB9E028}.Debug|x64.ActiveCfg = Debug|Any CPU
		{EC5D61F1-E77B-4E3D-968C-710FCFB9E028}.Debug|x64.Build.0 = Debug|Any CPU
		{EC5D61F1-E77B-4E3D-968C-710FCFB9E028}.Debug|x86.ActiveCfg = Debug|Any CPU
		{EC5D61F1-E77B-4E3D-968C-710FCFB9E028}.Debug|x86.Build.0 = Debug|Any CPU
		{EC5D61F1-E77B-4E3D-968C-710FCFB9E028}.Release|Any CPU.ActiveCfg = Release|Any CPU
		{EC5D61F1-E77B-4E3D-968C-710FCFB9E028}.Release|Any CPU.Build.0 = Release|Any CPU
		{EC5D61F1-E77B-4E3D-968C-710FCFB9E028}.Release|arm.ActiveCfg = Release|Any CPU
		{EC5D61F1-E77B-4E3D-968C-710FCFB9E028}.Release|arm64.ActiveCfg = Release|Any CPU
		{EC5D61F1-E77B-4E3D-968C-710FCFB9E028}.Release|x64.ActiveCfg = Release|Any CPU
		{EC5D61F1-E77B-4E3D-968C-710FCFB9E028}.Release|x64.Build.0 = Release|Any CPU
		{EC5D61F1-E77B-4E3D-968C-710FCFB9E028}.Release|x86.ActiveCfg = Release|Any CPU
		{EC5D61F1-E77B-4E3D-968C-710FCFB9E028}.Release|x86.Build.0 = Release|Any CPU
		{EC5D61F1-E77B-4E3D-968C-710FCFB9E028}.Checked|Any CPU.ActiveCfg = Debug|Any CPU
		{EC5D61F1-E77B-4E3D-968C-710FCFB9E028}.Checked|arm.ActiveCfg = Debug|Any CPU
		{EC5D61F1-E77B-4E3D-968C-710FCFB9E028}.Checked|arm64.ActiveCfg = Debug|Any CPU
		{EC5D61F1-E77B-4E3D-968C-710FCFB9E028}.Checked|x64.ActiveCfg = Debug|Any CPU
		{EC5D61F1-E77B-4E3D-968C-710FCFB9E028}.Checked|x86.ActiveCfg = Debug|Any CPU
		{EA4D9319-C5FB-4829-BB2F-E0FAA1DE79E3}.Debug|Any CPU.ActiveCfg = Debug|Any CPU
		{EA4D9319-C5FB-4829-BB2F-E0FAA1DE79E3}.Debug|Any CPU.Build.0 = Debug|Any CPU
		{EA4D9319-C5FB-4829-BB2F-E0FAA1DE79E3}.Debug|arm.ActiveCfg = Debug|Any CPU
		{EA4D9319-C5FB-4829-BB2F-E0FAA1DE79E3}.Debug|arm64.ActiveCfg = Debug|Any CPU
		{EA4D9319-C5FB-4829-BB2F-E0FAA1DE79E3}.Debug|x64.ActiveCfg = Debug|Any CPU
		{EA4D9319-C5FB-4829-BB2F-E0FAA1DE79E3}.Debug|x64.Build.0 = Debug|Any CPU
		{EA4D9319-C5FB-4829-BB2F-E0FAA1DE79E3}.Debug|x86.ActiveCfg = Debug|Any CPU
		{EA4D9319-C5FB-4829-BB2F-E0FAA1DE79E3}.Debug|x86.Build.0 = Debug|Any CPU
		{EA4D9319-C5FB-4829-BB2F-E0FAA1DE79E3}.Release|Any CPU.ActiveCfg = Release|Any CPU
		{EA4D9319-C5FB-4829-BB2F-E0FAA1DE79E3}.Release|Any CPU.Build.0 = Release|Any CPU
		{EA4D9319-C5FB-4829-BB2F-E0FAA1DE79E3}.Release|arm.ActiveCfg = Release|Any CPU
		{EA4D9319-C5FB-4829-BB2F-E0FAA1DE79E3}.Release|arm64.ActiveCfg = Release|Any CPU
		{EA4D9319-C5FB-4829-BB2F-E0FAA1DE79E3}.Release|x64.ActiveCfg = Release|Any CPU
		{EA4D9319-C5FB-4829-BB2F-E0FAA1DE79E3}.Release|x64.Build.0 = Release|Any CPU
		{EA4D9319-C5FB-4829-BB2F-E0FAA1DE79E3}.Release|x86.ActiveCfg = Release|Any CPU
		{EA4D9319-C5FB-4829-BB2F-E0FAA1DE79E3}.Release|x86.Build.0 = Release|Any CPU
		{EA4D9319-C5FB-4829-BB2F-E0FAA1DE79E3}.Checked|Any CPU.ActiveCfg = Debug|Any CPU
		{EA4D9319-C5FB-4829-BB2F-E0FAA1DE79E3}.Checked|arm.ActiveCfg = Debug|Any CPU
		{EA4D9319-C5FB-4829-BB2F-E0FAA1DE79E3}.Checked|arm64.ActiveCfg = Debug|Any CPU
		{EA4D9319-C5FB-4829-BB2F-E0FAA1DE79E3}.Checked|x64.ActiveCfg = Debug|Any CPU
		{EA4D9319-C5FB-4829-BB2F-E0FAA1DE79E3}.Checked|x86.ActiveCfg = Debug|Any CPU
		{FDBA4009-E8BE-4E64-8121-FBA67E0B8455}.Debug|Any CPU.ActiveCfg = Debug|Any CPU
		{FDBA4009-E8BE-4E64-8121-FBA67E0B8455}.Debug|Any CPU.Build.0 = Debug|Any CPU
		{FDBA4009-E8BE-4E64-8121-FBA67E0B8455}.Debug|arm.ActiveCfg = Debug|Any CPU
		{FDBA4009-E8BE-4E64-8121-FBA67E0B8455}.Debug|arm64.ActiveCfg = Debug|Any CPU
		{FDBA4009-E8BE-4E64-8121-FBA67E0B8455}.Debug|x64.ActiveCfg = Debug|Any CPU
		{FDBA4009-E8BE-4E64-8121-FBA67E0B8455}.Debug|x64.Build.0 = Debug|Any CPU
		{FDBA4009-E8BE-4E64-8121-FBA67E0B8455}.Debug|x86.ActiveCfg = Debug|Any CPU
		{FDBA4009-E8BE-4E64-8121-FBA67E0B8455}.Debug|x86.Build.0 = Debug|Any CPU
		{FDBA4009-E8BE-4E64-8121-FBA67E0B8455}.Release|Any CPU.ActiveCfg = Release|Any CPU
		{FDBA4009-E8BE-4E64-8121-FBA67E0B8455}.Release|Any CPU.Build.0 = Release|Any CPU
		{FDBA4009-E8BE-4E64-8121-FBA67E0B8455}.Release|arm.ActiveCfg = Release|Any CPU
		{FDBA4009-E8BE-4E64-8121-FBA67E0B8455}.Release|arm64.ActiveCfg = Release|Any CPU
		{FDBA4009-E8BE-4E64-8121-FBA67E0B8455}.Release|x64.ActiveCfg = Release|Any CPU
		{FDBA4009-E8BE-4E64-8121-FBA67E0B8455}.Release|x64.Build.0 = Release|Any CPU
		{FDBA4009-E8BE-4E64-8121-FBA67E0B8455}.Release|x86.ActiveCfg = Release|Any CPU
		{FDBA4009-E8BE-4E64-8121-FBA67E0B8455}.Release|x86.Build.0 = Release|Any CPU
		{FDBA4009-E8BE-4E64-8121-FBA67E0B8455}.Checked|Any CPU.ActiveCfg = Debug|Any CPU
		{FDBA4009-E8BE-4E64-8121-FBA67E0B8455}.Checked|arm.ActiveCfg = Debug|Any CPU
		{FDBA4009-E8BE-4E64-8121-FBA67E0B8455}.Checked|arm64.ActiveCfg = Debug|Any CPU
		{FDBA4009-E8BE-4E64-8121-FBA67E0B8455}.Checked|x64.ActiveCfg = Debug|Any CPU
		{FDBA4009-E8BE-4E64-8121-FBA67E0B8455}.Checked|x86.ActiveCfg = Debug|Any CPU
		{4CD58207-3CDE-4C05-978E-FE75F544B2C5}.Debug|Any CPU.ActiveCfg = Debug|Any CPU
		{4CD58207-3CDE-4C05-978E-FE75F544B2C5}.Debug|Any CPU.Build.0 = Debug|Any CPU
		{4CD58207-3CDE-4C05-978E-FE75F544B2C5}.Debug|arm.ActiveCfg = Debug|Any CPU
		{4CD58207-3CDE-4C05-978E-FE75F544B2C5}.Debug|arm64.ActiveCfg = Debug|Any CPU
		{4CD58207-3CDE-4C05-978E-FE75F544B2C5}.Debug|x64.ActiveCfg = Debug|Any CPU
		{4CD58207-3CDE-4C05-978E-FE75F544B2C5}.Debug|x64.Build.0 = Debug|Any CPU
		{4CD58207-3CDE-4C05-978E-FE75F544B2C5}.Debug|x86.ActiveCfg = Debug|Any CPU
		{4CD58207-3CDE-4C05-978E-FE75F544B2C5}.Debug|x86.Build.0 = Debug|Any CPU
		{4CD58207-3CDE-4C05-978E-FE75F544B2C5}.Release|Any CPU.ActiveCfg = Release|Any CPU
		{4CD58207-3CDE-4C05-978E-FE75F544B2C5}.Release|Any CPU.Build.0 = Release|Any CPU
		{4CD58207-3CDE-4C05-978E-FE75F544B2C5}.Release|arm.ActiveCfg = Release|Any CPU
		{4CD58207-3CDE-4C05-978E-FE75F544B2C5}.Release|arm64.ActiveCfg = Release|Any CPU
		{4CD58207-3CDE-4C05-978E-FE75F544B2C5}.Release|x64.ActiveCfg = Release|Any CPU
		{4CD58207-3CDE-4C05-978E-FE75F544B2C5}.Release|x64.Build.0 = Release|Any CPU
		{4CD58207-3CDE-4C05-978E-FE75F544B2C5}.Release|x86.ActiveCfg = Release|Any CPU
		{4CD58207-3CDE-4C05-978E-FE75F544B2C5}.Release|x86.Build.0 = Release|Any CPU
		{4CD58207-3CDE-4C05-978E-FE75F544B2C5}.Checked|Any CPU.ActiveCfg = Debug|Any CPU
		{4CD58207-3CDE-4C05-978E-FE75F544B2C5}.Checked|arm.ActiveCfg = Debug|Any CPU
		{4CD58207-3CDE-4C05-978E-FE75F544B2C5}.Checked|arm64.ActiveCfg = Debug|Any CPU
		{4CD58207-3CDE-4C05-978E-FE75F544B2C5}.Checked|x64.ActiveCfg = Debug|Any CPU
		{4CD58207-3CDE-4C05-978E-FE75F544B2C5}.Checked|x86.ActiveCfg = Debug|Any CPU
		{5A99AE6A-15BE-4F29-BDC3-C1868750F891}.Debug|Any CPU.ActiveCfg = Debug|Any CPU
		{5A99AE6A-15BE-4F29-BDC3-C1868750F891}.Debug|Any CPU.Build.0 = Debug|Any CPU
		{5A99AE6A-15BE-4F29-BDC3-C1868750F891}.Debug|arm.ActiveCfg = Debug|Any CPU
		{5A99AE6A-15BE-4F29-BDC3-C1868750F891}.Debug|arm64.ActiveCfg = Debug|Any CPU
		{5A99AE6A-15BE-4F29-BDC3-C1868750F891}.Debug|x64.ActiveCfg = Debug|Any CPU
		{5A99AE6A-15BE-4F29-BDC3-C1868750F891}.Debug|x64.Build.0 = Debug|Any CPU
		{5A99AE6A-15BE-4F29-BDC3-C1868750F891}.Debug|x86.ActiveCfg = Debug|Any CPU
		{5A99AE6A-15BE-4F29-BDC3-C1868750F891}.Debug|x86.Build.0 = Debug|Any CPU
		{5A99AE6A-15BE-4F29-BDC3-C1868750F891}.Release|Any CPU.ActiveCfg = Release|Any CPU
		{5A99AE6A-15BE-4F29-BDC3-C1868750F891}.Release|Any CPU.Build.0 = Release|Any CPU
		{5A99AE6A-15BE-4F29-BDC3-C1868750F891}.Release|arm.ActiveCfg = Release|Any CPU
		{5A99AE6A-15BE-4F29-BDC3-C1868750F891}.Release|arm64.ActiveCfg = Release|Any CPU
		{5A99AE6A-15BE-4F29-BDC3-C1868750F891}.Release|x64.ActiveCfg = Release|Any CPU
		{5A99AE6A-15BE-4F29-BDC3-C1868750F891}.Release|x64.Build.0 = Release|Any CPU
		{5A99AE6A-15BE-4F29-BDC3-C1868750F891}.Release|x86.ActiveCfg = Release|Any CPU
		{5A99AE6A-15BE-4F29-BDC3-C1868750F891}.Release|x86.Build.0 = Release|Any CPU
		{5A99AE6A-15BE-4F29-BDC3-C1868750F891}.Checked|Any CPU.ActiveCfg = Debug|Any CPU
		{5A99AE6A-15BE-4F29-BDC3-C1868750F891}.Checked|arm.ActiveCfg = Debug|Any CPU
		{5A99AE6A-15BE-4F29-BDC3-C1868750F891}.Checked|arm64.ActiveCfg = Debug|Any CPU
		{5A99AE6A-15BE-4F29-BDC3-C1868750F891}.Checked|x64.ActiveCfg = Debug|Any CPU
		{5A99AE6A-15BE-4F29-BDC3-C1868750F891}.Checked|x86.ActiveCfg = Debug|Any CPU
		{88BF890E-ED98-4505-8710-F9FB3DE5CE64}.Debug|Any CPU.ActiveCfg = Debug|Any CPU
		{88BF890E-ED98-4505-8710-F9FB3DE5CE64}.Debug|Any CPU.Build.0 = Debug|Any CPU
		{88BF890E-ED98-4505-8710-F9FB3DE5CE64}.Debug|arm.ActiveCfg = Debug|Any CPU
		{88BF890E-ED98-4505-8710-F9FB3DE5CE64}.Debug|arm64.ActiveCfg = Debug|Any CPU
		{88BF890E-ED98-4505-8710-F9FB3DE5CE64}.Debug|x64.ActiveCfg = Debug|Any CPU
		{88BF890E-ED98-4505-8710-F9FB3DE5CE64}.Debug|x64.Build.0 = Debug|Any CPU
		{88BF890E-ED98-4505-8710-F9FB3DE5CE64}.Debug|x86.ActiveCfg = Debug|Any CPU
		{88BF890E-ED98-4505-8710-F9FB3DE5CE64}.Debug|x86.Build.0 = Debug|Any CPU
		{88BF890E-ED98-4505-8710-F9FB3DE5CE64}.Release|Any CPU.ActiveCfg = Release|Any CPU
		{88BF890E-ED98-4505-8710-F9FB3DE5CE64}.Release|Any CPU.Build.0 = Release|Any CPU
		{88BF890E-ED98-4505-8710-F9FB3DE5CE64}.Release|arm.ActiveCfg = Release|Any CPU
		{88BF890E-ED98-4505-8710-F9FB3DE5CE64}.Release|arm64.ActiveCfg = Release|Any CPU
		{88BF890E-ED98-4505-8710-F9FB3DE5CE64}.Release|x64.ActiveCfg = Release|Any CPU
		{88BF890E-ED98-4505-8710-F9FB3DE5CE64}.Release|x64.Build.0 = Release|Any CPU
		{88BF890E-ED98-4505-8710-F9FB3DE5CE64}.Release|x86.ActiveCfg = Release|Any CPU
		{88BF890E-ED98-4505-8710-F9FB3DE5CE64}.Release|x86.Build.0 = Release|Any CPU
		{88BF890E-ED98-4505-8710-F9FB3DE5CE64}.Checked|Any CPU.ActiveCfg = Debug|Any CPU
		{88BF890E-ED98-4505-8710-F9FB3DE5CE64}.Checked|arm.ActiveCfg = Debug|Any CPU
		{88BF890E-ED98-4505-8710-F9FB3DE5CE64}.Checked|arm64.ActiveCfg = Debug|Any CPU
		{88BF890E-ED98-4505-8710-F9FB3DE5CE64}.Checked|x64.ActiveCfg = Debug|Any CPU
		{88BF890E-ED98-4505-8710-F9FB3DE5CE64}.Checked|x86.ActiveCfg = Debug|Any CPU
	EndGlobalSection
	GlobalSection(SolutionProperties) = preSolution
		HideSolutionNode = FALSE
	EndGlobalSection
	GlobalSection(NestedProjects) = preSolution
		{537CECFF-20AE-4AD4-A433-C1753A88E4E8} = {7CAD8D92-ABBF-4ED8-ACF7-7121F99F89EC}
		{6DBEA1D1-448D-4C27-B329-19F4F214E536} = {7CAD8D92-ABBF-4ED8-ACF7-7121F99F89EC}
		{2AC9B23C-C788-4607-86EB-E7F66F14AFDB} = {7CAD8D92-ABBF-4ED8-ACF7-7121F99F89EC}
		{F4F0D06A-2324-4B3F-A2D2-E74330DA1B7C} = {7CAD8D92-ABBF-4ED8-ACF7-7121F99F89EC}
		{57970B50-FB9F-40A5-9073-A7A48A473682} = {7CAD8D92-ABBF-4ED8-ACF7-7121F99F89EC}
		{A4864A61-7A24-4FE6-9C55-76A645D41BCE} = {7CAD8D92-ABBF-4ED8-ACF7-7121F99F89EC}
		{6311C025-F6D3-43A0-A9DA-A58AA6602568} = {7CAD8D92-ABBF-4ED8-ACF7-7121F99F89EC}
		{2D833530-E133-4ACF-9C1C-12A9623DEE56} = {7CAD8D92-ABBF-4ED8-ACF7-7121F99F89EC}
		{AFBFBBE6-F5EC-4889-9F34-03E07562630D} = {7CAD8D92-ABBF-4ED8-ACF7-7121F99F89EC}
		{6383A7BA-20DC-4025-9BB3-E1C6FEA669E8} = {7CAD8D92-ABBF-4ED8-ACF7-7121F99F89EC}
		{EC5D61F1-E77B-4E3D-968C-710FCFB9E028} = {7CAD8D92-ABBF-4ED8-ACF7-7121F99F89EC}
		{4DD7C7A6-6F4C-497B-A836-20F2D4F66748} = {28BE2B3F-890C-45EF-B90A-9FA92302365E}
		{AA05074D-88AF-482E-A44A-F1AC13494E9F} = {28BE2B3F-890C-45EF-B90A-9FA92302365E}
		{D2CB0E92-8F52-49A3-A2CA-9F77C8ED4A6D} = {C315269F-EEA6-4F74-BA10-65ECAA6351C8}
		{7F228E60-0AD6-4CBE-BD88-2D9AFCCE5B16} = {C315269F-EEA6-4F74-BA10-65ECAA6351C8}
		{2F5E19AA-B790-403E-860E-2569CC1ADF02} = {C315269F-EEA6-4F74-BA10-65ECAA6351C8}
		{B8D8A7D0-EAE7-4D04-97CA-7B14DA9D0BD5} = {C315269F-EEA6-4F74-BA10-65ECAA6351C8}
		{CC3E8A04-504D-438A-B332-C27DD7783A33} = {C315269F-EEA6-4F74-BA10-65ECAA6351C8}
		{986272FB-E5C6-4881-9867-DC3427D883AE} = {C315269F-EEA6-4F74-BA10-65ECAA6351C8}
		{45E0A981-A131-4147-94E7-49AAC45F5D14} = {C315269F-EEA6-4F74-BA10-65ECAA6351C8}
		{A154C9F1-845A-4596-9061-92C462E971A6} = {C315269F-EEA6-4F74-BA10-65ECAA6351C8}
		{7D95B81C-25A6-4E6A-88E9-A8BBE59538BE} = {5E28270B-1EEB-4D0E-9A3C-6959BEA9647E}
		{B76EE305-CA7C-494C-8374-ABD93081F6AE} = {5E28270B-1EEB-4D0E-9A3C-6959BEA9647E}
		{447797DB-DF70-4568-A323-F88A45A91026} = {5E28270B-1EEB-4D0E-9A3C-6959BEA9647E}
		{EA4D9319-C5FB-4829-BB2F-E0FAA1DE79E3} = {191AA172-B1CF-40FE-8B10-707FF5A6684F}
		{FDBA4009-E8BE-4E64-8121-FBA67E0B8455} = {191AA172-B1CF-40FE-8B10-707FF5A6684F}
		{191AA172-B1CF-40FE-8B10-707FF5A6684F} = {A278FE36-D732-4708-978F-C47FEC428E1D}
		{4CD58207-3CDE-4C05-978E-FE75F544B2C5} = {5C5F1A98-51A5-4FDF-A61A-179A5D37E03D}
		{5A99AE6A-15BE-4F29-BDC3-C1868750F891} = {5C5F1A98-51A5-4FDF-A61A-179A5D37E03D}
		{5C5F1A98-51A5-4FDF-A61A-179A5D37E03D} = {A278FE36-D732-4708-978F-C47FEC428E1D}
		{88BF890E-ED98-4505-8710-F9FB3DE5CE64} = {A04A3FBF-112F-4D5B-84B1-886DD1D8086A}
		{A04A3FBF-112F-4D5B-84B1-886DD1D8086A} = {A278FE36-D732-4708-978F-C47FEC428E1D}
	EndGlobalSection
	GlobalSection(ExtensibilityGlobals) = postSolution
		SolutionGuid = {7B9B7D16-2C48-486A-B84B-6FF6D28509F6}
	EndGlobalSection
EndGlobal
