
Microsoft Visual Studio Solution File, Format Version 12.00
# Visual Studio 15
VisualStudioVersion = 15.0.26403.7
MinimumVisualStudioVersion = 10.0.40219.1
Project("{FAE04EC0-301F-11D3-BF4B-00C04F79EFBC}") = "Mono.Linker", "src\linker\Mono.Linker.csproj", "{DD28E2B1-057B-4B4D-A04D-B2EBD9E76E46}"
EndProject
Project("{FAE04EC0-301F-11D3-BF4B-00C04F79EFBC}") = "Mono.Linker.Tests", "test\Mono.Linker.Tests\Mono.Linker.Tests.csproj", "{400A1561-B6B6-482D-9E4C-3DDAEDE5BD07}"
EndProject
Project("{FAE04EC0-301F-11D3-BF4B-00C04F79EFBC}") = "Mono.Linker.Tests.Cases", "test\Mono.Linker.Tests.Cases\Mono.Linker.Tests.Cases.csproj", "{B6BEE6AA-ADA0-4E1D-9A17-FBF2936F82B5}"
EndProject
Project("{FAE04EC0-301F-11D3-BF4B-00C04F79EFBC}") = "Mono.Linker.Tests.Cases.Expectations", "test\Mono.Linker.Tests.Cases.Expectations\Mono.Linker.Tests.Cases.Expectations.csproj", "{2C26601F-3E2F-45B9-A02F-58EE9296E19E}"
EndProject
Global
	GlobalSection(SolutionConfigurationPlatforms) = preSolution
		Debug|Any CPU = Debug|Any CPU
		Release|Any CPU = Release|Any CPU
	EndGlobalSection
	GlobalSection(ProjectConfigurationPlatforms) = postSolution
		{DD28E2B1-057B-4B4D-A04D-B2EBD9E76E46}.Debug|Any CPU.ActiveCfg = Debug|Any CPU
		{DD28E2B1-057B-4B4D-A04D-B2EBD9E76E46}.Debug|Any CPU.Build.0 = Debug|Any CPU
		{DD28E2B1-057B-4B4D-A04D-B2EBD9E76E46}.Release|Any CPU.ActiveCfg = Release|Any CPU
		{DD28E2B1-057B-4B4D-A04D-B2EBD9E76E46}.Release|Any CPU.Build.0 = Release|Any CPU
		{400A1561-B6B6-482D-9E4C-3DDAEDE5BD07}.Debug|Any CPU.ActiveCfg = Debug|Any CPU
		{400A1561-B6B6-482D-9E4C-3DDAEDE5BD07}.Debug|Any CPU.Build.0 = Debug|Any CPU
		{400A1561-B6B6-482D-9E4C-3DDAEDE5BD07}.Release|Any CPU.ActiveCfg = Release|Any CPU
		{400A1561-B6B6-482D-9E4C-3DDAEDE5BD07}.Release|Any CPU.Build.0 = Release|Any CPU
		{B6BEE6AA-ADA0-4E1D-9A17-FBF2936F82B5}.Debug|Any CPU.ActiveCfg = Debug|Any CPU
		{B6BEE6AA-ADA0-4E1D-9A17-FBF2936F82B5}.Debug|Any CPU.Build.0 = Debug|Any CPU
		{B6BEE6AA-ADA0-4E1D-9A17-FBF2936F82B5}.Release|Any CPU.ActiveCfg = Release|Any CPU
		{B6BEE6AA-ADA0-4E1D-9A17-FBF2936F82B5}.Release|Any CPU.Build.0 = Release|Any CPU
		{2C26601F-3E2F-45B9-A02F-58EE9296E19E}.Debug|Any CPU.ActiveCfg = Debug|Any CPU
		{2C26601F-3E2F-45B9-A02F-58EE9296E19E}.Debug|Any CPU.Build.0 = Debug|Any CPU
		{2C26601F-3E2F-45B9-A02F-58EE9296E19E}.Release|Any CPU.ActiveCfg = Release|Any CPU
		{2C26601F-3E2F-45B9-A02F-58EE9296E19E}.Release|Any CPU.Build.0 = Release|Any CPU
	EndGlobalSection
	GlobalSection(SolutionProperties) = preSolution
		HideSolutionNode = FALSE
	EndGlobalSection
EndGlobal
