Microsoft Visual Studio Solution File, Format Version 12.00
Project("{9A19103F-16F7-4668-BE54-9A1E7A4F7556}") = "TestUtilities", "..\Common\tests\TestUtilities\TestUtilities.csproj", "{1415080F-E571-4350-97F8-36D1871AA17D}"
EndProject
Project("{9A19103F-16F7-4668-BE54-9A1E7A4F7556}") = "System.Runtime.CompilerServices.Unsafe", "..\System.Runtime.CompilerServices.Unsafe\ref\System.Runtime.CompilerServices.Unsafe.csproj", "{E57BD2F0-8235-49FF-B3CD-76A40804E472}"
EndProject
Project("{9A19103F-16F7-4668-BE54-9A1E7A4F7556}") = "System.Runtime.CompilerServices.Unsafe", "..\System.Runtime.CompilerServices.Unsafe\src\System.Runtime.CompilerServices.Unsafe.ilproj", "{72E42933-6469-41D3-97B6-B522FB20FF62}"
EndProject
Project("{9A19103F-16F7-4668-BE54-9A1E7A4F7556}") = "System.Runtime.CompilerServices.VisualC", "ref\System.Runtime.CompilerServices.VisualC.csproj", "{6157FC12-0BEC-4A23-80F0-FBC8A8C71E22}"
EndProject
Project("{9A19103F-16F7-4668-BE54-9A1E7A4F7556}") = "System.Runtime.CompilerServices.VisualC", "src\System.Runtime.CompilerServices.VisualC.csproj", "{941D72C5-CA37-4745-B89D-2257517C5761}"
EndProject
Project("{9A19103F-16F7-4668-BE54-9A1E7A4F7556}") = "System.Runtime.CompilerServices.VisualC.Tests", "tests\System.Runtime.CompilerServices.VisualC.Tests.csproj", "{11D31B6C-3ECF-472B-8AD5-3D799BA3F052}"
EndProject
Project("{2150E333-8FDC-42A3-9474-1A3956D46DE8}") = "tests", "tests", "{ED06DBA3-D182-438E-A1EC-059194F3959D}"
EndProject
Project("{2150E333-8FDC-42A3-9474-1A3956D46DE8}") = "src", "src", "{27ADCE48-E139-48C1-A838-A0B8FBDECF95}"
EndProject
Project("{2150E333-8FDC-42A3-9474-1A3956D46DE8}") = "ref", "ref", "{65453C51-F488-4026-9596-05F765899247}"
EndProject
Global
	GlobalSection(SolutionConfigurationPlatforms) = preSolution
		Debug|Any CPU = Debug|Any CPU
		Release|Any CPU = Release|Any CPU
	EndGlobalSection
	GlobalSection(ProjectConfigurationPlatforms) = postSolution
		{11D31B6C-3ECF-472B-8AD5-3D799BA3F052}.Debug|Any CPU.ActiveCfg = Debug|Any CPU
		{11D31B6C-3ECF-472B-8AD5-3D799BA3F052}.Debug|Any CPU.Build.0 = Debug|Any CPU
		{11D31B6C-3ECF-472B-8AD5-3D799BA3F052}.Release|Any CPU.ActiveCfg = Release|Any CPU
		{11D31B6C-3ECF-472B-8AD5-3D799BA3F052}.Release|Any CPU.Build.0 = Release|Any CPU
		{941D72C5-CA37-4745-B89D-2257517C5761}.Debug|Any CPU.ActiveCfg = Debug|Any CPU
		{941D72C5-CA37-4745-B89D-2257517C5761}.Debug|Any CPU.Build.0 = Debug|Any CPU
		{941D72C5-CA37-4745-B89D-2257517C5761}.Release|Any CPU.ActiveCfg = Release|Any CPU
		{941D72C5-CA37-4745-B89D-2257517C5761}.Release|Any CPU.Build.0 = Release|Any CPU
		{6157FC12-0BEC-4A23-80F0-FBC8A8C71E22}.Debug|Any CPU.ActiveCfg = Debug|Any CPU
		{6157FC12-0BEC-4A23-80F0-FBC8A8C71E22}.Debug|Any CPU.Build.0 = Debug|Any CPU
		{6157FC12-0BEC-4A23-80F0-FBC8A8C71E22}.Release|Any CPU.ActiveCfg = Release|Any CPU
		{6157FC12-0BEC-4A23-80F0-FBC8A8C71E22}.Release|Any CPU.Build.0 = Release|Any CPU
		{1415080F-E571-4350-97F8-36D1871AA17D}.Debug|Any CPU.ActiveCfg = Debug|Any CPU
		{1415080F-E571-4350-97F8-36D1871AA17D}.Debug|Any CPU.Build.0 = Debug|Any CPU
		{1415080F-E571-4350-97F8-36D1871AA17D}.Release|Any CPU.ActiveCfg = Release|Any CPU
		{1415080F-E571-4350-97F8-36D1871AA17D}.Release|Any CPU.Build.0 = Release|Any CPU
		{72E42933-6469-41D3-97B6-B522FB20FF62}.Debug|Any CPU.ActiveCfg = Debug|Any CPU
		{72E42933-6469-41D3-97B6-B522FB20FF62}.Debug|Any CPU.Build.0 = Debug|Any CPU
		{72E42933-6469-41D3-97B6-B522FB20FF62}.Release|Any CPU.ActiveCfg = Release|Any CPU
		{72E42933-6469-41D3-97B6-B522FB20FF62}.Release|Any CPU.Build.0 = Release|Any CPU
		{E57BD2F0-8235-49FF-B3CD-76A40804E472}.Debug|Any CPU.ActiveCfg = Debug|Any CPU
		{E57BD2F0-8235-49FF-B3CD-76A40804E472}.Debug|Any CPU.Build.0 = Debug|Any CPU
		{E57BD2F0-8235-49FF-B3CD-76A40804E472}.Release|Any CPU.ActiveCfg = Release|Any CPU
		{E57BD2F0-8235-49FF-B3CD-76A40804E472}.Release|Any CPU.Build.0 = Release|Any CPU
	EndGlobalSection
	GlobalSection(SolutionProperties) = preSolution
		HideSolutionNode = FALSE
	EndGlobalSection
	GlobalSection(NestedProjects) = preSolution
		{11D31B6C-3ECF-472B-8AD5-3D799BA3F052} = {ED06DBA3-D182-438E-A1EC-059194F3959D}
		{1415080F-E571-4350-97F8-36D1871AA17D} = {ED06DBA3-D182-438E-A1EC-059194F3959D}
		{941D72C5-CA37-4745-B89D-2257517C5761} = {27ADCE48-E139-48C1-A838-A0B8FBDECF95}
		{72E42933-6469-41D3-97B6-B522FB20FF62} = {27ADCE48-E139-48C1-A838-A0B8FBDECF95}
		{6157FC12-0BEC-4A23-80F0-FBC8A8C71E22} = {65453C51-F488-4026-9596-05F765899247}
		{E57BD2F0-8235-49FF-B3CD-76A40804E472} = {65453C51-F488-4026-9596-05F765899247}
	EndGlobalSection
	GlobalSection(ExtensibilityGlobals) = postSolution
		SolutionGuid = {568C6D8F-F5AD-4703-A695-EA54585C33D0}
	EndGlobalSection
EndGlobal
