Microsoft Visual Studio Solution File, Format Version 12.00
Project("{9A19103F-16F7-4668-BE54-9A1E7A4F7556}") = "TestUtilities", "..\Common\tests\TestUtilities\TestUtilities.csproj", "{6F930741-A5ED-401E-ABEE-77BEA461D9A5}"
EndProject
Project("{9A19103F-16F7-4668-BE54-9A1E7A4F7556}") = "System.Formats.Asn1", "..\System.Formats.Asn1\ref\System.Formats.Asn1.csproj", "{5C28FE78-CCF4-4886-BD4D-23C749A46171}"
EndProject
Project("{9A19103F-16F7-4668-BE54-9A1E7A4F7556}") = "System.Formats.Asn1", "..\System.Formats.Asn1\src\System.Formats.Asn1.csproj", "{A8D95486-BBE9-4AD2-9D7C-D5B7CF6B90FD}"
EndProject
Project("{9A19103F-16F7-4668-BE54-9A1E7A4F7556}") = "System.Runtime.CompilerServices.Unsafe", "..\System.Runtime.CompilerServices.Unsafe\ref\System.Runtime.CompilerServices.Unsafe.csproj", "{3DAFB198-0B50-4F31-A3A9-3826042431F5}"
EndProject
Project("{9A19103F-16F7-4668-BE54-9A1E7A4F7556}") = "System.Runtime.CompilerServices.Unsafe", "..\System.Runtime.CompilerServices.Unsafe\src\System.Runtime.CompilerServices.Unsafe.ilproj", "{DA204355-86E3-431D-B08E-483A49BEB3DB}"
EndProject
Project("{9A19103F-16F7-4668-BE54-9A1E7A4F7556}") = "System.Security.Cryptography.Cng", "..\System.Security.Cryptography.Cng\src\System.Security.Cryptography.Cng.csproj", "{906CF937-8BCE-4ABF-B35C-23D51D59232E}"
EndProject
Project("{9A19103F-16F7-4668-BE54-9A1E7A4F7556}") = "System.Security.Cryptography.Pkcs", "ref\System.Security.Cryptography.Pkcs.csproj", "{1AFD2D0A-B962-449B-AC3B-12ED1F439E91}"
EndProject
Project("{9A19103F-16F7-4668-BE54-9A1E7A4F7556}") = "System.Security.Cryptography.Pkcs", "src\System.Security.Cryptography.Pkcs.csproj", "{DDD75646-C8BD-4B16-8E59-E6A3668FD9A2}"
EndProject
Project("{9A19103F-16F7-4668-BE54-9A1E7A4F7556}") = "System.Security.Cryptography.Pkcs.Tests", "tests\System.Security.Cryptography.Pkcs.Tests.csproj", "{2C8C1360-AC50-4493-BC0B-950149A875A3}"
EndProject
Project("{2150E333-8FDC-42A3-9474-1A3956D46DE8}") = "ref", "ref", "{8171E098-1750-4B12-ADF3-721FF7E78636}"
EndProject
Project("{2150E333-8FDC-42A3-9474-1A3956D46DE8}") = "tests", "tests", "{1482F414-BE5B-493B-96CE-347F34A5CEC3}"
EndProject
Project("{2150E333-8FDC-42A3-9474-1A3956D46DE8}") = "src", "src", "{7E7A48A5-D697-4280-A3D2-41286EE3E04D}"
EndProject
Global
	GlobalSection(SolutionConfigurationPlatforms) = preSolution
		Debug|Any CPU = Debug|Any CPU
		Release|Any CPU = Release|Any CPU
	EndGlobalSection
	GlobalSection(ProjectConfigurationPlatforms) = postSolution
		{1AFD2D0A-B962-449B-AC3B-12ED1F439E91}.Debug|Any CPU.ActiveCfg = Debug|Any CPU
		{1AFD2D0A-B962-449B-AC3B-12ED1F439E91}.Debug|Any CPU.Build.0 = Debug|Any CPU
		{1AFD2D0A-B962-449B-AC3B-12ED1F439E91}.Release|Any CPU.ActiveCfg = Release|Any CPU
		{1AFD2D0A-B962-449B-AC3B-12ED1F439E91}.Release|Any CPU.Build.0 = Release|Any CPU
		{2C8C1360-AC50-4493-BC0B-950149A875A3}.Debug|Any CPU.ActiveCfg = Debug|Any CPU
		{2C8C1360-AC50-4493-BC0B-950149A875A3}.Debug|Any CPU.Build.0 = Debug|Any CPU
		{2C8C1360-AC50-4493-BC0B-950149A875A3}.Release|Any CPU.ActiveCfg = Release|Any CPU
		{2C8C1360-AC50-4493-BC0B-950149A875A3}.Release|Any CPU.Build.0 = Release|Any CPU
		{DDD75646-C8BD-4B16-8E59-E6A3668FD9A2}.Debug|Any CPU.ActiveCfg = Debug|Any CPU
		{DDD75646-C8BD-4B16-8E59-E6A3668FD9A2}.Debug|Any CPU.Build.0 = Debug|Any CPU
		{DDD75646-C8BD-4B16-8E59-E6A3668FD9A2}.Release|Any CPU.ActiveCfg = Release|Any CPU
		{DDD75646-C8BD-4B16-8E59-E6A3668FD9A2}.Release|Any CPU.Build.0 = Release|Any CPU
		{6F930741-A5ED-401E-ABEE-77BEA461D9A5}.Debug|Any CPU.ActiveCfg = Debug|Any CPU
		{6F930741-A5ED-401E-ABEE-77BEA461D9A5}.Debug|Any CPU.Build.0 = Debug|Any CPU
		{6F930741-A5ED-401E-ABEE-77BEA461D9A5}.Release|Any CPU.ActiveCfg = Release|Any CPU
		{6F930741-A5ED-401E-ABEE-77BEA461D9A5}.Release|Any CPU.Build.0 = Release|Any CPU
		{A8D95486-BBE9-4AD2-9D7C-D5B7CF6B90FD}.Debug|Any CPU.ActiveCfg = Debug|Any CPU
		{A8D95486-BBE9-4AD2-9D7C-D5B7CF6B90FD}.Debug|Any CPU.Build.0 = Debug|Any CPU
		{A8D95486-BBE9-4AD2-9D7C-D5B7CF6B90FD}.Release|Any CPU.ActiveCfg = Release|Any CPU
		{A8D95486-BBE9-4AD2-9D7C-D5B7CF6B90FD}.Release|Any CPU.Build.0 = Release|Any CPU
		{906CF937-8BCE-4ABF-B35C-23D51D59232E}.Debug|Any CPU.ActiveCfg = Debug|Any CPU
		{906CF937-8BCE-4ABF-B35C-23D51D59232E}.Debug|Any CPU.Build.0 = Debug|Any CPU
		{906CF937-8BCE-4ABF-B35C-23D51D59232E}.Release|Any CPU.ActiveCfg = Release|Any CPU
		{906CF937-8BCE-4ABF-B35C-23D51D59232E}.Release|Any CPU.Build.0 = Release|Any CPU
		{DA204355-86E3-431D-B08E-483A49BEB3DB}.Debug|Any CPU.ActiveCfg = Debug|Any CPU
		{DA204355-86E3-431D-B08E-483A49BEB3DB}.Debug|Any CPU.Build.0 = Debug|Any CPU
		{DA204355-86E3-431D-B08E-483A49BEB3DB}.Release|Any CPU.ActiveCfg = Release|Any CPU
		{DA204355-86E3-431D-B08E-483A49BEB3DB}.Release|Any CPU.Build.0 = Release|Any CPU
		{5C28FE78-CCF4-4886-BD4D-23C749A46171}.Debug|Any CPU.ActiveCfg = Debug|Any CPU
		{5C28FE78-CCF4-4886-BD4D-23C749A46171}.Debug|Any CPU.Build.0 = Debug|Any CPU
		{5C28FE78-CCF4-4886-BD4D-23C749A46171}.Release|Any CPU.ActiveCfg = Release|Any CPU
		{5C28FE78-CCF4-4886-BD4D-23C749A46171}.Release|Any CPU.Build.0 = Release|Any CPU
		{3DAFB198-0B50-4F31-A3A9-3826042431F5}.Debug|Any CPU.ActiveCfg = Debug|Any CPU
		{3DAFB198-0B50-4F31-A3A9-3826042431F5}.Debug|Any CPU.Build.0 = Debug|Any CPU
		{3DAFB198-0B50-4F31-A3A9-3826042431F5}.Release|Any CPU.ActiveCfg = Release|Any CPU
		{3DAFB198-0B50-4F31-A3A9-3826042431F5}.Release|Any CPU.Build.0 = Release|Any CPU
	EndGlobalSection
	GlobalSection(SolutionProperties) = preSolution
		HideSolutionNode = FALSE
	EndGlobalSection
	GlobalSection(NestedProjects) = preSolution
		{1AFD2D0A-B962-449B-AC3B-12ED1F439E91} = {8171E098-1750-4B12-ADF3-721FF7E78636}
		{5C28FE78-CCF4-4886-BD4D-23C749A46171} = {8171E098-1750-4B12-ADF3-721FF7E78636}
		{3DAFB198-0B50-4F31-A3A9-3826042431F5} = {8171E098-1750-4B12-ADF3-721FF7E78636}
		{2C8C1360-AC50-4493-BC0B-950149A875A3} = {1482F414-BE5B-493B-96CE-347F34A5CEC3}
		{6F930741-A5ED-401E-ABEE-77BEA461D9A5} = {1482F414-BE5B-493B-96CE-347F34A5CEC3}
		{DDD75646-C8BD-4B16-8E59-E6A3668FD9A2} = {7E7A48A5-D697-4280-A3D2-41286EE3E04D}
		{A8D95486-BBE9-4AD2-9D7C-D5B7CF6B90FD} = {7E7A48A5-D697-4280-A3D2-41286EE3E04D}
		{906CF937-8BCE-4ABF-B35C-23D51D59232E} = {7E7A48A5-D697-4280-A3D2-41286EE3E04D}
		{DA204355-86E3-431D-B08E-483A49BEB3DB} = {7E7A48A5-D697-4280-A3D2-41286EE3E04D}
	EndGlobalSection
	GlobalSection(ExtensibilityGlobals) = postSolution
		SolutionGuid = {CF4AD1E7-1B60-4FDF-894F-7F0EF613012B}
	EndGlobalSection
EndGlobal
