Microsoft Visual Studio Solution File, Format Version 12.00
Project("{9A19103F-16F7-4668-BE54-9A1E7A4F7556}") = "System.Private.CoreLib", "..\..\coreclr\System.Private.CoreLib\System.Private.CoreLib.csproj", "{A8E6D68A-AFEE-4B68-ACE1-074CD1BCC322}"
EndProject
Project("{9A19103F-16F7-4668-BE54-9A1E7A4F7556}") = "TestUtilities", "..\Common\tests\TestUtilities\TestUtilities.csproj", "{7C2B8279-F7BB-4AD4-BA44-B9071090AF46}"
EndProject
Project("{9A19103F-16F7-4668-BE54-9A1E7A4F7556}") = "System.Collections.Concurrent", "ref\System.Collections.Concurrent.csproj", "{ADA6D062-1E28-47D8-A058-FE1F4551AA20}"
EndProject
Project("{9A19103F-16F7-4668-BE54-9A1E7A4F7556}") = "System.Collections.Concurrent", "src\System.Collections.Concurrent.csproj", "{BFA1A52C-48B4-45C7-8595-B98236A11ED1}"
EndProject
Project("{9A19103F-16F7-4668-BE54-9A1E7A4F7556}") = "System.Collections.Concurrent.Tests", "tests\System.Collections.Concurrent.Tests.csproj", "{C391ADBE-DD23-4F4A-B3EC-011974CC6CE8}"
EndProject
Project("{9A19103F-16F7-4668-BE54-9A1E7A4F7556}") = "System.Collections", "..\System.Collections\src\System.Collections.csproj", "{34C59132-692C-45D7-87BD-869A18F09E2C}"
EndProject
Project("{9A19103F-16F7-4668-BE54-9A1E7A4F7556}") = "System.Diagnostics.Tracing", "..\System.Diagnostics.Tracing\src\System.Diagnostics.Tracing.csproj", "{93FB3527-B9E6-4ECA-8F36-56835F4F9236}"
EndProject
Project("{9A19103F-16F7-4668-BE54-9A1E7A4F7556}") = "System.Runtime.CompilerServices.Unsafe", "..\System.Runtime.CompilerServices.Unsafe\ref\System.Runtime.CompilerServices.Unsafe.csproj", "{1D4FEFF5-24CC-4725-90CD-651D389C0961}"
EndProject
Project("{9A19103F-16F7-4668-BE54-9A1E7A4F7556}") = "System.Runtime.CompilerServices.Unsafe", "..\System.Runtime.CompilerServices.Unsafe\src\System.Runtime.CompilerServices.Unsafe.ilproj", "{A27E93BA-7A0C-417E-B178-F1727D50B7FF}"
EndProject
Project("{9A19103F-16F7-4668-BE54-9A1E7A4F7556}") = "System.Threading", "..\System.Threading\src\System.Threading.csproj", "{FA6BD4D3-8D9B-4CA2-B8C6-A1A21F946AC2}"
EndProject
Project("{2150E333-8FDC-42A3-9474-1A3956D46DE8}") = "src", "src", "{C4EA7573-E0AC-45D9-A29A-F6C6DECED4B0}"
EndProject
Project("{2150E333-8FDC-42A3-9474-1A3956D46DE8}") = "ref", "ref", "{CA1F4ADE-3F2A-40E3-9242-549F88F0367F}"
EndProject
Project("{2150E333-8FDC-42A3-9474-1A3956D46DE8}") = "tests", "tests", "{64657647-6C2C-4D36-A5D4-7E7534F3C66F}"
EndProject
Global
	GlobalSection(SolutionConfigurationPlatforms) = preSolution
		Debug|Any CPU = Debug|Any CPU
		Debug|x64 = Debug|x64
		Debug|x86 = Debug|x86
		Release|Any CPU = Release|Any CPU
		Release|x64 = Release|x64
		Release|x86 = Release|x86
		Checked|Any CPU = Checked|Any CPU
		Checked|x64 = Checked|x64
		Checked|x86 = Checked|x86
	EndGlobalSection
	GlobalSection(ProjectConfigurationPlatforms) = postSolution
		{BFA1A52C-48B4-45C7-8595-B98236A11ED1}.Debug|Any CPU.ActiveCfg = Debug|Any CPU
		{BFA1A52C-48B4-45C7-8595-B98236A11ED1}.Debug|Any CPU.Build.0 = Debug|Any CPU
		{BFA1A52C-48B4-45C7-8595-B98236A11ED1}.Debug|x64.ActiveCfg = Debug|Any CPU
		{BFA1A52C-48B4-45C7-8595-B98236A11ED1}.Debug|x64.Build.0 = Debug|Any CPU
		{BFA1A52C-48B4-45C7-8595-B98236A11ED1}.Debug|x86.ActiveCfg = Debug|Any CPU
		{BFA1A52C-48B4-45C7-8595-B98236A11ED1}.Debug|x86.Build.0 = Debug|Any CPU
		{BFA1A52C-48B4-45C7-8595-B98236A11ED1}.Release|Any CPU.ActiveCfg = Release|Any CPU
		{BFA1A52C-48B4-45C7-8595-B98236A11ED1}.Release|Any CPU.Build.0 = Release|Any CPU
		{BFA1A52C-48B4-45C7-8595-B98236A11ED1}.Release|x64.ActiveCfg = Release|Any CPU
		{BFA1A52C-48B4-45C7-8595-B98236A11ED1}.Release|x64.Build.0 = Release|Any CPU
		{BFA1A52C-48B4-45C7-8595-B98236A11ED1}.Release|x86.ActiveCfg = Release|Any CPU
		{BFA1A52C-48B4-45C7-8595-B98236A11ED1}.Release|x86.Build.0 = Release|Any CPU
		{BFA1A52C-48B4-45C7-8595-B98236A11ED1}.Checked|Any CPU.ActiveCfg = Debug|Any CPU
		{BFA1A52C-48B4-45C7-8595-B98236A11ED1}.Checked|Any CPU.Build.0 = Debug|Any CPU
		{BFA1A52C-48B4-45C7-8595-B98236A11ED1}.Checked|x64.ActiveCfg = Debug|Any CPU
		{BFA1A52C-48B4-45C7-8595-B98236A11ED1}.Checked|x64.Build.0 = Debug|Any CPU
		{BFA1A52C-48B4-45C7-8595-B98236A11ED1}.Checked|x86.ActiveCfg = Debug|Any CPU
		{BFA1A52C-48B4-45C7-8595-B98236A11ED1}.Checked|x86.Build.0 = Debug|Any CPU
		{ADA6D062-1E28-47D8-A058-FE1F4551AA20}.Debug|Any CPU.ActiveCfg = Debug|Any CPU
		{ADA6D062-1E28-47D8-A058-FE1F4551AA20}.Debug|Any CPU.Build.0 = Debug|Any CPU
		{ADA6D062-1E28-47D8-A058-FE1F4551AA20}.Debug|x64.ActiveCfg = Debug|Any CPU
		{ADA6D062-1E28-47D8-A058-FE1F4551AA20}.Debug|x64.Build.0 = Debug|Any CPU
		{ADA6D062-1E28-47D8-A058-FE1F4551AA20}.Debug|x86.ActiveCfg = Debug|Any CPU
		{ADA6D062-1E28-47D8-A058-FE1F4551AA20}.Debug|x86.Build.0 = Debug|Any CPU
		{ADA6D062-1E28-47D8-A058-FE1F4551AA20}.Release|Any CPU.ActiveCfg = Release|Any CPU
		{ADA6D062-1E28-47D8-A058-FE1F4551AA20}.Release|Any CPU.Build.0 = Release|Any CPU
		{ADA6D062-1E28-47D8-A058-FE1F4551AA20}.Release|x64.ActiveCfg = Release|Any CPU
		{ADA6D062-1E28-47D8-A058-FE1F4551AA20}.Release|x64.Build.0 = Release|Any CPU
		{ADA6D062-1E28-47D8-A058-FE1F4551AA20}.Release|x86.ActiveCfg = Release|Any CPU
		{ADA6D062-1E28-47D8-A058-FE1F4551AA20}.Release|x86.Build.0 = Release|Any CPU
		{ADA6D062-1E28-47D8-A058-FE1F4551AA20}.Checked|Any CPU.ActiveCfg = Debug|Any CPU
		{ADA6D062-1E28-47D8-A058-FE1F4551AA20}.Checked|Any CPU.Build.0 = Debug|Any CPU
		{ADA6D062-1E28-47D8-A058-FE1F4551AA20}.Checked|x64.ActiveCfg = Debug|Any CPU
		{ADA6D062-1E28-47D8-A058-FE1F4551AA20}.Checked|x64.Build.0 = Debug|Any CPU
		{ADA6D062-1E28-47D8-A058-FE1F4551AA20}.Checked|x86.ActiveCfg = Debug|Any CPU
		{ADA6D062-1E28-47D8-A058-FE1F4551AA20}.Checked|x86.Build.0 = Debug|Any CPU
		{C391ADBE-DD23-4F4A-B3EC-011974CC6CE8}.Debug|Any CPU.ActiveCfg = Debug|Any CPU
		{C391ADBE-DD23-4F4A-B3EC-011974CC6CE8}.Debug|Any CPU.Build.0 = Debug|Any CPU
		{C391ADBE-DD23-4F4A-B3EC-011974CC6CE8}.Debug|x64.ActiveCfg = Debug|Any CPU
		{C391ADBE-DD23-4F4A-B3EC-011974CC6CE8}.Debug|x64.Build.0 = Debug|Any CPU
		{C391ADBE-DD23-4F4A-B3EC-011974CC6CE8}.Debug|x86.ActiveCfg = Debug|Any CPU
		{C391ADBE-DD23-4F4A-B3EC-011974CC6CE8}.Debug|x86.Build.0 = Debug|Any CPU
		{C391ADBE-DD23-4F4A-B3EC-011974CC6CE8}.Release|Any CPU.ActiveCfg = Release|Any CPU
		{C391ADBE-DD23-4F4A-B3EC-011974CC6CE8}.Release|Any CPU.Build.0 = Release|Any CPU
		{C391ADBE-DD23-4F4A-B3EC-011974CC6CE8}.Release|x64.ActiveCfg = Release|Any CPU
		{C391ADBE-DD23-4F4A-B3EC-011974CC6CE8}.Release|x64.Build.0 = Release|Any CPU
		{C391ADBE-DD23-4F4A-B3EC-011974CC6CE8}.Release|x86.ActiveCfg = Release|Any CPU
		{C391ADBE-DD23-4F4A-B3EC-011974CC6CE8}.Release|x86.Build.0 = Release|Any CPU
		{C391ADBE-DD23-4F4A-B3EC-011974CC6CE8}.Checked|Any CPU.ActiveCfg = Debug|Any CPU
		{C391ADBE-DD23-4F4A-B3EC-011974CC6CE8}.Checked|Any CPU.Build.0 = Debug|Any CPU
		{C391ADBE-DD23-4F4A-B3EC-011974CC6CE8}.Checked|x64.ActiveCfg = Debug|Any CPU
		{C391ADBE-DD23-4F4A-B3EC-011974CC6CE8}.Checked|x64.Build.0 = Debug|Any CPU
		{C391ADBE-DD23-4F4A-B3EC-011974CC6CE8}.Checked|x86.ActiveCfg = Debug|Any CPU
		{C391ADBE-DD23-4F4A-B3EC-011974CC6CE8}.Checked|x86.Build.0 = Debug|Any CPU
		{FA6BD4D3-8D9B-4CA2-B8C6-A1A21F946AC2}.Debug|Any CPU.ActiveCfg = Debug|Any CPU
		{FA6BD4D3-8D9B-4CA2-B8C6-A1A21F946AC2}.Debug|Any CPU.Build.0 = Debug|Any CPU
		{FA6BD4D3-8D9B-4CA2-B8C6-A1A21F946AC2}.Debug|x64.ActiveCfg = Debug|Any CPU
		{FA6BD4D3-8D9B-4CA2-B8C6-A1A21F946AC2}.Debug|x64.Build.0 = Debug|Any CPU
		{FA6BD4D3-8D9B-4CA2-B8C6-A1A21F946AC2}.Debug|x86.ActiveCfg = Debug|Any CPU
		{FA6BD4D3-8D9B-4CA2-B8C6-A1A21F946AC2}.Debug|x86.Build.0 = Debug|Any CPU
		{FA6BD4D3-8D9B-4CA2-B8C6-A1A21F946AC2}.Release|Any CPU.ActiveCfg = Release|Any CPU
		{FA6BD4D3-8D9B-4CA2-B8C6-A1A21F946AC2}.Release|Any CPU.Build.0 = Release|Any CPU
		{FA6BD4D3-8D9B-4CA2-B8C6-A1A21F946AC2}.Release|x64.ActiveCfg = Release|Any CPU
		{FA6BD4D3-8D9B-4CA2-B8C6-A1A21F946AC2}.Release|x64.Build.0 = Release|Any CPU
		{FA6BD4D3-8D9B-4CA2-B8C6-A1A21F946AC2}.Release|x86.ActiveCfg = Release|Any CPU
		{FA6BD4D3-8D9B-4CA2-B8C6-A1A21F946AC2}.Release|x86.Build.0 = Release|Any CPU
		{FA6BD4D3-8D9B-4CA2-B8C6-A1A21F946AC2}.Checked|Any CPU.ActiveCfg = Debug|Any CPU
		{FA6BD4D3-8D9B-4CA2-B8C6-A1A21F946AC2}.Checked|Any CPU.Build.0 = Debug|Any CPU
		{FA6BD4D3-8D9B-4CA2-B8C6-A1A21F946AC2}.Checked|x64.ActiveCfg = Debug|Any CPU
		{FA6BD4D3-8D9B-4CA2-B8C6-A1A21F946AC2}.Checked|x64.Build.0 = Debug|Any CPU
		{FA6BD4D3-8D9B-4CA2-B8C6-A1A21F946AC2}.Checked|x86.ActiveCfg = Debug|Any CPU
		{FA6BD4D3-8D9B-4CA2-B8C6-A1A21F946AC2}.Checked|x86.Build.0 = Debug|Any CPU
		{7C2B8279-F7BB-4AD4-BA44-B9071090AF46}.Debug|Any CPU.ActiveCfg = Debug|Any CPU
		{7C2B8279-F7BB-4AD4-BA44-B9071090AF46}.Debug|Any CPU.Build.0 = Debug|Any CPU
		{7C2B8279-F7BB-4AD4-BA44-B9071090AF46}.Debug|x64.ActiveCfg = Debug|Any CPU
		{7C2B8279-F7BB-4AD4-BA44-B9071090AF46}.Debug|x64.Build.0 = Debug|Any CPU
		{7C2B8279-F7BB-4AD4-BA44-B9071090AF46}.Debug|x86.ActiveCfg = Debug|Any CPU
		{7C2B8279-F7BB-4AD4-BA44-B9071090AF46}.Debug|x86.Build.0 = Debug|Any CPU
		{7C2B8279-F7BB-4AD4-BA44-B9071090AF46}.Release|Any CPU.ActiveCfg = Release|Any CPU
		{7C2B8279-F7BB-4AD4-BA44-B9071090AF46}.Release|Any CPU.Build.0 = Release|Any CPU
		{7C2B8279-F7BB-4AD4-BA44-B9071090AF46}.Release|x64.ActiveCfg = Release|Any CPU
		{7C2B8279-F7BB-4AD4-BA44-B9071090AF46}.Release|x64.Build.0 = Release|Any CPU
		{7C2B8279-F7BB-4AD4-BA44-B9071090AF46}.Release|x86.ActiveCfg = Release|Any CPU
		{7C2B8279-F7BB-4AD4-BA44-B9071090AF46}.Release|x86.Build.0 = Release|Any CPU
		{7C2B8279-F7BB-4AD4-BA44-B9071090AF46}.Checked|Any CPU.ActiveCfg = Debug|Any CPU
		{7C2B8279-F7BB-4AD4-BA44-B9071090AF46}.Checked|Any CPU.Build.0 = Debug|Any CPU
		{7C2B8279-F7BB-4AD4-BA44-B9071090AF46}.Checked|x64.ActiveCfg = Debug|Any CPU
		{7C2B8279-F7BB-4AD4-BA44-B9071090AF46}.Checked|x64.Build.0 = Debug|Any CPU
		{7C2B8279-F7BB-4AD4-BA44-B9071090AF46}.Checked|x86.ActiveCfg = Debug|Any CPU
		{7C2B8279-F7BB-4AD4-BA44-B9071090AF46}.Checked|x86.Build.0 = Debug|Any CPU
		{93FB3527-B9E6-4ECA-8F36-56835F4F9236}.Debug|Any CPU.ActiveCfg = Debug|Any CPU
		{93FB3527-B9E6-4ECA-8F36-56835F4F9236}.Debug|Any CPU.Build.0 = Debug|Any CPU
		{93FB3527-B9E6-4ECA-8F36-56835F4F9236}.Debug|x64.ActiveCfg = Debug|Any CPU
		{93FB3527-B9E6-4ECA-8F36-56835F4F9236}.Debug|x64.Build.0 = Debug|Any CPU
		{93FB3527-B9E6-4ECA-8F36-56835F4F9236}.Debug|x86.ActiveCfg = Debug|Any CPU
		{93FB3527-B9E6-4ECA-8F36-56835F4F9236}.Debug|x86.Build.0 = Debug|Any CPU
		{93FB3527-B9E6-4ECA-8F36-56835F4F9236}.Release|Any CPU.ActiveCfg = Release|Any CPU
		{93FB3527-B9E6-4ECA-8F36-56835F4F9236}.Release|Any CPU.Build.0 = Release|Any CPU
		{93FB3527-B9E6-4ECA-8F36-56835F4F9236}.Release|x64.ActiveCfg = Release|Any CPU
		{93FB3527-B9E6-4ECA-8F36-56835F4F9236}.Release|x64.Build.0 = Release|Any CPU
		{93FB3527-B9E6-4ECA-8F36-56835F4F9236}.Release|x86.ActiveCfg = Release|Any CPU
		{93FB3527-B9E6-4ECA-8F36-56835F4F9236}.Release|x86.Build.0 = Release|Any CPU
		{93FB3527-B9E6-4ECA-8F36-56835F4F9236}.Checked|Any CPU.ActiveCfg = Debug|Any CPU
		{93FB3527-B9E6-4ECA-8F36-56835F4F9236}.Checked|Any CPU.Build.0 = Debug|Any CPU
		{93FB3527-B9E6-4ECA-8F36-56835F4F9236}.Checked|x64.ActiveCfg = Debug|Any CPU
		{93FB3527-B9E6-4ECA-8F36-56835F4F9236}.Checked|x64.Build.0 = Debug|Any CPU
		{93FB3527-B9E6-4ECA-8F36-56835F4F9236}.Checked|x86.ActiveCfg = Debug|Any CPU
		{93FB3527-B9E6-4ECA-8F36-56835F4F9236}.Checked|x86.Build.0 = Debug|Any CPU
		{34C59132-692C-45D7-87BD-869A18F09E2C}.Debug|Any CPU.ActiveCfg = Debug|Any CPU
		{34C59132-692C-45D7-87BD-869A18F09E2C}.Debug|Any CPU.Build.0 = Debug|Any CPU
		{34C59132-692C-45D7-87BD-869A18F09E2C}.Debug|x64.ActiveCfg = Debug|Any CPU
		{34C59132-692C-45D7-87BD-869A18F09E2C}.Debug|x64.Build.0 = Debug|Any CPU
		{34C59132-692C-45D7-87BD-869A18F09E2C}.Debug|x86.ActiveCfg = Debug|Any CPU
		{34C59132-692C-45D7-87BD-869A18F09E2C}.Debug|x86.Build.0 = Debug|Any CPU
		{34C59132-692C-45D7-87BD-869A18F09E2C}.Release|Any CPU.ActiveCfg = Release|Any CPU
		{34C59132-692C-45D7-87BD-869A18F09E2C}.Release|Any CPU.Build.0 = Release|Any CPU
		{34C59132-692C-45D7-87BD-869A18F09E2C}.Release|x64.ActiveCfg = Release|Any CPU
		{34C59132-692C-45D7-87BD-869A18F09E2C}.Release|x64.Build.0 = Release|Any CPU
		{34C59132-692C-45D7-87BD-869A18F09E2C}.Release|x86.ActiveCfg = Release|Any CPU
		{34C59132-692C-45D7-87BD-869A18F09E2C}.Release|x86.Build.0 = Release|Any CPU
		{34C59132-692C-45D7-87BD-869A18F09E2C}.Checked|Any CPU.ActiveCfg = Debug|Any CPU
		{34C59132-692C-45D7-87BD-869A18F09E2C}.Checked|Any CPU.Build.0 = Debug|Any CPU
		{34C59132-692C-45D7-87BD-869A18F09E2C}.Checked|x64.ActiveCfg = Debug|Any CPU
		{34C59132-692C-45D7-87BD-869A18F09E2C}.Checked|x64.Build.0 = Debug|Any CPU
		{34C59132-692C-45D7-87BD-869A18F09E2C}.Checked|x86.ActiveCfg = Debug|Any CPU
		{34C59132-692C-45D7-87BD-869A18F09E2C}.Checked|x86.Build.0 = Debug|Any CPU
		{A27E93BA-7A0C-417E-B178-F1727D50B7FF}.Debug|Any CPU.ActiveCfg = Debug|Any CPU
		{A27E93BA-7A0C-417E-B178-F1727D50B7FF}.Debug|Any CPU.Build.0 = Debug|Any CPU
		{A27E93BA-7A0C-417E-B178-F1727D50B7FF}.Debug|x64.ActiveCfg = Debug|Any CPU
		{A27E93BA-7A0C-417E-B178-F1727D50B7FF}.Debug|x64.Build.0 = Debug|Any CPU
		{A27E93BA-7A0C-417E-B178-F1727D50B7FF}.Debug|x86.ActiveCfg = Debug|Any CPU
		{A27E93BA-7A0C-417E-B178-F1727D50B7FF}.Debug|x86.Build.0 = Debug|Any CPU
		{A27E93BA-7A0C-417E-B178-F1727D50B7FF}.Release|Any CPU.ActiveCfg = Release|Any CPU
		{A27E93BA-7A0C-417E-B178-F1727D50B7FF}.Release|Any CPU.Build.0 = Release|Any CPU
		{A27E93BA-7A0C-417E-B178-F1727D50B7FF}.Release|x64.ActiveCfg = Release|Any CPU
		{A27E93BA-7A0C-417E-B178-F1727D50B7FF}.Release|x64.Build.0 = Release|Any CPU
		{A27E93BA-7A0C-417E-B178-F1727D50B7FF}.Release|x86.ActiveCfg = Release|Any CPU
		{A27E93BA-7A0C-417E-B178-F1727D50B7FF}.Release|x86.Build.0 = Release|Any CPU
		{A27E93BA-7A0C-417E-B178-F1727D50B7FF}.Checked|Any CPU.ActiveCfg = Debug|Any CPU
		{A27E93BA-7A0C-417E-B178-F1727D50B7FF}.Checked|Any CPU.Build.0 = Debug|Any CPU
		{A27E93BA-7A0C-417E-B178-F1727D50B7FF}.Checked|x64.ActiveCfg = Debug|Any CPU
		{A27E93BA-7A0C-417E-B178-F1727D50B7FF}.Checked|x64.Build.0 = Debug|Any CPU
		{A27E93BA-7A0C-417E-B178-F1727D50B7FF}.Checked|x86.ActiveCfg = Debug|Any CPU
		{A27E93BA-7A0C-417E-B178-F1727D50B7FF}.Checked|x86.Build.0 = Debug|Any CPU
		{A8E6D68A-AFEE-4B68-ACE1-074CD1BCC322}.Debug|Any CPU.ActiveCfg = Debug|x64
		{A8E6D68A-AFEE-4B68-ACE1-074CD1BCC322}.Debug|Any CPU.Build.0 = Debug|x64
		{A8E6D68A-AFEE-4B68-ACE1-074CD1BCC322}.Debug|x64.ActiveCfg = Debug|x64
		{A8E6D68A-AFEE-4B68-ACE1-074CD1BCC322}.Debug|x64.Build.0 = Debug|x64
		{A8E6D68A-AFEE-4B68-ACE1-074CD1BCC322}.Debug|x86.ActiveCfg = Debug|x86
		{A8E6D68A-AFEE-4B68-ACE1-074CD1BCC322}.Debug|x86.Build.0 = Debug|x86
		{A8E6D68A-AFEE-4B68-ACE1-074CD1BCC322}.Release|Any CPU.ActiveCfg = Release|x64
		{A8E6D68A-AFEE-4B68-ACE1-074CD1BCC322}.Release|Any CPU.Build.0 = Release|x64
		{A8E6D68A-AFEE-4B68-ACE1-074CD1BCC322}.Release|x64.ActiveCfg = Release|x64
		{A8E6D68A-AFEE-4B68-ACE1-074CD1BCC322}.Release|x64.Build.0 = Release|x64
		{A8E6D68A-AFEE-4B68-ACE1-074CD1BCC322}.Release|x86.ActiveCfg = Release|x86
		{A8E6D68A-AFEE-4B68-ACE1-074CD1BCC322}.Release|x86.Build.0 = Release|x86
		{A8E6D68A-AFEE-4B68-ACE1-074CD1BCC322}.Checked|Any CPU.ActiveCfg = Checked|x64
		{A8E6D68A-AFEE-4B68-ACE1-074CD1BCC322}.Checked|Any CPU.Build.0 = Checked|x64
		{A8E6D68A-AFEE-4B68-ACE1-074CD1BCC322}.Checked|x64.ActiveCfg = Checked|x64
		{A8E6D68A-AFEE-4B68-ACE1-074CD1BCC322}.Checked|x64.Build.0 = Checked|x64
		{A8E6D68A-AFEE-4B68-ACE1-074CD1BCC322}.Checked|x86.ActiveCfg = Checked|x86
		{A8E6D68A-AFEE-4B68-ACE1-074CD1BCC322}.Checked|x86.Build.0 = Checked|x86
		{1D4FEFF5-24CC-4725-90CD-651D389C0961}.Debug|Any CPU.ActiveCfg = Debug|Any CPU
		{1D4FEFF5-24CC-4725-90CD-651D389C0961}.Debug|Any CPU.Build.0 = Debug|Any CPU
		{1D4FEFF5-24CC-4725-90CD-651D389C0961}.Debug|x64.ActiveCfg = Debug|Any CPU
		{1D4FEFF5-24CC-4725-90CD-651D389C0961}.Debug|x64.Build.0 = Debug|Any CPU
		{1D4FEFF5-24CC-4725-90CD-651D389C0961}.Debug|x86.ActiveCfg = Debug|Any CPU
		{1D4FEFF5-24CC-4725-90CD-651D389C0961}.Debug|x86.Build.0 = Debug|Any CPU
		{1D4FEFF5-24CC-4725-90CD-651D389C0961}.Release|Any CPU.ActiveCfg = Release|Any CPU
		{1D4FEFF5-24CC-4725-90CD-651D389C0961}.Release|Any CPU.Build.0 = Release|Any CPU
		{1D4FEFF5-24CC-4725-90CD-651D389C0961}.Release|x64.ActiveCfg = Release|Any CPU
		{1D4FEFF5-24CC-4725-90CD-651D389C0961}.Release|x64.Build.0 = Release|Any CPU
		{1D4FEFF5-24CC-4725-90CD-651D389C0961}.Release|x86.ActiveCfg = Release|Any CPU
		{1D4FEFF5-24CC-4725-90CD-651D389C0961}.Release|x86.Build.0 = Release|Any CPU
		{1D4FEFF5-24CC-4725-90CD-651D389C0961}.Checked|Any CPU.ActiveCfg = Debug|Any CPU
		{1D4FEFF5-24CC-4725-90CD-651D389C0961}.Checked|Any CPU.Build.0 = Debug|Any CPU
		{1D4FEFF5-24CC-4725-90CD-651D389C0961}.Checked|x64.ActiveCfg = Debug|Any CPU
		{1D4FEFF5-24CC-4725-90CD-651D389C0961}.Checked|x64.Build.0 = Debug|Any CPU
		{1D4FEFF5-24CC-4725-90CD-651D389C0961}.Checked|x86.ActiveCfg = Debug|Any CPU
		{1D4FEFF5-24CC-4725-90CD-651D389C0961}.Checked|x86.Build.0 = Debug|Any CPU
	EndGlobalSection
	GlobalSection(SolutionProperties) = preSolution
		HideSolutionNode = FALSE
	EndGlobalSection
	GlobalSection(NestedProjects) = preSolution
		{BFA1A52C-48B4-45C7-8595-B98236A11ED1} = {C4EA7573-E0AC-45D9-A29A-F6C6DECED4B0}
		{FA6BD4D3-8D9B-4CA2-B8C6-A1A21F946AC2} = {C4EA7573-E0AC-45D9-A29A-F6C6DECED4B0}
		{93FB3527-B9E6-4ECA-8F36-56835F4F9236} = {C4EA7573-E0AC-45D9-A29A-F6C6DECED4B0}
		{34C59132-692C-45D7-87BD-869A18F09E2C} = {C4EA7573-E0AC-45D9-A29A-F6C6DECED4B0}
		{A27E93BA-7A0C-417E-B178-F1727D50B7FF} = {C4EA7573-E0AC-45D9-A29A-F6C6DECED4B0}
		{A8E6D68A-AFEE-4B68-ACE1-074CD1BCC322} = {C4EA7573-E0AC-45D9-A29A-F6C6DECED4B0}
		{ADA6D062-1E28-47D8-A058-FE1F4551AA20} = {CA1F4ADE-3F2A-40E3-9242-549F88F0367F}
		{1D4FEFF5-24CC-4725-90CD-651D389C0961} = {CA1F4ADE-3F2A-40E3-9242-549F88F0367F}
		{C391ADBE-DD23-4F4A-B3EC-011974CC6CE8} = {64657647-6C2C-4D36-A5D4-7E7534F3C66F}
		{7C2B8279-F7BB-4AD4-BA44-B9071090AF46} = {64657647-6C2C-4D36-A5D4-7E7534F3C66F}
	EndGlobalSection
	GlobalSection(ExtensibilityGlobals) = postSolution
		SolutionGuid = {1A4F1A4C-4F4F-4E0C-9342-4B32674E2F00}
	EndGlobalSection
EndGlobal
