Microsoft Visual Studio Solution File, Format Version 12.00
Project("{9A19103F-16F7-4668-BE54-9A1E7A4F7556}") = "System.Private.CoreLib", "..\..\coreclr\System.Private.CoreLib\System.Private.CoreLib.csproj", "{C08AA67B-28B8-4E38-AE15-28491454DAB7}"
EndProject
Project("{9A19103F-16F7-4668-BE54-9A1E7A4F7556}") = "TestUtilities", "..\Common\tests\TestUtilities\TestUtilities.csproj", "{18FD488A-2A3F-4B40-B65D-7108688D350F}"
EndProject
Project("{9A19103F-16F7-4668-BE54-9A1E7A4F7556}") = "System.Drawing.Common", "..\shims\stubs\System.Drawing.Common.csproj", "{A12C0558-44E2-48FB-9075-1EB8A2D0F247}"
EndProject
Project("{9A19103F-16F7-4668-BE54-9A1E7A4F7556}") = "System.Collections.NonGeneric", "..\System.Collections.NonGeneric\ref\System.Collections.NonGeneric.csproj", "{D5DE5382-A5FD-46FD-9EAF-02541C26586B}"
EndProject
Project("{9A19103F-16F7-4668-BE54-9A1E7A4F7556}") = "System.DirectoryServices", "..\System.DirectoryServices\ref\System.DirectoryServices.csproj", "{071FC282-9840-4920-B0FD-BE778449B5FF}"
EndProject
Project("{9A19103F-16F7-4668-BE54-9A1E7A4F7556}") = "System.DirectoryServices", "..\System.DirectoryServices\src\System.DirectoryServices.csproj", "{4EF591E4-175E-494D-8191-15C2D6C6E2E6}"
EndProject
Project("{9A19103F-16F7-4668-BE54-9A1E7A4F7556}") = "System.IO.FileSystem.AccessControl", "ref\System.IO.FileSystem.AccessControl.csproj", "{D7E6A261-C80A-4E51-BCDD-85DD595866B9}"
EndProject
Project("{9A19103F-16F7-4668-BE54-9A1E7A4F7556}") = "System.IO.FileSystem.AccessControl", "src\System.IO.FileSystem.AccessControl.csproj", "{35D57A83-8A9D-4531-BF0D-EA1BCA62D475}"
EndProject
Project("{9A19103F-16F7-4668-BE54-9A1E7A4F7556}") = "System.IO.FileSystem.AccessControl.Tests", "tests\System.IO.FileSystem.AccessControl.Tests.csproj", "{9EB99AA1-EE31-41AC-B3E6-DCD7A01F17F2}"
EndProject
Project("{9A19103F-16F7-4668-BE54-9A1E7A4F7556}") = "System.Private.CoreLib.Generators", "..\System.Private.CoreLib\gen\System.Private.CoreLib.Generators.csproj", "{0A653F6C-C75E-47C4-85F9-5C1013E381D7}"
EndProject
Project("{9A19103F-16F7-4668-BE54-9A1E7A4F7556}") = "System.Private.CoreLib", "..\System.Private.CoreLib\ref\System.Private.CoreLib.csproj", "{1D9B7442-BF5B-4AF3-A07F-F59AE99CF394}"
EndProject
Project("{9A19103F-16F7-4668-BE54-9A1E7A4F7556}") = "System.Private.Uri", "..\System.Private.Uri\src\System.Private.Uri.csproj", "{19FC160B-AF59-4AF6-90F9-30411BE14BC4}"
EndProject
Project("{9A19103F-16F7-4668-BE54-9A1E7A4F7556}") = "ComInterfaceGenerator", "..\System.Runtime.InteropServices\gen\ComInterfaceGenerator\ComInterfaceGenerator.csproj", "{974F81BC-FDCE-404E-B8D7-12A48E27F005}"
EndProject
Project("{9A19103F-16F7-4668-BE54-9A1E7A4F7556}") = "LibraryImportGenerator", "..\System.Runtime.InteropServices\gen\LibraryImportGenerator\LibraryImportGenerator.csproj", "{4E815F64-6F9A-485D-825D-930830F7EABB}"
EndProject
Project("{9A19103F-16F7-4668-BE54-9A1E7A4F7556}") = "Microsoft.Interop.SourceGeneration", "..\System.Runtime.InteropServices\gen\Microsoft.Interop.SourceGeneration\Microsoft.Interop.SourceGeneration.csproj", "{E939A1C0-31C6-4EA6-9020-ADDE06272528}"
EndProject
Project("{9A19103F-16F7-4668-BE54-9A1E7A4F7556}") = "System.Runtime", "..\System.Runtime\ref\System.Runtime.csproj", "{A80974ED-DDC6-4A21-A874-F85AE729AF0E}"
EndProject
Project("{9A19103F-16F7-4668-BE54-9A1E7A4F7556}") = "System.Runtime", "..\System.Runtime\src\System.Runtime.csproj", "{82D2A3A9-0784-4CFC-91E1-8A963FE22ADB}"
EndProject
Project("{9A19103F-16F7-4668-BE54-9A1E7A4F7556}") = "System.Security.AccessControl", "..\System.Security.AccessControl\ref\System.Security.AccessControl.csproj", "{AC322781-E4FD-48FF-997E-D300FA0DEBEE}"
EndProject
Project("{9A19103F-16F7-4668-BE54-9A1E7A4F7556}") = "System.Security.Claims", "..\System.Security.Claims\ref\System.Security.Claims.csproj", "{73429869-3F3A-40B4-B06B-CC9D04ACEE65}"
EndProject
Project("{9A19103F-16F7-4668-BE54-9A1E7A4F7556}") = "System.Security.Permissions", "..\System.Security.Permissions\ref\System.Security.Permissions.csproj", "{37F8ED93-FD45-4941-B83E-84D278B8EA83}"
EndProject
Project("{9A19103F-16F7-4668-BE54-9A1E7A4F7556}") = "System.Security.Permissions", "..\System.Security.Permissions\src\System.Security.Permissions.csproj", "{87E03C4D-FFE2-43AD-9CFE-BB67A2448186}"
EndProject
Project("{9A19103F-16F7-4668-BE54-9A1E7A4F7556}") = "System.Security.Principal.Windows", "..\System.Security.Principal.Windows\ref\System.Security.Principal.Windows.csproj", "{831E2BC5-C753-4CDD-B81D-699CEDA9F0A7}"
EndProject
Project("{9A19103F-16F7-4668-BE54-9A1E7A4F7556}") = "System.Windows.Extensions", "..\System.Windows.Extensions\ref\System.Windows.Extensions.csproj", "{F33F1171-273A-4BC3-B138-25E5E7118186}"
EndProject
Project("{9A19103F-16F7-4668-BE54-9A1E7A4F7556}") = "System.Windows.Extensions", "..\System.Windows.Extensions\src\System.Windows.Extensions.csproj", "{83F2D6C4-C3C7-4428-A0CA-577162C5DBCA}"
EndProject
Project("{9A19103F-16F7-4668-BE54-9A1E7A4F7556}") = "ILLink.CodeFixProvider", "..\..\tools\illink\src\ILLink.CodeFix\ILLink.CodeFixProvider.csproj", "{46DF5480-1E6D-4F0A-A93E-25833F1C598E}"
EndProject
Project("{9A19103F-16F7-4668-BE54-9A1E7A4F7556}") = "ILLink.RoslynAnalyzer", "..\..\tools\illink\src\ILLink.RoslynAnalyzer\ILLink.RoslynAnalyzer.csproj", "{4CF2EB1E-B815-4785-B997-3A16AA3A0277}"
EndProject
Project("{9A19103F-16F7-4668-BE54-9A1E7A4F7556}") = "ILLink.Tasks", "..\..\tools\illink\src\ILLink.Tasks\ILLink.Tasks.csproj", "{C8E7D84C-DE30-4830-A2A1-8B9A48618004}"
EndProject
Project("{9A19103F-16F7-4668-BE54-9A1E7A4F7556}") = "Mono.Linker", "..\..\tools\illink\src\linker\Mono.Linker.csproj", "{83A69FA0-74D2-401C-B0C9-3EFD912EF037}"
EndProject
Project("{9A19103F-16F7-4668-BE54-9A1E7A4F7556}") = "Mono.Linker", "..\..\tools\illink\src\linker\ref\Mono.Linker.csproj", "{293533FE-82F7-4679-912B-5A2C6E3C4B0C}"
EndProject
Project("{2150E333-8FDC-42A3-9474-1A3956D46DE8}") = "src", "src", "{B25E0DAF-8162-4D76-B7A6-F7E6E59CD74A}"
EndProject
Project("{2150E333-8FDC-42A3-9474-1A3956D46DE8}") = "tests", "tests", "{92BBE16A-0444-4CDD-9351-C2018859DD3A}"
EndProject
Project("{2150E333-8FDC-42A3-9474-1A3956D46DE8}") = "ref", "ref", "{27A6AAE3-D2A8-4C35-8A90-2B8E23AD8094}"
EndProject
Project("{2150E333-8FDC-42A3-9474-1A3956D46DE8}") = "gen", "gen", "{7227D008-BBBE-48D0-979B-9BC483BA7E60}"
EndProject
Project("{2150E333-8FDC-42A3-9474-1A3956D46DE8}") = "gen", "tools\gen", "{55C6D9AC-165E-4CD8-B1CE-898F8A2040C3}"
EndProject
Project("{2150E333-8FDC-42A3-9474-1A3956D46DE8}") = "src", "tools\src", "{4E47C46F-56AF-4C71-A2F6-228110B26E77}"
EndProject
Project("{2150E333-8FDC-42A3-9474-1A3956D46DE8}") = "ref", "tools\ref", "{C6D3DFD4-8B2A-4C87-8EE4-2804B917F6E3}"
EndProject
Project("{2150E333-8FDC-42A3-9474-1A3956D46DE8}") = "tools", "tools", "{5C271349-65D8-4015-9066-ED19C527D271}"
EndProject
Global
	GlobalSection(SolutionConfigurationPlatforms) = preSolution
		Debug|Any CPU = Debug|Any CPU
		Debug|arm = Debug|arm
		Debug|arm64 = Debug|arm64
		Debug|x64 = Debug|x64
		Debug|x86 = Debug|x86
		Release|Any CPU = Release|Any CPU
		Release|arm = Release|arm
		Release|arm64 = Release|arm64
		Release|x64 = Release|x64
		Release|x86 = Release|x86
		Checked|Any CPU = Checked|Any CPU
		Checked|arm = Checked|arm
		Checked|arm64 = Checked|arm64
		Checked|x64 = Checked|x64
		Checked|x86 = Checked|x86
	EndGlobalSection
	GlobalSection(ProjectConfigurationPlatforms) = postSolution
		{C08AA67B-28B8-4E38-AE15-28491454DAB7}.Debug|Any CPU.ActiveCfg = Debug|x64
		{C08AA67B-28B8-4E38-AE15-28491454DAB7}.Debug|Any CPU.Build.0 = Debug|x64
		{C08AA67B-28B8-4E38-AE15-28491454DAB7}.Debug|arm.ActiveCfg = Debug|arm
		{C08AA67B-28B8-4E38-AE15-28491454DAB7}.Debug|arm.Build.0 = Debug|arm
		{C08AA67B-28B8-4E38-AE15-28491454DAB7}.Debug|arm64.ActiveCfg = Debug|arm64
		{C08AA67B-28B8-4E38-AE15-28491454DAB7}.Debug|arm64.Build.0 = Debug|arm64
		{C08AA67B-28B8-4E38-AE15-28491454DAB7}.Debug|x64.ActiveCfg = Debug|x64
		{C08AA67B-28B8-4E38-AE15-28491454DAB7}.Debug|x64.Build.0 = Debug|x64
		{C08AA67B-28B8-4E38-AE15-28491454DAB7}.Debug|x86.ActiveCfg = Debug|x86
		{C08AA67B-28B8-4E38-AE15-28491454DAB7}.Debug|x86.Build.0 = Debug|x86
		{C08AA67B-28B8-4E38-AE15-28491454DAB7}.Release|Any CPU.ActiveCfg = Release|x64
		{C08AA67B-28B8-4E38-AE15-28491454DAB7}.Release|Any CPU.Build.0 = Release|x64
		{C08AA67B-28B8-4E38-AE15-28491454DAB7}.Release|arm.ActiveCfg = Release|arm
		{C08AA67B-28B8-4E38-AE15-28491454DAB7}.Release|arm.Build.0 = Release|arm
		{C08AA67B-28B8-4E38-AE15-28491454DAB7}.Release|arm64.ActiveCfg = Release|arm64
		{C08AA67B-28B8-4E38-AE15-28491454DAB7}.Release|arm64.Build.0 = Release|arm64
		{C08AA67B-28B8-4E38-AE15-28491454DAB7}.Release|x64.ActiveCfg = Release|x64
		{C08AA67B-28B8-4E38-AE15-28491454DAB7}.Release|x64.Build.0 = Release|x64
		{C08AA67B-28B8-4E38-AE15-28491454DAB7}.Release|x86.ActiveCfg = Release|x86
		{C08AA67B-28B8-4E38-AE15-28491454DAB7}.Release|x86.Build.0 = Release|x86
		{C08AA67B-28B8-4E38-AE15-28491454DAB7}.Checked|Any CPU.ActiveCfg = Checked|x64
		{C08AA67B-28B8-4E38-AE15-28491454DAB7}.Checked|Any CPU.Build.0 = Checked|x64
		{C08AA67B-28B8-4E38-AE15-28491454DAB7}.Checked|arm.ActiveCfg = Checked|arm
		{C08AA67B-28B8-4E38-AE15-28491454DAB7}.Checked|arm.Build.0 = Checked|arm
		{C08AA67B-28B8-4E38-AE15-28491454DAB7}.Checked|arm64.ActiveCfg = Checked|arm64
		{C08AA67B-28B8-4E38-AE15-28491454DAB7}.Checked|arm64.Build.0 = Checked|arm64
		{C08AA67B-28B8-4E38-AE15-28491454DAB7}.Checked|x64.ActiveCfg = Checked|x64
		{C08AA67B-28B8-4E38-AE15-28491454DAB7}.Checked|x64.Build.0 = Checked|x64
		{C08AA67B-28B8-4E38-AE15-28491454DAB7}.Checked|x86.ActiveCfg = Checked|x86
		{C08AA67B-28B8-4E38-AE15-28491454DAB7}.Checked|x86.Build.0 = Checked|x86
		{18FD488A-2A3F-4B40-B65D-7108688D350F}.Debug|Any CPU.ActiveCfg = Debug|Any CPU
		{18FD488A-2A3F-4B40-B65D-7108688D350F}.Debug|Any CPU.Build.0 = Debug|Any CPU
		{18FD488A-2A3F-4B40-B65D-7108688D350F}.Debug|arm.ActiveCfg = Debug|Any CPU
		{18FD488A-2A3F-4B40-B65D-7108688D350F}.Debug|arm64.ActiveCfg = Debug|Any CPU
		{18FD488A-2A3F-4B40-B65D-7108688D350F}.Debug|x64.ActiveCfg = Debug|Any CPU
		{18FD488A-2A3F-4B40-B65D-7108688D350F}.Debug|x64.Build.0 = Debug|Any CPU
		{18FD488A-2A3F-4B40-B65D-7108688D350F}.Debug|x86.ActiveCfg = Debug|Any CPU
		{18FD488A-2A3F-4B40-B65D-7108688D350F}.Debug|x86.Build.0 = Debug|Any CPU
		{18FD488A-2A3F-4B40-B65D-7108688D350F}.Release|Any CPU.ActiveCfg = Release|Any CPU
		{18FD488A-2A3F-4B40-B65D-7108688D350F}.Release|Any CPU.Build.0 = Release|Any CPU
		{18FD488A-2A3F-4B40-B65D-7108688D350F}.Release|arm.ActiveCfg = Release|Any CPU
		{18FD488A-2A3F-4B40-B65D-7108688D350F}.Release|arm64.ActiveCfg = Release|Any CPU
		{18FD488A-2A3F-4B40-B65D-7108688D350F}.Release|x64.ActiveCfg = Release|Any CPU
		{18FD488A-2A3F-4B40-B65D-7108688D350F}.Release|x64.Build.0 = Release|Any CPU
		{18FD488A-2A3F-4B40-B65D-7108688D350F}.Release|x86.ActiveCfg = Release|Any CPU
		{18FD488A-2A3F-4B40-B65D-7108688D350F}.Release|x86.Build.0 = Release|Any CPU
		{18FD488A-2A3F-4B40-B65D-7108688D350F}.Checked|Any CPU.ActiveCfg = Debug|Any CPU
		{18FD488A-2A3F-4B40-B65D-7108688D350F}.Checked|arm.ActiveCfg = Debug|Any CPU
		{18FD488A-2A3F-4B40-B65D-7108688D350F}.Checked|arm64.ActiveCfg = Debug|Any CPU
		{18FD488A-2A3F-4B40-B65D-7108688D350F}.Checked|x64.ActiveCfg = Debug|Any CPU
		{18FD488A-2A3F-4B40-B65D-7108688D350F}.Checked|x86.ActiveCfg = Debug|Any CPU
		{A12C0558-44E2-48FB-9075-1EB8A2D0F247}.Debug|Any CPU.ActiveCfg = Debug|Any CPU
		{A12C0558-44E2-48FB-9075-1EB8A2D0F247}.Debug|Any CPU.Build.0 = Debug|Any CPU
		{A12C0558-44E2-48FB-9075-1EB8A2D0F247}.Debug|arm.ActiveCfg = Debug|Any CPU
		{A12C0558-44E2-48FB-9075-1EB8A2D0F247}.Debug|arm64.ActiveCfg = Debug|Any CPU
		{A12C0558-44E2-48FB-9075-1EB8A2D0F247}.Debug|x64.ActiveCfg = Debug|Any CPU
		{A12C0558-44E2-48FB-9075-1EB8A2D0F247}.Debug|x64.Build.0 = Debug|Any CPU
		{A12C0558-44E2-48FB-9075-1EB8A2D0F247}.Debug|x86.ActiveCfg = Debug|Any CPU
		{A12C0558-44E2-48FB-9075-1EB8A2D0F247}.Debug|x86.Build.0 = Debug|Any CPU
		{A12C0558-44E2-48FB-9075-1EB8A2D0F247}.Release|Any CPU.ActiveCfg = Release|Any CPU
		{A12C0558-44E2-48FB-9075-1EB8A2D0F247}.Release|Any CPU.Build.0 = Release|Any CPU
		{A12C0558-44E2-48FB-9075-1EB8A2D0F247}.Release|arm.ActiveCfg = Release|Any CPU
		{A12C0558-44E2-48FB-9075-1EB8A2D0F247}.Release|arm64.ActiveCfg = Release|Any CPU
		{A12C0558-44E2-48FB-9075-1EB8A2D0F247}.Release|x64.ActiveCfg = Release|Any CPU
		{A12C0558-44E2-48FB-9075-1EB8A2D0F247}.Release|x64.Build.0 = Release|Any CPU
		{A12C0558-44E2-48FB-9075-1EB8A2D0F247}.Release|x86.ActiveCfg = Release|Any CPU
		{A12C0558-44E2-48FB-9075-1EB8A2D0F247}.Release|x86.Build.0 = Release|Any CPU
		{A12C0558-44E2-48FB-9075-1EB8A2D0F247}.Checked|Any CPU.ActiveCfg = Debug|Any CPU
		{A12C0558-44E2-48FB-9075-1EB8A2D0F247}.Checked|arm.ActiveCfg = Debug|Any CPU
		{A12C0558-44E2-48FB-9075-1EB8A2D0F247}.Checked|arm64.ActiveCfg = Debug|Any CPU
		{A12C0558-44E2-48FB-9075-1EB8A2D0F247}.Checked|x64.ActiveCfg = Debug|Any CPU
		{A12C0558-44E2-48FB-9075-1EB8A2D0F247}.Checked|x86.ActiveCfg = Debug|Any CPU
		{D5DE5382-A5FD-46FD-9EAF-02541C26586B}.Debug|Any CPU.ActiveCfg = Debug|Any CPU
		{D5DE5382-A5FD-46FD-9EAF-02541C26586B}.Debug|Any CPU.Build.0 = Debug|Any CPU
		{D5DE5382-A5FD-46FD-9EAF-02541C26586B}.Debug|arm.ActiveCfg = Debug|Any CPU
		{D5DE5382-A5FD-46FD-9EAF-02541C26586B}.Debug|arm64.ActiveCfg = Debug|Any CPU
		{D5DE5382-A5FD-46FD-9EAF-02541C26586B}.Debug|x64.ActiveCfg = Debug|Any CPU
		{D5DE5382-A5FD-46FD-9EAF-02541C26586B}.Debug|x64.Build.0 = Debug|Any CPU
		{D5DE5382-A5FD-46FD-9EAF-02541C26586B}.Debug|x86.ActiveCfg = Debug|Any CPU
		{D5DE5382-A5FD-46FD-9EAF-02541C26586B}.Debug|x86.Build.0 = Debug|Any CPU
		{D5DE5382-A5FD-46FD-9EAF-02541C26586B}.Release|Any CPU.ActiveCfg = Release|Any CPU
		{D5DE5382-A5FD-46FD-9EAF-02541C26586B}.Release|Any CPU.Build.0 = Release|Any CPU
		{D5DE5382-A5FD-46FD-9EAF-02541C26586B}.Release|arm.ActiveCfg = Release|Any CPU
		{D5DE5382-A5FD-46FD-9EAF-02541C26586B}.Release|arm64.ActiveCfg = Release|Any CPU
		{D5DE5382-A5FD-46FD-9EAF-02541C26586B}.Release|x64.ActiveCfg = Release|Any CPU
		{D5DE5382-A5FD-46FD-9EAF-02541C26586B}.Release|x64.Build.0 = Release|Any CPU
		{D5DE5382-A5FD-46FD-9EAF-02541C26586B}.Release|x86.ActiveCfg = Release|Any CPU
		{D5DE5382-A5FD-46FD-9EAF-02541C26586B}.Release|x86.Build.0 = Release|Any CPU
		{D5DE5382-A5FD-46FD-9EAF-02541C26586B}.Checked|Any CPU.ActiveCfg = Debug|Any CPU
		{D5DE5382-A5FD-46FD-9EAF-02541C26586B}.Checked|arm.ActiveCfg = Debug|Any CPU
		{D5DE5382-A5FD-46FD-9EAF-02541C26586B}.Checked|arm64.ActiveCfg = Debug|Any CPU
		{D5DE5382-A5FD-46FD-9EAF-02541C26586B}.Checked|x64.ActiveCfg = Debug|Any CPU
		{D5DE5382-A5FD-46FD-9EAF-02541C26586B}.Checked|x86.ActiveCfg = Debug|Any CPU
		{071FC282-9840-4920-B0FD-BE778449B5FF}.Debug|Any CPU.ActiveCfg = Debug|Any CPU
		{071FC282-9840-4920-B0FD-BE778449B5FF}.Debug|Any CPU.Build.0 = Debug|Any CPU
		{071FC282-9840-4920-B0FD-BE778449B5FF}.Debug|arm.ActiveCfg = Debug|Any CPU
		{071FC282-9840-4920-B0FD-BE778449B5FF}.Debug|arm64.ActiveCfg = Debug|Any CPU
		{071FC282-9840-4920-B0FD-BE778449B5FF}.Debug|x64.ActiveCfg = Debug|Any CPU
		{071FC282-9840-4920-B0FD-BE778449B5FF}.Debug|x64.Build.0 = Debug|Any CPU
		{071FC282-9840-4920-B0FD-BE778449B5FF}.Debug|x86.ActiveCfg = Debug|Any CPU
		{071FC282-9840-4920-B0FD-BE778449B5FF}.Debug|x86.Build.0 = Debug|Any CPU
		{071FC282-9840-4920-B0FD-BE778449B5FF}.Release|Any CPU.ActiveCfg = Release|Any CPU
		{071FC282-9840-4920-B0FD-BE778449B5FF}.Release|Any CPU.Build.0 = Release|Any CPU
		{071FC282-9840-4920-B0FD-BE778449B5FF}.Release|arm.ActiveCfg = Release|Any CPU
		{071FC282-9840-4920-B0FD-BE778449B5FF}.Release|arm64.ActiveCfg = Release|Any CPU
		{071FC282-9840-4920-B0FD-BE778449B5FF}.Release|x64.ActiveCfg = Release|Any CPU
		{071FC282-9840-4920-B0FD-BE778449B5FF}.Release|x64.Build.0 = Release|Any CPU
		{071FC282-9840-4920-B0FD-BE778449B5FF}.Release|x86.ActiveCfg = Release|Any CPU
		{071FC282-9840-4920-B0FD-BE778449B5FF}.Release|x86.Build.0 = Release|Any CPU
		{071FC282-9840-4920-B0FD-BE778449B5FF}.Checked|Any CPU.ActiveCfg = Debug|Any CPU
		{071FC282-9840-4920-B0FD-BE778449B5FF}.Checked|arm.ActiveCfg = Debug|Any CPU
		{071FC282-9840-4920-B0FD-BE778449B5FF}.Checked|arm64.ActiveCfg = Debug|Any CPU
		{071FC282-9840-4920-B0FD-BE778449B5FF}.Checked|x64.ActiveCfg = Debug|Any CPU
		{071FC282-9840-4920-B0FD-BE778449B5FF}.Checked|x86.ActiveCfg = Debug|Any CPU
		{4EF591E4-175E-494D-8191-15C2D6C6E2E6}.Debug|Any CPU.ActiveCfg = Debug|Any CPU
		{4EF591E4-175E-494D-8191-15C2D6C6E2E6}.Debug|Any CPU.Build.0 = Debug|Any CPU
		{4EF591E4-175E-494D-8191-15C2D6C6E2E6}.Debug|arm.ActiveCfg = Debug|Any CPU
		{4EF591E4-175E-494D-8191-15C2D6C6E2E6}.Debug|arm64.ActiveCfg = Debug|Any CPU
		{4EF591E4-175E-494D-8191-15C2D6C6E2E6}.Debug|x64.ActiveCfg = Debug|Any CPU
		{4EF591E4-175E-494D-8191-15C2D6C6E2E6}.Debug|x64.Build.0 = Debug|Any CPU
		{4EF591E4-175E-494D-8191-15C2D6C6E2E6}.Debug|x86.ActiveCfg = Debug|Any CPU
		{4EF591E4-175E-494D-8191-15C2D6C6E2E6}.Debug|x86.Build.0 = Debug|Any CPU
		{4EF591E4-175E-494D-8191-15C2D6C6E2E6}.Release|Any CPU.ActiveCfg = Release|Any CPU
		{4EF591E4-175E-494D-8191-15C2D6C6E2E6}.Release|Any CPU.Build.0 = Release|Any CPU
		{4EF591E4-175E-494D-8191-15C2D6C6E2E6}.Release|arm.ActiveCfg = Release|Any CPU
		{4EF591E4-175E-494D-8191-15C2D6C6E2E6}.Release|arm64.ActiveCfg = Release|Any CPU
		{4EF591E4-175E-494D-8191-15C2D6C6E2E6}.Release|x64.ActiveCfg = Release|Any CPU
		{4EF591E4-175E-494D-8191-15C2D6C6E2E6}.Release|x64.Build.0 = Release|Any CPU
		{4EF591E4-175E-494D-8191-15C2D6C6E2E6}.Release|x86.ActiveCfg = Release|Any CPU
		{4EF591E4-175E-494D-8191-15C2D6C6E2E6}.Release|x86.Build.0 = Release|Any CPU
		{4EF591E4-175E-494D-8191-15C2D6C6E2E6}.Checked|Any CPU.ActiveCfg = Debug|Any CPU
		{4EF591E4-175E-494D-8191-15C2D6C6E2E6}.Checked|arm.ActiveCfg = Debug|Any CPU
		{4EF591E4-175E-494D-8191-15C2D6C6E2E6}.Checked|arm64.ActiveCfg = Debug|Any CPU
		{4EF591E4-175E-494D-8191-15C2D6C6E2E6}.Checked|x64.ActiveCfg = Debug|Any CPU
		{4EF591E4-175E-494D-8191-15C2D6C6E2E6}.Checked|x86.ActiveCfg = Debug|Any CPU
		{D7E6A261-C80A-4E51-BCDD-85DD595866B9}.Debug|Any CPU.ActiveCfg = Debug|Any CPU
		{D7E6A261-C80A-4E51-BCDD-85DD595866B9}.Debug|Any CPU.Build.0 = Debug|Any CPU
		{D7E6A261-C80A-4E51-BCDD-85DD595866B9}.Debug|arm.ActiveCfg = Debug|Any CPU
		{D7E6A261-C80A-4E51-BCDD-85DD595866B9}.Debug|arm64.ActiveCfg = Debug|Any CPU
		{D7E6A261-C80A-4E51-BCDD-85DD595866B9}.Debug|x64.ActiveCfg = Debug|Any CPU
		{D7E6A261-C80A-4E51-BCDD-85DD595866B9}.Debug|x64.Build.0 = Debug|Any CPU
		{D7E6A261-C80A-4E51-BCDD-85DD595866B9}.Debug|x86.ActiveCfg = Debug|Any CPU
		{D7E6A261-C80A-4E51-BCDD-85DD595866B9}.Debug|x86.Build.0 = Debug|Any CPU
		{D7E6A261-C80A-4E51-BCDD-85DD595866B9}.Release|Any CPU.ActiveCfg = Release|Any CPU
		{D7E6A261-C80A-4E51-BCDD-85DD595866B9}.Release|Any CPU.Build.0 = Release|Any CPU
		{D7E6A261-C80A-4E51-BCDD-85DD595866B9}.Release|arm.ActiveCfg = Release|Any CPU
		{D7E6A261-C80A-4E51-BCDD-85DD595866B9}.Release|arm64.ActiveCfg = Release|Any CPU
		{D7E6A261-C80A-4E51-BCDD-85DD595866B9}.Release|x64.ActiveCfg = Release|Any CPU
		{D7E6A261-C80A-4E51-BCDD-85DD595866B9}.Release|x64.Build.0 = Release|Any CPU
		{D7E6A261-C80A-4E51-BCDD-85DD595866B9}.Release|x86.ActiveCfg = Release|Any CPU
		{D7E6A261-C80A-4E51-BCDD-85DD595866B9}.Release|x86.Build.0 = Release|Any CPU
		{D7E6A261-C80A-4E51-BCDD-85DD595866B9}.Checked|Any CPU.ActiveCfg = Debug|Any CPU
		{D7E6A261-C80A-4E51-BCDD-85DD595866B9}.Checked|arm.ActiveCfg = Debug|Any CPU
		{D7E6A261-C80A-4E51-BCDD-85DD595866B9}.Checked|arm64.ActiveCfg = Debug|Any CPU
		{D7E6A261-C80A-4E51-BCDD-85DD595866B9}.Checked|x64.ActiveCfg = Debug|Any CPU
		{D7E6A261-C80A-4E51-BCDD-85DD595866B9}.Checked|x86.ActiveCfg = Debug|Any CPU
		{35D57A83-8A9D-4531-BF0D-EA1BCA62D475}.Debug|Any CPU.ActiveCfg = Debug|Any CPU
		{35D57A83-8A9D-4531-BF0D-EA1BCA62D475}.Debug|Any CPU.Build.0 = Debug|Any CPU
		{35D57A83-8A9D-4531-BF0D-EA1BCA62D475}.Debug|arm.ActiveCfg = Debug|Any CPU
		{35D57A83-8A9D-4531-BF0D-EA1BCA62D475}.Debug|arm64.ActiveCfg = Debug|Any CPU
		{35D57A83-8A9D-4531-BF0D-EA1BCA62D475}.Debug|x64.ActiveCfg = Debug|Any CPU
		{35D57A83-8A9D-4531-BF0D-EA1BCA62D475}.Debug|x64.Build.0 = Debug|Any CPU
		{35D57A83-8A9D-4531-BF0D-EA1BCA62D475}.Debug|x86.ActiveCfg = Debug|Any CPU
		{35D57A83-8A9D-4531-BF0D-EA1BCA62D475}.Debug|x86.Build.0 = Debug|Any CPU
		{35D57A83-8A9D-4531-BF0D-EA1BCA62D475}.Release|Any CPU.ActiveCfg = Release|Any CPU
		{35D57A83-8A9D-4531-BF0D-EA1BCA62D475}.Release|Any CPU.Build.0 = Release|Any CPU
		{35D57A83-8A9D-4531-BF0D-EA1BCA62D475}.Release|arm.ActiveCfg = Release|Any CPU
		{35D57A83-8A9D-4531-BF0D-EA1BCA62D475}.Release|arm64.ActiveCfg = Release|Any CPU
		{35D57A83-8A9D-4531-BF0D-EA1BCA62D475}.Release|x64.ActiveCfg = Release|Any CPU
		{35D57A83-8A9D-4531-BF0D-EA1BCA62D475}.Release|x64.Build.0 = Release|Any CPU
		{35D57A83-8A9D-4531-BF0D-EA1BCA62D475}.Release|x86.ActiveCfg = Release|Any CPU
		{35D57A83-8A9D-4531-BF0D-EA1BCA62D475}.Release|x86.Build.0 = Release|Any CPU
		{35D57A83-8A9D-4531-BF0D-EA1BCA62D475}.Checked|Any CPU.ActiveCfg = Debug|Any CPU
		{35D57A83-8A9D-4531-BF0D-EA1BCA62D475}.Checked|arm.ActiveCfg = Debug|Any CPU
		{35D57A83-8A9D-4531-BF0D-EA1BCA62D475}.Checked|arm64.ActiveCfg = Debug|Any CPU
		{35D57A83-8A9D-4531-BF0D-EA1BCA62D475}.Checked|x64.ActiveCfg = Debug|Any CPU
		{35D57A83-8A9D-4531-BF0D-EA1BCA62D475}.Checked|x86.ActiveCfg = Debug|Any CPU
		{9EB99AA1-EE31-41AC-B3E6-DCD7A01F17F2}.Debug|Any CPU.ActiveCfg = Debug|Any CPU
		{9EB99AA1-EE31-41AC-B3E6-DCD7A01F17F2}.Debug|Any CPU.Build.0 = Debug|Any CPU
		{9EB99AA1-EE31-41AC-B3E6-DCD7A01F17F2}.Debug|arm.ActiveCfg = Debug|Any CPU
		{9EB99AA1-EE31-41AC-B3E6-DCD7A01F17F2}.Debug|arm64.ActiveCfg = Debug|Any CPU
		{9EB99AA1-EE31-41AC-B3E6-DCD7A01F17F2}.Debug|x64.ActiveCfg = Debug|Any CPU
		{9EB99AA1-EE31-41AC-B3E6-DCD7A01F17F2}.Debug|x64.Build.0 = Debug|Any CPU
		{9EB99AA1-EE31-41AC-B3E6-DCD7A01F17F2}.Debug|x86.ActiveCfg = Debug|Any CPU
		{9EB99AA1-EE31-41AC-B3E6-DCD7A01F17F2}.Debug|x86.Build.0 = Debug|Any CPU
		{9EB99AA1-EE31-41AC-B3E6-DCD7A01F17F2}.Release|Any CPU.ActiveCfg = Release|Any CPU
		{9EB99AA1-EE31-41AC-B3E6-DCD7A01F17F2}.Release|Any CPU.Build.0 = Release|Any CPU
		{9EB99AA1-EE31-41AC-B3E6-DCD7A01F17F2}.Release|arm.ActiveCfg = Release|Any CPU
		{9EB99AA1-EE31-41AC-B3E6-DCD7A01F17F2}.Release|arm64.ActiveCfg = Release|Any CPU
		{9EB99AA1-EE31-41AC-B3E6-DCD7A01F17F2}.Release|x64.ActiveCfg = Release|Any CPU
		{9EB99AA1-EE31-41AC-B3E6-DCD7A01F17F2}.Release|x64.Build.0 = Release|Any CPU
		{9EB99AA1-EE31-41AC-B3E6-DCD7A01F17F2}.Release|x86.ActiveCfg = Release|Any CPU
		{9EB99AA1-EE31-41AC-B3E6-DCD7A01F17F2}.Release|x86.Build.0 = Release|Any CPU
		{9EB99AA1-EE31-41AC-B3E6-DCD7A01F17F2}.Checked|Any CPU.ActiveCfg = Debug|Any CPU
		{9EB99AA1-EE31-41AC-B3E6-DCD7A01F17F2}.Checked|arm.ActiveCfg = Debug|Any CPU
		{9EB99AA1-EE31-41AC-B3E6-DCD7A01F17F2}.Checked|arm64.ActiveCfg = Debug|Any CPU
		{9EB99AA1-EE31-41AC-B3E6-DCD7A01F17F2}.Checked|x64.ActiveCfg = Debug|Any CPU
		{9EB99AA1-EE31-41AC-B3E6-DCD7A01F17F2}.Checked|x86.ActiveCfg = Debug|Any CPU
		{0A653F6C-C75E-47C4-85F9-5C1013E381D7}.Debug|Any CPU.ActiveCfg = Debug|Any CPU
		{0A653F6C-C75E-47C4-85F9-5C1013E381D7}.Debug|Any CPU.Build.0 = Debug|Any CPU
		{0A653F6C-C75E-47C4-85F9-5C1013E381D7}.Debug|arm.ActiveCfg = Debug|Any CPU
		{0A653F6C-C75E-47C4-85F9-5C1013E381D7}.Debug|arm64.ActiveCfg = Debug|Any CPU
		{0A653F6C-C75E-47C4-85F9-5C1013E381D7}.Debug|x64.ActiveCfg = Debug|Any CPU
		{0A653F6C-C75E-47C4-85F9-5C1013E381D7}.Debug|x64.Build.0 = Debug|Any CPU
		{0A653F6C-C75E-47C4-85F9-5C1013E381D7}.Debug|x86.ActiveCfg = Debug|Any CPU
		{0A653F6C-C75E-47C4-85F9-5C1013E381D7}.Debug|x86.Build.0 = Debug|Any CPU
		{0A653F6C-C75E-47C4-85F9-5C1013E381D7}.Release|Any CPU.ActiveCfg = Release|Any CPU
		{0A653F6C-C75E-47C4-85F9-5C1013E381D7}.Release|Any CPU.Build.0 = Release|Any CPU
		{0A653F6C-C75E-47C4-85F9-5C1013E381D7}.Release|arm.ActiveCfg = Release|Any CPU
		{0A653F6C-C75E-47C4-85F9-5C1013E381D7}.Release|arm64.ActiveCfg = Release|Any CPU
		{0A653F6C-C75E-47C4-85F9-5C1013E381D7}.Release|x64.ActiveCfg = Release|Any CPU
		{0A653F6C-C75E-47C4-85F9-5C1013E381D7}.Release|x64.Build.0 = Release|Any CPU
		{0A653F6C-C75E-47C4-85F9-5C1013E381D7}.Release|x86.ActiveCfg = Release|Any CPU
		{0A653F6C-C75E-47C4-85F9-5C1013E381D7}.Release|x86.Build.0 = Release|Any CPU
		{0A653F6C-C75E-47C4-85F9-5C1013E381D7}.Checked|Any CPU.ActiveCfg = Debug|Any CPU
		{0A653F6C-C75E-47C4-85F9-5C1013E381D7}.Checked|arm.ActiveCfg = Debug|Any CPU
		{0A653F6C-C75E-47C4-85F9-5C1013E381D7}.Checked|arm64.ActiveCfg = Debug|Any CPU
		{0A653F6C-C75E-47C4-85F9-5C1013E381D7}.Checked|x64.ActiveCfg = Debug|Any CPU
		{0A653F6C-C75E-47C4-85F9-5C1013E381D7}.Checked|x86.ActiveCfg = Debug|Any CPU
		{1D9B7442-BF5B-4AF3-A07F-F59AE99CF394}.Debug|Any CPU.ActiveCfg = Debug|Any CPU
		{1D9B7442-BF5B-4AF3-A07F-F59AE99CF394}.Debug|Any CPU.Build.0 = Debug|Any CPU
		{1D9B7442-BF5B-4AF3-A07F-F59AE99CF394}.Debug|arm.ActiveCfg = Debug|Any CPU
		{1D9B7442-BF5B-4AF3-A07F-F59AE99CF394}.Debug|arm64.ActiveCfg = Debug|Any CPU
		{1D9B7442-BF5B-4AF3-A07F-F59AE99CF394}.Debug|x64.ActiveCfg = Debug|Any CPU
		{1D9B7442-BF5B-4AF3-A07F-F59AE99CF394}.Debug|x64.Build.0 = Debug|Any CPU
		{1D9B7442-BF5B-4AF3-A07F-F59AE99CF394}.Debug|x86.ActiveCfg = Debug|Any CPU
		{1D9B7442-BF5B-4AF3-A07F-F59AE99CF394}.Debug|x86.Build.0 = Debug|Any CPU
		{1D9B7442-BF5B-4AF3-A07F-F59AE99CF394}.Release|Any CPU.ActiveCfg = Release|Any CPU
		{1D9B7442-BF5B-4AF3-A07F-F59AE99CF394}.Release|Any CPU.Build.0 = Release|Any CPU
		{1D9B7442-BF5B-4AF3-A07F-F59AE99CF394}.Release|arm.ActiveCfg = Release|Any CPU
		{1D9B7442-BF5B-4AF3-A07F-F59AE99CF394}.Release|arm64.ActiveCfg = Release|Any CPU
		{1D9B7442-BF5B-4AF3-A07F-F59AE99CF394}.Release|x64.ActiveCfg = Release|Any CPU
		{1D9B7442-BF5B-4AF3-A07F-F59AE99CF394}.Release|x64.Build.0 = Release|Any CPU
		{1D9B7442-BF5B-4AF3-A07F-F59AE99CF394}.Release|x86.ActiveCfg = Release|Any CPU
		{1D9B7442-BF5B-4AF3-A07F-F59AE99CF394}.Release|x86.Build.0 = Release|Any CPU
		{1D9B7442-BF5B-4AF3-A07F-F59AE99CF394}.Checked|Any CPU.ActiveCfg = Debug|Any CPU
		{1D9B7442-BF5B-4AF3-A07F-F59AE99CF394}.Checked|arm.ActiveCfg = Debug|Any CPU
		{1D9B7442-BF5B-4AF3-A07F-F59AE99CF394}.Checked|arm64.ActiveCfg = Debug|Any CPU
		{1D9B7442-BF5B-4AF3-A07F-F59AE99CF394}.Checked|x64.ActiveCfg = Debug|Any CPU
		{1D9B7442-BF5B-4AF3-A07F-F59AE99CF394}.Checked|x86.ActiveCfg = Debug|Any CPU
		{19FC160B-AF59-4AF6-90F9-30411BE14BC4}.Debug|Any CPU.ActiveCfg = Debug|Any CPU
		{19FC160B-AF59-4AF6-90F9-30411BE14BC4}.Debug|Any CPU.Build.0 = Debug|Any CPU
		{19FC160B-AF59-4AF6-90F9-30411BE14BC4}.Debug|arm.ActiveCfg = Debug|Any CPU
		{19FC160B-AF59-4AF6-90F9-30411BE14BC4}.Debug|arm64.ActiveCfg = Debug|Any CPU
		{19FC160B-AF59-4AF6-90F9-30411BE14BC4}.Debug|x64.ActiveCfg = Debug|Any CPU
		{19FC160B-AF59-4AF6-90F9-30411BE14BC4}.Debug|x64.Build.0 = Debug|Any CPU
		{19FC160B-AF59-4AF6-90F9-30411BE14BC4}.Debug|x86.ActiveCfg = Debug|Any CPU
		{19FC160B-AF59-4AF6-90F9-30411BE14BC4}.Debug|x86.Build.0 = Debug|Any CPU
		{19FC160B-AF59-4AF6-90F9-30411BE14BC4}.Release|Any CPU.ActiveCfg = Release|Any CPU
		{19FC160B-AF59-4AF6-90F9-30411BE14BC4}.Release|Any CPU.Build.0 = Release|Any CPU
		{19FC160B-AF59-4AF6-90F9-30411BE14BC4}.Release|arm.ActiveCfg = Release|Any CPU
		{19FC160B-AF59-4AF6-90F9-30411BE14BC4}.Release|arm64.ActiveCfg = Release|Any CPU
		{19FC160B-AF59-4AF6-90F9-30411BE14BC4}.Release|x64.ActiveCfg = Release|Any CPU
		{19FC160B-AF59-4AF6-90F9-30411BE14BC4}.Release|x64.Build.0 = Release|Any CPU
		{19FC160B-AF59-4AF6-90F9-30411BE14BC4}.Release|x86.ActiveCfg = Release|Any CPU
		{19FC160B-AF59-4AF6-90F9-30411BE14BC4}.Release|x86.Build.0 = Release|Any CPU
		{19FC160B-AF59-4AF6-90F9-30411BE14BC4}.Checked|Any CPU.ActiveCfg = Debug|Any CPU
		{19FC160B-AF59-4AF6-90F9-30411BE14BC4}.Checked|arm.ActiveCfg = Debug|Any CPU
		{19FC160B-AF59-4AF6-90F9-30411BE14BC4}.Checked|arm64.ActiveCfg = Debug|Any CPU
		{19FC160B-AF59-4AF6-90F9-30411BE14BC4}.Checked|x64.ActiveCfg = Debug|Any CPU
		{19FC160B-AF59-4AF6-90F9-30411BE14BC4}.Checked|x86.ActiveCfg = Debug|Any CPU
		{974F81BC-FDCE-404E-B8D7-12A48E27F005}.Debug|Any CPU.ActiveCfg = Debug|Any CPU
		{974F81BC-FDCE-404E-B8D7-12A48E27F005}.Debug|Any CPU.Build.0 = Debug|Any CPU
		{974F81BC-FDCE-404E-B8D7-12A48E27F005}.Debug|arm.ActiveCfg = Debug|Any CPU
		{974F81BC-FDCE-404E-B8D7-12A48E27F005}.Debug|arm64.ActiveCfg = Debug|Any CPU
		{974F81BC-FDCE-404E-B8D7-12A48E27F005}.Debug|x64.ActiveCfg = Debug|Any CPU
		{974F81BC-FDCE-404E-B8D7-12A48E27F005}.Debug|x64.Build.0 = Debug|Any CPU
		{974F81BC-FDCE-404E-B8D7-12A48E27F005}.Debug|x86.ActiveCfg = Debug|Any CPU
		{974F81BC-FDCE-404E-B8D7-12A48E27F005}.Debug|x86.Build.0 = Debug|Any CPU
		{974F81BC-FDCE-404E-B8D7-12A48E27F005}.Release|Any CPU.ActiveCfg = Release|Any CPU
		{974F81BC-FDCE-404E-B8D7-12A48E27F005}.Release|Any CPU.Build.0 = Release|Any CPU
		{974F81BC-FDCE-404E-B8D7-12A48E27F005}.Release|arm.ActiveCfg = Release|Any CPU
		{974F81BC-FDCE-404E-B8D7-12A48E27F005}.Release|arm64.ActiveCfg = Release|Any CPU
		{974F81BC-FDCE-404E-B8D7-12A48E27F005}.Release|x64.ActiveCfg = Release|Any CPU
		{974F81BC-FDCE-404E-B8D7-12A48E27F005}.Release|x64.Build.0 = Release|Any CPU
		{974F81BC-FDCE-404E-B8D7-12A48E27F005}.Release|x86.ActiveCfg = Release|Any CPU
		{974F81BC-FDCE-404E-B8D7-12A48E27F005}.Release|x86.Build.0 = Release|Any CPU
		{974F81BC-FDCE-404E-B8D7-12A48E27F005}.Checked|Any CPU.ActiveCfg = Debug|Any CPU
		{974F81BC-FDCE-404E-B8D7-12A48E27F005}.Checked|arm.ActiveCfg = Debug|Any CPU
		{974F81BC-FDCE-404E-B8D7-12A48E27F005}.Checked|arm64.ActiveCfg = Debug|Any CPU
		{974F81BC-FDCE-404E-B8D7-12A48E27F005}.Checked|x64.ActiveCfg = Debug|Any CPU
		{974F81BC-FDCE-404E-B8D7-12A48E27F005}.Checked|x86.ActiveCfg = Debug|Any CPU
		{4E815F64-6F9A-485D-825D-930830F7EABB}.Debug|Any CPU.ActiveCfg = Debug|Any CPU
		{4E815F64-6F9A-485D-825D-930830F7EABB}.Debug|Any CPU.Build.0 = Debug|Any CPU
		{4E815F64-6F9A-485D-825D-930830F7EABB}.Debug|arm.ActiveCfg = Debug|Any CPU
		{4E815F64-6F9A-485D-825D-930830F7EABB}.Debug|arm64.ActiveCfg = Debug|Any CPU
		{4E815F64-6F9A-485D-825D-930830F7EABB}.Debug|x64.ActiveCfg = Debug|Any CPU
		{4E815F64-6F9A-485D-825D-930830F7EABB}.Debug|x64.Build.0 = Debug|Any CPU
		{4E815F64-6F9A-485D-825D-930830F7EABB}.Debug|x86.ActiveCfg = Debug|Any CPU
		{4E815F64-6F9A-485D-825D-930830F7EABB}.Debug|x86.Build.0 = Debug|Any CPU
		{4E815F64-6F9A-485D-825D-930830F7EABB}.Release|Any CPU.ActiveCfg = Release|Any CPU
		{4E815F64-6F9A-485D-825D-930830F7EABB}.Release|Any CPU.Build.0 = Release|Any CPU
		{4E815F64-6F9A-485D-825D-930830F7EABB}.Release|arm.ActiveCfg = Release|Any CPU
		{4E815F64-6F9A-485D-825D-930830F7EABB}.Release|arm64.ActiveCfg = Release|Any CPU
		{4E815F64-6F9A-485D-825D-930830F7EABB}.Release|x64.ActiveCfg = Release|Any CPU
		{4E815F64-6F9A-485D-825D-930830F7EABB}.Release|x64.Build.0 = Release|Any CPU
		{4E815F64-6F9A-485D-825D-930830F7EABB}.Release|x86.ActiveCfg = Release|Any CPU
		{4E815F64-6F9A-485D-825D-930830F7EABB}.Release|x86.Build.0 = Release|Any CPU
		{4E815F64-6F9A-485D-825D-930830F7EABB}.Checked|Any CPU.ActiveCfg = Debug|Any CPU
		{4E815F64-6F9A-485D-825D-930830F7EABB}.Checked|arm.ActiveCfg = Debug|Any CPU
		{4E815F64-6F9A-485D-825D-930830F7EABB}.Checked|arm64.ActiveCfg = Debug|Any CPU
		{4E815F64-6F9A-485D-825D-930830F7EABB}.Checked|x64.ActiveCfg = Debug|Any CPU
		{4E815F64-6F9A-485D-825D-930830F7EABB}.Checked|x86.ActiveCfg = Debug|Any CPU
		{E939A1C0-31C6-4EA6-9020-ADDE06272528}.Debug|Any CPU.ActiveCfg = Debug|Any CPU
		{E939A1C0-31C6-4EA6-9020-ADDE06272528}.Debug|Any CPU.Build.0 = Debug|Any CPU
		{E939A1C0-31C6-4EA6-9020-ADDE06272528}.Debug|arm.ActiveCfg = Debug|Any CPU
		{E939A1C0-31C6-4EA6-9020-ADDE06272528}.Debug|arm64.ActiveCfg = Debug|Any CPU
		{E939A1C0-31C6-4EA6-9020-ADDE06272528}.Debug|x64.ActiveCfg = Debug|Any CPU
		{E939A1C0-31C6-4EA6-9020-ADDE06272528}.Debug|x64.Build.0 = Debug|Any CPU
		{E939A1C0-31C6-4EA6-9020-ADDE06272528}.Debug|x86.ActiveCfg = Debug|Any CPU
		{E939A1C0-31C6-4EA6-9020-ADDE06272528}.Debug|x86.Build.0 = Debug|Any CPU
		{E939A1C0-31C6-4EA6-9020-ADDE06272528}.Release|Any CPU.ActiveCfg = Release|Any CPU
		{E939A1C0-31C6-4EA6-9020-ADDE06272528}.Release|Any CPU.Build.0 = Release|Any CPU
		{E939A1C0-31C6-4EA6-9020-ADDE06272528}.Release|arm.ActiveCfg = Release|Any CPU
		{E939A1C0-31C6-4EA6-9020-ADDE06272528}.Release|arm64.ActiveCfg = Release|Any CPU
		{E939A1C0-31C6-4EA6-9020-ADDE06272528}.Release|x64.ActiveCfg = Release|Any CPU
		{E939A1C0-31C6-4EA6-9020-ADDE06272528}.Release|x64.Build.0 = Release|Any CPU
		{E939A1C0-31C6-4EA6-9020-ADDE06272528}.Release|x86.ActiveCfg = Release|Any CPU
		{E939A1C0-31C6-4EA6-9020-ADDE06272528}.Release|x86.Build.0 = Release|Any CPU
		{E939A1C0-31C6-4EA6-9020-ADDE06272528}.Checked|Any CPU.ActiveCfg = Debug|Any CPU
		{E939A1C0-31C6-4EA6-9020-ADDE06272528}.Checked|arm.ActiveCfg = Debug|Any CPU
		{E939A1C0-31C6-4EA6-9020-ADDE06272528}.Checked|arm64.ActiveCfg = Debug|Any CPU
		{E939A1C0-31C6-4EA6-9020-ADDE06272528}.Checked|x64.ActiveCfg = Debug|Any CPU
		{E939A1C0-31C6-4EA6-9020-ADDE06272528}.Checked|x86.ActiveCfg = Debug|Any CPU
		{A80974ED-DDC6-4A21-A874-F85AE729AF0E}.Debug|Any CPU.ActiveCfg = Debug|Any CPU
		{A80974ED-DDC6-4A21-A874-F85AE729AF0E}.Debug|Any CPU.Build.0 = Debug|Any CPU
		{A80974ED-DDC6-4A21-A874-F85AE729AF0E}.Debug|arm.ActiveCfg = Debug|Any CPU
		{A80974ED-DDC6-4A21-A874-F85AE729AF0E}.Debug|arm64.ActiveCfg = Debug|Any CPU
		{A80974ED-DDC6-4A21-A874-F85AE729AF0E}.Debug|x64.ActiveCfg = Debug|Any CPU
		{A80974ED-DDC6-4A21-A874-F85AE729AF0E}.Debug|x64.Build.0 = Debug|Any CPU
		{A80974ED-DDC6-4A21-A874-F85AE729AF0E}.Debug|x86.ActiveCfg = Debug|Any CPU
		{A80974ED-DDC6-4A21-A874-F85AE729AF0E}.Debug|x86.Build.0 = Debug|Any CPU
		{A80974ED-DDC6-4A21-A874-F85AE729AF0E}.Release|Any CPU.ActiveCfg = Release|Any CPU
		{A80974ED-DDC6-4A21-A874-F85AE729AF0E}.Release|Any CPU.Build.0 = Release|Any CPU
		{A80974ED-DDC6-4A21-A874-F85AE729AF0E}.Release|arm.ActiveCfg = Release|Any CPU
		{A80974ED-DDC6-4A21-A874-F85AE729AF0E}.Release|arm64.ActiveCfg = Release|Any CPU
		{A80974ED-DDC6-4A21-A874-F85AE729AF0E}.Release|x64.ActiveCfg = Release|Any CPU
		{A80974ED-DDC6-4A21-A874-F85AE729AF0E}.Release|x64.Build.0 = Release|Any CPU
		{A80974ED-DDC6-4A21-A874-F85AE729AF0E}.Release|x86.ActiveCfg = Release|Any CPU
		{A80974ED-DDC6-4A21-A874-F85AE729AF0E}.Release|x86.Build.0 = Release|Any CPU
		{A80974ED-DDC6-4A21-A874-F85AE729AF0E}.Checked|Any CPU.ActiveCfg = Debug|Any CPU
		{A80974ED-DDC6-4A21-A874-F85AE729AF0E}.Checked|arm.ActiveCfg = Debug|Any CPU
		{A80974ED-DDC6-4A21-A874-F85AE729AF0E}.Checked|arm64.ActiveCfg = Debug|Any CPU
		{A80974ED-DDC6-4A21-A874-F85AE729AF0E}.Checked|x64.ActiveCfg = Debug|Any CPU
		{A80974ED-DDC6-4A21-A874-F85AE729AF0E}.Checked|x86.ActiveCfg = Debug|Any CPU
		{82D2A3A9-0784-4CFC-91E1-8A963FE22ADB}.Debug|Any CPU.ActiveCfg = Debug|Any CPU
		{82D2A3A9-0784-4CFC-91E1-8A963FE22ADB}.Debug|Any CPU.Build.0 = Debug|Any CPU
		{82D2A3A9-0784-4CFC-91E1-8A963FE22ADB}.Debug|arm.ActiveCfg = Debug|Any CPU
		{82D2A3A9-0784-4CFC-91E1-8A963FE22ADB}.Debug|arm64.ActiveCfg = Debug|Any CPU
		{82D2A3A9-0784-4CFC-91E1-8A963FE22ADB}.Debug|x64.ActiveCfg = Debug|Any CPU
		{82D2A3A9-0784-4CFC-91E1-8A963FE22ADB}.Debug|x64.Build.0 = Debug|Any CPU
		{82D2A3A9-0784-4CFC-91E1-8A963FE22ADB}.Debug|x86.ActiveCfg = Debug|Any CPU
		{82D2A3A9-0784-4CFC-91E1-8A963FE22ADB}.Debug|x86.Build.0 = Debug|Any CPU
		{82D2A3A9-0784-4CFC-91E1-8A963FE22ADB}.Release|Any CPU.ActiveCfg = Release|Any CPU
		{82D2A3A9-0784-4CFC-91E1-8A963FE22ADB}.Release|Any CPU.Build.0 = Release|Any CPU
		{82D2A3A9-0784-4CFC-91E1-8A963FE22ADB}.Release|arm.ActiveCfg = Release|Any CPU
		{82D2A3A9-0784-4CFC-91E1-8A963FE22ADB}.Release|arm64.ActiveCfg = Release|Any CPU
		{82D2A3A9-0784-4CFC-91E1-8A963FE22ADB}.Release|x64.ActiveCfg = Release|Any CPU
		{82D2A3A9-0784-4CFC-91E1-8A963FE22ADB}.Release|x64.Build.0 = Release|Any CPU
		{82D2A3A9-0784-4CFC-91E1-8A963FE22ADB}.Release|x86.ActiveCfg = Release|Any CPU
		{82D2A3A9-0784-4CFC-91E1-8A963FE22ADB}.Release|x86.Build.0 = Release|Any CPU
		{82D2A3A9-0784-4CFC-91E1-8A963FE22ADB}.Checked|Any CPU.ActiveCfg = Debug|Any CPU
		{82D2A3A9-0784-4CFC-91E1-8A963FE22ADB}.Checked|arm.ActiveCfg = Debug|Any CPU
		{82D2A3A9-0784-4CFC-91E1-8A963FE22ADB}.Checked|arm64.ActiveCfg = Debug|Any CPU
		{82D2A3A9-0784-4CFC-91E1-8A963FE22ADB}.Checked|x64.ActiveCfg = Debug|Any CPU
		{82D2A3A9-0784-4CFC-91E1-8A963FE22ADB}.Checked|x86.ActiveCfg = Debug|Any CPU
		{AC322781-E4FD-48FF-997E-D300FA0DEBEE}.Debug|Any CPU.ActiveCfg = Debug|Any CPU
		{AC322781-E4FD-48FF-997E-D300FA0DEBEE}.Debug|Any CPU.Build.0 = Debug|Any CPU
		{AC322781-E4FD-48FF-997E-D300FA0DEBEE}.Debug|arm.ActiveCfg = Debug|Any CPU
		{AC322781-E4FD-48FF-997E-D300FA0DEBEE}.Debug|arm64.ActiveCfg = Debug|Any CPU
		{AC322781-E4FD-48FF-997E-D300FA0DEBEE}.Debug|x64.ActiveCfg = Debug|Any CPU
		{AC322781-E4FD-48FF-997E-D300FA0DEBEE}.Debug|x64.Build.0 = Debug|Any CPU
		{AC322781-E4FD-48FF-997E-D300FA0DEBEE}.Debug|x86.ActiveCfg = Debug|Any CPU
		{AC322781-E4FD-48FF-997E-D300FA0DEBEE}.Debug|x86.Build.0 = Debug|Any CPU
		{AC322781-E4FD-48FF-997E-D300FA0DEBEE}.Release|Any CPU.ActiveCfg = Release|Any CPU
		{AC322781-E4FD-48FF-997E-D300FA0DEBEE}.Release|Any CPU.Build.0 = Release|Any CPU
		{AC322781-E4FD-48FF-997E-D300FA0DEBEE}.Release|arm.ActiveCfg = Release|Any CPU
		{AC322781-E4FD-48FF-997E-D300FA0DEBEE}.Release|arm64.ActiveCfg = Release|Any CPU
		{AC322781-E4FD-48FF-997E-D300FA0DEBEE}.Release|x64.ActiveCfg = Release|Any CPU
		{AC322781-E4FD-48FF-997E-D300FA0DEBEE}.Release|x64.Build.0 = Release|Any CPU
		{AC322781-E4FD-48FF-997E-D300FA0DEBEE}.Release|x86.ActiveCfg = Release|Any CPU
		{AC322781-E4FD-48FF-997E-D300FA0DEBEE}.Release|x86.Build.0 = Release|Any CPU
		{AC322781-E4FD-48FF-997E-D300FA0DEBEE}.Checked|Any CPU.ActiveCfg = Debug|Any CPU
		{AC322781-E4FD-48FF-997E-D300FA0DEBEE}.Checked|arm.ActiveCfg = Debug|Any CPU
		{AC322781-E4FD-48FF-997E-D300FA0DEBEE}.Checked|arm64.ActiveCfg = Debug|Any CPU
		{AC322781-E4FD-48FF-997E-D300FA0DEBEE}.Checked|x64.ActiveCfg = Debug|Any CPU
		{AC322781-E4FD-48FF-997E-D300FA0DEBEE}.Checked|x86.ActiveCfg = Debug|Any CPU
		{73429869-3F3A-40B4-B06B-CC9D04ACEE65}.Debug|Any CPU.ActiveCfg = Debug|Any CPU
		{73429869-3F3A-40B4-B06B-CC9D04ACEE65}.Debug|Any CPU.Build.0 = Debug|Any CPU
		{73429869-3F3A-40B4-B06B-CC9D04ACEE65}.Debug|arm.ActiveCfg = Debug|Any CPU
		{73429869-3F3A-40B4-B06B-CC9D04ACEE65}.Debug|arm64.ActiveCfg = Debug|Any CPU
		{73429869-3F3A-40B4-B06B-CC9D04ACEE65}.Debug|x64.ActiveCfg = Debug|Any CPU
		{73429869-3F3A-40B4-B06B-CC9D04ACEE65}.Debug|x64.Build.0 = Debug|Any CPU
		{73429869-3F3A-40B4-B06B-CC9D04ACEE65}.Debug|x86.ActiveCfg = Debug|Any CPU
		{73429869-3F3A-40B4-B06B-CC9D04ACEE65}.Debug|x86.Build.0 = Debug|Any CPU
		{73429869-3F3A-40B4-B06B-CC9D04ACEE65}.Release|Any CPU.ActiveCfg = Release|Any CPU
		{73429869-3F3A-40B4-B06B-CC9D04ACEE65}.Release|Any CPU.Build.0 = Release|Any CPU
		{73429869-3F3A-40B4-B06B-CC9D04ACEE65}.Release|arm.ActiveCfg = Release|Any CPU
		{73429869-3F3A-40B4-B06B-CC9D04ACEE65}.Release|arm64.ActiveCfg = Release|Any CPU
		{73429869-3F3A-40B4-B06B-CC9D04ACEE65}.Release|x64.ActiveCfg = Release|Any CPU
		{73429869-3F3A-40B4-B06B-CC9D04ACEE65}.Release|x64.Build.0 = Release|Any CPU
		{73429869-3F3A-40B4-B06B-CC9D04ACEE65}.Release|x86.ActiveCfg = Release|Any CPU
		{73429869-3F3A-40B4-B06B-CC9D04ACEE65}.Release|x86.Build.0 = Release|Any CPU
		{73429869-3F3A-40B4-B06B-CC9D04ACEE65}.Checked|Any CPU.ActiveCfg = Debug|Any CPU
		{73429869-3F3A-40B4-B06B-CC9D04ACEE65}.Checked|arm.ActiveCfg = Debug|Any CPU
		{73429869-3F3A-40B4-B06B-CC9D04ACEE65}.Checked|arm64.ActiveCfg = Debug|Any CPU
		{73429869-3F3A-40B4-B06B-CC9D04ACEE65}.Checked|x64.ActiveCfg = Debug|Any CPU
		{73429869-3F3A-40B4-B06B-CC9D04ACEE65}.Checked|x86.ActiveCfg = Debug|Any CPU
		{37F8ED93-FD45-4941-B83E-84D278B8EA83}.Debug|Any CPU.ActiveCfg = Debug|Any CPU
		{37F8ED93-FD45-4941-B83E-84D278B8EA83}.Debug|Any CPU.Build.0 = Debug|Any CPU
		{37F8ED93-FD45-4941-B83E-84D278B8EA83}.Debug|arm.ActiveCfg = Debug|Any CPU
		{37F8ED93-FD45-4941-B83E-84D278B8EA83}.Debug|arm64.ActiveCfg = Debug|Any CPU
		{37F8ED93-FD45-4941-B83E-84D278B8EA83}.Debug|x64.ActiveCfg = Debug|Any CPU
		{37F8ED93-FD45-4941-B83E-84D278B8EA83}.Debug|x64.Build.0 = Debug|Any CPU
		{37F8ED93-FD45-4941-B83E-84D278B8EA83}.Debug|x86.ActiveCfg = Debug|Any CPU
		{37F8ED93-FD45-4941-B83E-84D278B8EA83}.Debug|x86.Build.0 = Debug|Any CPU
		{37F8ED93-FD45-4941-B83E-84D278B8EA83}.Release|Any CPU.ActiveCfg = Release|Any CPU
		{37F8ED93-FD45-4941-B83E-84D278B8EA83}.Release|Any CPU.Build.0 = Release|Any CPU
		{37F8ED93-FD45-4941-B83E-84D278B8EA83}.Release|arm.ActiveCfg = Release|Any CPU
		{37F8ED93-FD45-4941-B83E-84D278B8EA83}.Release|arm64.ActiveCfg = Release|Any CPU
		{37F8ED93-FD45-4941-B83E-84D278B8EA83}.Release|x64.ActiveCfg = Release|Any CPU
		{37F8ED93-FD45-4941-B83E-84D278B8EA83}.Release|x64.Build.0 = Release|Any CPU
		{37F8ED93-FD45-4941-B83E-84D278B8EA83}.Release|x86.ActiveCfg = Release|Any CPU
		{37F8ED93-FD45-4941-B83E-84D278B8EA83}.Release|x86.Build.0 = Release|Any CPU
		{37F8ED93-FD45-4941-B83E-84D278B8EA83}.Checked|Any CPU.ActiveCfg = Debug|Any CPU
		{37F8ED93-FD45-4941-B83E-84D278B8EA83}.Checked|arm.ActiveCfg = Debug|Any CPU
		{37F8ED93-FD45-4941-B83E-84D278B8EA83}.Checked|arm64.ActiveCfg = Debug|Any CPU
		{37F8ED93-FD45-4941-B83E-84D278B8EA83}.Checked|x64.ActiveCfg = Debug|Any CPU
		{37F8ED93-FD45-4941-B83E-84D278B8EA83}.Checked|x86.ActiveCfg = Debug|Any CPU
		{87E03C4D-FFE2-43AD-9CFE-BB67A2448186}.Debug|Any CPU.ActiveCfg = Debug|Any CPU
		{87E03C4D-FFE2-43AD-9CFE-BB67A2448186}.Debug|Any CPU.Build.0 = Debug|Any CPU
		{87E03C4D-FFE2-43AD-9CFE-BB67A2448186}.Debug|arm.ActiveCfg = Debug|Any CPU
		{87E03C4D-FFE2-43AD-9CFE-BB67A2448186}.Debug|arm64.ActiveCfg = Debug|Any CPU
		{87E03C4D-FFE2-43AD-9CFE-BB67A2448186}.Debug|x64.ActiveCfg = Debug|Any CPU
		{87E03C4D-FFE2-43AD-9CFE-BB67A2448186}.Debug|x64.Build.0 = Debug|Any CPU
		{87E03C4D-FFE2-43AD-9CFE-BB67A2448186}.Debug|x86.ActiveCfg = Debug|Any CPU
		{87E03C4D-FFE2-43AD-9CFE-BB67A2448186}.Debug|x86.Build.0 = Debug|Any CPU
		{87E03C4D-FFE2-43AD-9CFE-BB67A2448186}.Release|Any CPU.ActiveCfg = Release|Any CPU
		{87E03C4D-FFE2-43AD-9CFE-BB67A2448186}.Release|Any CPU.Build.0 = Release|Any CPU
		{87E03C4D-FFE2-43AD-9CFE-BB67A2448186}.Release|arm.ActiveCfg = Release|Any CPU
		{87E03C4D-FFE2-43AD-9CFE-BB67A2448186}.Release|arm64.ActiveCfg = Release|Any CPU
		{87E03C4D-FFE2-43AD-9CFE-BB67A2448186}.Release|x64.ActiveCfg = Release|Any CPU
		{87E03C4D-FFE2-43AD-9CFE-BB67A2448186}.Release|x64.Build.0 = Release|Any CPU
		{87E03C4D-FFE2-43AD-9CFE-BB67A2448186}.Release|x86.ActiveCfg = Release|Any CPU
		{87E03C4D-FFE2-43AD-9CFE-BB67A2448186}.Release|x86.Build.0 = Release|Any CPU
		{87E03C4D-FFE2-43AD-9CFE-BB67A2448186}.Checked|Any CPU.ActiveCfg = Debug|Any CPU
		{87E03C4D-FFE2-43AD-9CFE-BB67A2448186}.Checked|arm.ActiveCfg = Debug|Any CPU
		{87E03C4D-FFE2-43AD-9CFE-BB67A2448186}.Checked|arm64.ActiveCfg = Debug|Any CPU
		{87E03C4D-FFE2-43AD-9CFE-BB67A2448186}.Checked|x64.ActiveCfg = Debug|Any CPU
		{87E03C4D-FFE2-43AD-9CFE-BB67A2448186}.Checked|x86.ActiveCfg = Debug|Any CPU
		{831E2BC5-C753-4CDD-B81D-699CEDA9F0A7}.Debug|Any CPU.ActiveCfg = Debug|Any CPU
		{831E2BC5-C753-4CDD-B81D-699CEDA9F0A7}.Debug|Any CPU.Build.0 = Debug|Any CPU
		{831E2BC5-C753-4CDD-B81D-699CEDA9F0A7}.Debug|arm.ActiveCfg = Debug|Any CPU
		{831E2BC5-C753-4CDD-B81D-699CEDA9F0A7}.Debug|arm64.ActiveCfg = Debug|Any CPU
		{831E2BC5-C753-4CDD-B81D-699CEDA9F0A7}.Debug|x64.ActiveCfg = Debug|Any CPU
		{831E2BC5-C753-4CDD-B81D-699CEDA9F0A7}.Debug|x64.Build.0 = Debug|Any CPU
		{831E2BC5-C753-4CDD-B81D-699CEDA9F0A7}.Debug|x86.ActiveCfg = Debug|Any CPU
		{831E2BC5-C753-4CDD-B81D-699CEDA9F0A7}.Debug|x86.Build.0 = Debug|Any CPU
		{831E2BC5-C753-4CDD-B81D-699CEDA9F0A7}.Release|Any CPU.ActiveCfg = Release|Any CPU
		{831E2BC5-C753-4CDD-B81D-699CEDA9F0A7}.Release|Any CPU.Build.0 = Release|Any CPU
		{831E2BC5-C753-4CDD-B81D-699CEDA9F0A7}.Release|arm.ActiveCfg = Release|Any CPU
		{831E2BC5-C753-4CDD-B81D-699CEDA9F0A7}.Release|arm64.ActiveCfg = Release|Any CPU
		{831E2BC5-C753-4CDD-B81D-699CEDA9F0A7}.Release|x64.ActiveCfg = Release|Any CPU
		{831E2BC5-C753-4CDD-B81D-699CEDA9F0A7}.Release|x64.Build.0 = Release|Any CPU
		{831E2BC5-C753-4CDD-B81D-699CEDA9F0A7}.Release|x86.ActiveCfg = Release|Any CPU
		{831E2BC5-C753-4CDD-B81D-699CEDA9F0A7}.Release|x86.Build.0 = Release|Any CPU
		{831E2BC5-C753-4CDD-B81D-699CEDA9F0A7}.Checked|Any CPU.ActiveCfg = Debug|Any CPU
		{831E2BC5-C753-4CDD-B81D-699CEDA9F0A7}.Checked|arm.ActiveCfg = Debug|Any CPU
		{831E2BC5-C753-4CDD-B81D-699CEDA9F0A7}.Checked|arm64.ActiveCfg = Debug|Any CPU
		{831E2BC5-C753-4CDD-B81D-699CEDA9F0A7}.Checked|x64.ActiveCfg = Debug|Any CPU
		{831E2BC5-C753-4CDD-B81D-699CEDA9F0A7}.Checked|x86.ActiveCfg = Debug|Any CPU
		{F33F1171-273A-4BC3-B138-25E5E7118186}.Debug|Any CPU.ActiveCfg = Debug|Any CPU
		{F33F1171-273A-4BC3-B138-25E5E7118186}.Debug|Any CPU.Build.0 = Debug|Any CPU
		{F33F1171-273A-4BC3-B138-25E5E7118186}.Debug|arm.ActiveCfg = Debug|Any CPU
		{F33F1171-273A-4BC3-B138-25E5E7118186}.Debug|arm64.ActiveCfg = Debug|Any CPU
		{F33F1171-273A-4BC3-B138-25E5E7118186}.Debug|x64.ActiveCfg = Debug|Any CPU
		{F33F1171-273A-4BC3-B138-25E5E7118186}.Debug|x64.Build.0 = Debug|Any CPU
		{F33F1171-273A-4BC3-B138-25E5E7118186}.Debug|x86.ActiveCfg = Debug|Any CPU
		{F33F1171-273A-4BC3-B138-25E5E7118186}.Debug|x86.Build.0 = Debug|Any CPU
		{F33F1171-273A-4BC3-B138-25E5E7118186}.Release|Any CPU.ActiveCfg = Release|Any CPU
		{F33F1171-273A-4BC3-B138-25E5E7118186}.Release|Any CPU.Build.0 = Release|Any CPU
		{F33F1171-273A-4BC3-B138-25E5E7118186}.Release|arm.ActiveCfg = Release|Any CPU
		{F33F1171-273A-4BC3-B138-25E5E7118186}.Release|arm64.ActiveCfg = Release|Any CPU
		{F33F1171-273A-4BC3-B138-25E5E7118186}.Release|x64.ActiveCfg = Release|Any CPU
		{F33F1171-273A-4BC3-B138-25E5E7118186}.Release|x64.Build.0 = Release|Any CPU
		{F33F1171-273A-4BC3-B138-25E5E7118186}.Release|x86.ActiveCfg = Release|Any CPU
		{F33F1171-273A-4BC3-B138-25E5E7118186}.Release|x86.Build.0 = Release|Any CPU
		{F33F1171-273A-4BC3-B138-25E5E7118186}.Checked|Any CPU.ActiveCfg = Debug|Any CPU
		{F33F1171-273A-4BC3-B138-25E5E7118186}.Checked|arm.ActiveCfg = Debug|Any CPU
		{F33F1171-273A-4BC3-B138-25E5E7118186}.Checked|arm64.ActiveCfg = Debug|Any CPU
		{F33F1171-273A-4BC3-B138-25E5E7118186}.Checked|x64.ActiveCfg = Debug|Any CPU
		{F33F1171-273A-4BC3-B138-25E5E7118186}.Checked|x86.ActiveCfg = Debug|Any CPU
		{83F2D6C4-C3C7-4428-A0CA-577162C5DBCA}.Debug|Any CPU.ActiveCfg = Debug|Any CPU
		{83F2D6C4-C3C7-4428-A0CA-577162C5DBCA}.Debug|Any CPU.Build.0 = Debug|Any CPU
		{83F2D6C4-C3C7-4428-A0CA-577162C5DBCA}.Debug|arm.ActiveCfg = Debug|Any CPU
		{83F2D6C4-C3C7-4428-A0CA-577162C5DBCA}.Debug|arm64.ActiveCfg = Debug|Any CPU
		{83F2D6C4-C3C7-4428-A0CA-577162C5DBCA}.Debug|x64.ActiveCfg = Debug|Any CPU
		{83F2D6C4-C3C7-4428-A0CA-577162C5DBCA}.Debug|x64.Build.0 = Debug|Any CPU
		{83F2D6C4-C3C7-4428-A0CA-577162C5DBCA}.Debug|x86.ActiveCfg = Debug|Any CPU
		{83F2D6C4-C3C7-4428-A0CA-577162C5DBCA}.Debug|x86.Build.0 = Debug|Any CPU
		{83F2D6C4-C3C7-4428-A0CA-577162C5DBCA}.Release|Any CPU.ActiveCfg = Release|Any CPU
		{83F2D6C4-C3C7-4428-A0CA-577162C5DBCA}.Release|Any CPU.Build.0 = Release|Any CPU
		{83F2D6C4-C3C7-4428-A0CA-577162C5DBCA}.Release|arm.ActiveCfg = Release|Any CPU
		{83F2D6C4-C3C7-4428-A0CA-577162C5DBCA}.Release|arm64.ActiveCfg = Release|Any CPU
		{83F2D6C4-C3C7-4428-A0CA-577162C5DBCA}.Release|x64.ActiveCfg = Release|Any CPU
		{83F2D6C4-C3C7-4428-A0CA-577162C5DBCA}.Release|x64.Build.0 = Release|Any CPU
		{83F2D6C4-C3C7-4428-A0CA-577162C5DBCA}.Release|x86.ActiveCfg = Release|Any CPU
		{83F2D6C4-C3C7-4428-A0CA-577162C5DBCA}.Release|x86.Build.0 = Release|Any CPU
		{83F2D6C4-C3C7-4428-A0CA-577162C5DBCA}.Checked|Any CPU.ActiveCfg = Debug|Any CPU
		{83F2D6C4-C3C7-4428-A0CA-577162C5DBCA}.Checked|arm.ActiveCfg = Debug|Any CPU
		{83F2D6C4-C3C7-4428-A0CA-577162C5DBCA}.Checked|arm64.ActiveCfg = Debug|Any CPU
		{83F2D6C4-C3C7-4428-A0CA-577162C5DBCA}.Checked|x64.ActiveCfg = Debug|Any CPU
		{83F2D6C4-C3C7-4428-A0CA-577162C5DBCA}.Checked|x86.ActiveCfg = Debug|Any CPU
		{46DF5480-1E6D-4F0A-A93E-25833F1C598E}.Debug|Any CPU.ActiveCfg = Debug|Any CPU
		{46DF5480-1E6D-4F0A-A93E-25833F1C598E}.Debug|Any CPU.Build.0 = Debug|Any CPU
		{46DF5480-1E6D-4F0A-A93E-25833F1C598E}.Debug|arm.ActiveCfg = Debug|Any CPU
		{46DF5480-1E6D-4F0A-A93E-25833F1C598E}.Debug|arm64.ActiveCfg = Debug|Any CPU
		{46DF5480-1E6D-4F0A-A93E-25833F1C598E}.Debug|x64.ActiveCfg = Debug|Any CPU
		{46DF5480-1E6D-4F0A-A93E-25833F1C598E}.Debug|x64.Build.0 = Debug|Any CPU
		{46DF5480-1E6D-4F0A-A93E-25833F1C598E}.Debug|x86.ActiveCfg = Debug|Any CPU
		{46DF5480-1E6D-4F0A-A93E-25833F1C598E}.Debug|x86.Build.0 = Debug|Any CPU
		{46DF5480-1E6D-4F0A-A93E-25833F1C598E}.Release|Any CPU.ActiveCfg = Release|Any CPU
		{46DF5480-1E6D-4F0A-A93E-25833F1C598E}.Release|Any CPU.Build.0 = Release|Any CPU
		{46DF5480-1E6D-4F0A-A93E-25833F1C598E}.Release|arm.ActiveCfg = Release|Any CPU
		{46DF5480-1E6D-4F0A-A93E-25833F1C598E}.Release|arm64.ActiveCfg = Release|Any CPU
		{46DF5480-1E6D-4F0A-A93E-25833F1C598E}.Release|x64.ActiveCfg = Release|Any CPU
		{46DF5480-1E6D-4F0A-A93E-25833F1C598E}.Release|x64.Build.0 = Release|Any CPU
		{46DF5480-1E6D-4F0A-A93E-25833F1C598E}.Release|x86.ActiveCfg = Release|Any CPU
		{46DF5480-1E6D-4F0A-A93E-25833F1C598E}.Release|x86.Build.0 = Release|Any CPU
		{46DF5480-1E6D-4F0A-A93E-25833F1C598E}.Checked|Any CPU.ActiveCfg = Debug|Any CPU
		{46DF5480-1E6D-4F0A-A93E-25833F1C598E}.Checked|arm.ActiveCfg = Debug|Any CPU
		{46DF5480-1E6D-4F0A-A93E-25833F1C598E}.Checked|arm64.ActiveCfg = Debug|Any CPU
		{46DF5480-1E6D-4F0A-A93E-25833F1C598E}.Checked|x64.ActiveCfg = Debug|Any CPU
		{46DF5480-1E6D-4F0A-A93E-25833F1C598E}.Checked|x86.ActiveCfg = Debug|Any CPU
		{4CF2EB1E-B815-4785-B997-3A16AA3A0277}.Debug|Any CPU.ActiveCfg = Debug|Any CPU
		{4CF2EB1E-B815-4785-B997-3A16AA3A0277}.Debug|Any CPU.Build.0 = Debug|Any CPU
		{4CF2EB1E-B815-4785-B997-3A16AA3A0277}.Debug|arm.ActiveCfg = Debug|Any CPU
		{4CF2EB1E-B815-4785-B997-3A16AA3A0277}.Debug|arm64.ActiveCfg = Debug|Any CPU
		{4CF2EB1E-B815-4785-B997-3A16AA3A0277}.Debug|x64.ActiveCfg = Debug|Any CPU
		{4CF2EB1E-B815-4785-B997-3A16AA3A0277}.Debug|x64.Build.0 = Debug|Any CPU
		{4CF2EB1E-B815-4785-B997-3A16AA3A0277}.Debug|x86.ActiveCfg = Debug|Any CPU
		{4CF2EB1E-B815-4785-B997-3A16AA3A0277}.Debug|x86.Build.0 = Debug|Any CPU
		{4CF2EB1E-B815-4785-B997-3A16AA3A0277}.Release|Any CPU.ActiveCfg = Release|Any CPU
		{4CF2EB1E-B815-4785-B997-3A16AA3A0277}.Release|Any CPU.Build.0 = Release|Any CPU
		{4CF2EB1E-B815-4785-B997-3A16AA3A0277}.Release|arm.ActiveCfg = Release|Any CPU
		{4CF2EB1E-B815-4785-B997-3A16AA3A0277}.Release|arm64.ActiveCfg = Release|Any CPU
		{4CF2EB1E-B815-4785-B997-3A16AA3A0277}.Release|x64.ActiveCfg = Release|Any CPU
		{4CF2EB1E-B815-4785-B997-3A16AA3A0277}.Release|x64.Build.0 = Release|Any CPU
		{4CF2EB1E-B815-4785-B997-3A16AA3A0277}.Release|x86.ActiveCfg = Release|Any CPU
		{4CF2EB1E-B815-4785-B997-3A16AA3A0277}.Release|x86.Build.0 = Release|Any CPU
		{4CF2EB1E-B815-4785-B997-3A16AA3A0277}.Checked|Any CPU.ActiveCfg = Debug|Any CPU
		{4CF2EB1E-B815-4785-B997-3A16AA3A0277}.Checked|arm.ActiveCfg = Debug|Any CPU
		{4CF2EB1E-B815-4785-B997-3A16AA3A0277}.Checked|arm64.ActiveCfg = Debug|Any CPU
		{4CF2EB1E-B815-4785-B997-3A16AA3A0277}.Checked|x64.ActiveCfg = Debug|Any CPU
		{4CF2EB1E-B815-4785-B997-3A16AA3A0277}.Checked|x86.ActiveCfg = Debug|Any CPU
		{C8E7D84C-DE30-4830-A2A1-8B9A48618004}.Debug|Any CPU.ActiveCfg = Debug|Any CPU
		{C8E7D84C-DE30-4830-A2A1-8B9A48618004}.Debug|Any CPU.Build.0 = Debug|Any CPU
		{C8E7D84C-DE30-4830-A2A1-8B9A48618004}.Debug|arm.ActiveCfg = Debug|Any CPU
		{C8E7D84C-DE30-4830-A2A1-8B9A48618004}.Debug|arm64.ActiveCfg = Debug|Any CPU
		{C8E7D84C-DE30-4830-A2A1-8B9A48618004}.Debug|x64.ActiveCfg = Debug|Any CPU
		{C8E7D84C-DE30-4830-A2A1-8B9A48618004}.Debug|x64.Build.0 = Debug|Any CPU
		{C8E7D84C-DE30-4830-A2A1-8B9A48618004}.Debug|x86.ActiveCfg = Debug|Any CPU
		{C8E7D84C-DE30-4830-A2A1-8B9A48618004}.Debug|x86.Build.0 = Debug|Any CPU
		{C8E7D84C-DE30-4830-A2A1-8B9A48618004}.Release|Any CPU.ActiveCfg = Release|Any CPU
		{C8E7D84C-DE30-4830-A2A1-8B9A48618004}.Release|Any CPU.Build.0 = Release|Any CPU
		{C8E7D84C-DE30-4830-A2A1-8B9A48618004}.Release|arm.ActiveCfg = Release|Any CPU
		{C8E7D84C-DE30-4830-A2A1-8B9A48618004}.Release|arm64.ActiveCfg = Release|Any CPU
		{C8E7D84C-DE30-4830-A2A1-8B9A48618004}.Release|x64.ActiveCfg = Release|Any CPU
		{C8E7D84C-DE30-4830-A2A1-8B9A48618004}.Release|x64.Build.0 = Release|Any CPU
		{C8E7D84C-DE30-4830-A2A1-8B9A48618004}.Release|x86.ActiveCfg = Release|Any CPU
		{C8E7D84C-DE30-4830-A2A1-8B9A48618004}.Release|x86.Build.0 = Release|Any CPU
		{C8E7D84C-DE30-4830-A2A1-8B9A48618004}.Checked|Any CPU.ActiveCfg = Debug|Any CPU
		{C8E7D84C-DE30-4830-A2A1-8B9A48618004}.Checked|arm.ActiveCfg = Debug|Any CPU
		{C8E7D84C-DE30-4830-A2A1-8B9A48618004}.Checked|arm64.ActiveCfg = Debug|Any CPU
		{C8E7D84C-DE30-4830-A2A1-8B9A48618004}.Checked|x64.ActiveCfg = Debug|Any CPU
		{C8E7D84C-DE30-4830-A2A1-8B9A48618004}.Checked|x86.ActiveCfg = Debug|Any CPU
		{83A69FA0-74D2-401C-B0C9-3EFD912EF037}.Debug|Any CPU.ActiveCfg = Debug|Any CPU
		{83A69FA0-74D2-401C-B0C9-3EFD912EF037}.Debug|Any CPU.Build.0 = Debug|Any CPU
		{83A69FA0-74D2-401C-B0C9-3EFD912EF037}.Debug|arm.ActiveCfg = Debug|Any CPU
		{83A69FA0-74D2-401C-B0C9-3EFD912EF037}.Debug|arm64.ActiveCfg = Debug|Any CPU
		{83A69FA0-74D2-401C-B0C9-3EFD912EF037}.Debug|x64.ActiveCfg = Debug|Any CPU
		{83A69FA0-74D2-401C-B0C9-3EFD912EF037}.Debug|x64.Build.0 = Debug|Any CPU
		{83A69FA0-74D2-401C-B0C9-3EFD912EF037}.Debug|x86.ActiveCfg = Debug|Any CPU
		{83A69FA0-74D2-401C-B0C9-3EFD912EF037}.Debug|x86.Build.0 = Debug|Any CPU
		{83A69FA0-74D2-401C-B0C9-3EFD912EF037}.Release|Any CPU.ActiveCfg = Release|Any CPU
		{83A69FA0-74D2-401C-B0C9-3EFD912EF037}.Release|Any CPU.Build.0 = Release|Any CPU
		{83A69FA0-74D2-401C-B0C9-3EFD912EF037}.Release|arm.ActiveCfg = Release|Any CPU
		{83A69FA0-74D2-401C-B0C9-3EFD912EF037}.Release|arm64.ActiveCfg = Release|Any CPU
		{83A69FA0-74D2-401C-B0C9-3EFD912EF037}.Release|x64.ActiveCfg = Release|Any CPU
		{83A69FA0-74D2-401C-B0C9-3EFD912EF037}.Release|x64.Build.0 = Release|Any CPU
		{83A69FA0-74D2-401C-B0C9-3EFD912EF037}.Release|x86.ActiveCfg = Release|Any CPU
		{83A69FA0-74D2-401C-B0C9-3EFD912EF037}.Release|x86.Build.0 = Release|Any CPU
		{83A69FA0-74D2-401C-B0C9-3EFD912EF037}.Checked|Any CPU.ActiveCfg = Debug|Any CPU
		{83A69FA0-74D2-401C-B0C9-3EFD912EF037}.Checked|arm.ActiveCfg = Debug|Any CPU
		{83A69FA0-74D2-401C-B0C9-3EFD912EF037}.Checked|arm64.ActiveCfg = Debug|Any CPU
		{83A69FA0-74D2-401C-B0C9-3EFD912EF037}.Checked|x64.ActiveCfg = Debug|Any CPU
		{83A69FA0-74D2-401C-B0C9-3EFD912EF037}.Checked|x86.ActiveCfg = Debug|Any CPU
		{293533FE-82F7-4679-912B-5A2C6E3C4B0C}.Debug|Any CPU.ActiveCfg = Debug|Any CPU
		{293533FE-82F7-4679-912B-5A2C6E3C4B0C}.Debug|Any CPU.Build.0 = Debug|Any CPU
		{293533FE-82F7-4679-912B-5A2C6E3C4B0C}.Debug|arm.ActiveCfg = Debug|Any CPU
		{293533FE-82F7-4679-912B-5A2C6E3C4B0C}.Debug|arm64.ActiveCfg = Debug|Any CPU
		{293533FE-82F7-4679-912B-5A2C6E3C4B0C}.Debug|x64.ActiveCfg = Debug|Any CPU
		{293533FE-82F7-4679-912B-5A2C6E3C4B0C}.Debug|x64.Build.0 = Debug|Any CPU
		{293533FE-82F7-4679-912B-5A2C6E3C4B0C}.Debug|x86.ActiveCfg = Debug|Any CPU
		{293533FE-82F7-4679-912B-5A2C6E3C4B0C}.Debug|x86.Build.0 = Debug|Any CPU
		{293533FE-82F7-4679-912B-5A2C6E3C4B0C}.Release|Any CPU.ActiveCfg = Release|Any CPU
		{293533FE-82F7-4679-912B-5A2C6E3C4B0C}.Release|Any CPU.Build.0 = Release|Any CPU
		{293533FE-82F7-4679-912B-5A2C6E3C4B0C}.Release|arm.ActiveCfg = Release|Any CPU
		{293533FE-82F7-4679-912B-5A2C6E3C4B0C}.Release|arm64.ActiveCfg = Release|Any CPU
		{293533FE-82F7-4679-912B-5A2C6E3C4B0C}.Release|x64.ActiveCfg = Release|Any CPU
		{293533FE-82F7-4679-912B-5A2C6E3C4B0C}.Release|x64.Build.0 = Release|Any CPU
		{293533FE-82F7-4679-912B-5A2C6E3C4B0C}.Release|x86.ActiveCfg = Release|Any CPU
		{293533FE-82F7-4679-912B-5A2C6E3C4B0C}.Release|x86.Build.0 = Release|Any CPU
		{293533FE-82F7-4679-912B-5A2C6E3C4B0C}.Checked|Any CPU.ActiveCfg = Debug|Any CPU
		{293533FE-82F7-4679-912B-5A2C6E3C4B0C}.Checked|arm.ActiveCfg = Debug|Any CPU
		{293533FE-82F7-4679-912B-5A2C6E3C4B0C}.Checked|arm64.ActiveCfg = Debug|Any CPU
		{293533FE-82F7-4679-912B-5A2C6E3C4B0C}.Checked|x64.ActiveCfg = Debug|Any CPU
		{293533FE-82F7-4679-912B-5A2C6E3C4B0C}.Checked|x86.ActiveCfg = Debug|Any CPU
	EndGlobalSection
	GlobalSection(SolutionProperties) = preSolution
		HideSolutionNode = FALSE
	EndGlobalSection
	GlobalSection(NestedProjects) = preSolution
		{C08AA67B-28B8-4E38-AE15-28491454DAB7} = {B25E0DAF-8162-4D76-B7A6-F7E6E59CD74A}
		{A12C0558-44E2-48FB-9075-1EB8A2D0F247} = {B25E0DAF-8162-4D76-B7A6-F7E6E59CD74A}
		{4EF591E4-175E-494D-8191-15C2D6C6E2E6} = {B25E0DAF-8162-4D76-B7A6-F7E6E59CD74A}
		{35D57A83-8A9D-4531-BF0D-EA1BCA62D475} = {B25E0DAF-8162-4D76-B7A6-F7E6E59CD74A}
		{19FC160B-AF59-4AF6-90F9-30411BE14BC4} = {B25E0DAF-8162-4D76-B7A6-F7E6E59CD74A}
		{82D2A3A9-0784-4CFC-91E1-8A963FE22ADB} = {B25E0DAF-8162-4D76-B7A6-F7E6E59CD74A}
		{87E03C4D-FFE2-43AD-9CFE-BB67A2448186} = {B25E0DAF-8162-4D76-B7A6-F7E6E59CD74A}
		{83F2D6C4-C3C7-4428-A0CA-577162C5DBCA} = {B25E0DAF-8162-4D76-B7A6-F7E6E59CD74A}
		{18FD488A-2A3F-4B40-B65D-7108688D350F} = {92BBE16A-0444-4CDD-9351-C2018859DD3A}
		{9EB99AA1-EE31-41AC-B3E6-DCD7A01F17F2} = {92BBE16A-0444-4CDD-9351-C2018859DD3A}
		{D5DE5382-A5FD-46FD-9EAF-02541C26586B} = {27A6AAE3-D2A8-4C35-8A90-2B8E23AD8094}
		{071FC282-9840-4920-B0FD-BE778449B5FF} = {27A6AAE3-D2A8-4C35-8A90-2B8E23AD8094}
		{D7E6A261-C80A-4E51-BCDD-85DD595866B9} = {27A6AAE3-D2A8-4C35-8A90-2B8E23AD8094}
		{1D9B7442-BF5B-4AF3-A07F-F59AE99CF394} = {27A6AAE3-D2A8-4C35-8A90-2B8E23AD8094}
		{A80974ED-DDC6-4A21-A874-F85AE729AF0E} = {27A6AAE3-D2A8-4C35-8A90-2B8E23AD8094}
		{AC322781-E4FD-48FF-997E-D300FA0DEBEE} = {27A6AAE3-D2A8-4C35-8A90-2B8E23AD8094}
		{73429869-3F3A-40B4-B06B-CC9D04ACEE65} = {27A6AAE3-D2A8-4C35-8A90-2B8E23AD8094}
		{37F8ED93-FD45-4941-B83E-84D278B8EA83} = {27A6AAE3-D2A8-4C35-8A90-2B8E23AD8094}
		{831E2BC5-C753-4CDD-B81D-699CEDA9F0A7} = {27A6AAE3-D2A8-4C35-8A90-2B8E23AD8094}
		{F33F1171-273A-4BC3-B138-25E5E7118186} = {27A6AAE3-D2A8-4C35-8A90-2B8E23AD8094}
		{0A653F6C-C75E-47C4-85F9-5C1013E381D7} = {7227D008-BBBE-48D0-979B-9BC483BA7E60}
		{974F81BC-FDCE-404E-B8D7-12A48E27F005} = {7227D008-BBBE-48D0-979B-9BC483BA7E60}
		{4E815F64-6F9A-485D-825D-930830F7EABB} = {7227D008-BBBE-48D0-979B-9BC483BA7E60}
		{E939A1C0-31C6-4EA6-9020-ADDE06272528} = {7227D008-BBBE-48D0-979B-9BC483BA7E60}
		{46DF5480-1E6D-4F0A-A93E-25833F1C598E} = {55C6D9AC-165E-4CD8-B1CE-898F8A2040C3}
		{4CF2EB1E-B815-4785-B997-3A16AA3A0277} = {55C6D9AC-165E-4CD8-B1CE-898F8A2040C3}
		{55C6D9AC-165E-4CD8-B1CE-898F8A2040C3} = {5C271349-65D8-4015-9066-ED19C527D271}
		{C8E7D84C-DE30-4830-A2A1-8B9A48618004} = {4E47C46F-56AF-4C71-A2F6-228110B26E77}
		{83A69FA0-74D2-401C-B0C9-3EFD912EF037} = {4E47C46F-56AF-4C71-A2F6-228110B26E77}
		{4E47C46F-56AF-4C71-A2F6-228110B26E77} = {5C271349-65D8-4015-9066-ED19C527D271}
		{293533FE-82F7-4679-912B-5A2C6E3C4B0C} = {C6D3DFD4-8B2A-4C87-8EE4-2804B917F6E3}
		{C6D3DFD4-8B2A-4C87-8EE4-2804B917F6E3} = {5C271349-65D8-4015-9066-ED19C527D271}
	EndGlobalSection
	GlobalSection(ExtensibilityGlobals) = postSolution
		SolutionGuid = {246C2EDA-448E-4E76-B97A-BD93DC6883A7}
	EndGlobalSection
EndGlobal
