Microsoft Visual Studio Solution File, Format Version 12.00
Project("{9A19103F-16F7-4668-BE54-9A1E7A4F7556}") = "StreamConformanceTests", "..\Common\tests\StreamConformanceTests\StreamConformanceTests.csproj", "{DFA45235-45B7-4780-A552-F69CA0ECD18C}"
EndProject
Project("{9A19103F-16F7-4668-BE54-9A1E7A4F7556}") = "TestUtilities", "..\Common\tests\TestUtilities\TestUtilities.csproj", "{53746669-11C3-4DA9-B9C3-4CA0B79D4712}"
EndProject
Project("{9A19103F-16F7-4668-BE54-9A1E7A4F7556}") = "System.IO.MemoryMappedFiles", "ref\System.IO.MemoryMappedFiles.csproj", "{F4ACA509-281C-43DA-A57D-52D9913321AE}"
EndProject
Project("{9A19103F-16F7-4668-BE54-9A1E7A4F7556}") = "System.IO.MemoryMappedFiles", "src\System.IO.MemoryMappedFiles.csproj", "{4A95E6CD-A466-46BC-A6C7-C65DA45B3388}"
EndProject
Project("{9A19103F-16F7-4668-BE54-9A1E7A4F7556}") = "System.IO.MemoryMappedFiles.Tests", "tests\System.IO.MemoryMappedFiles.Tests.csproj", "{AD44D7FF-CFE0-4E98-9E33-C4D9A5F83860}"
EndProject
Project("{9A19103F-16F7-4668-BE54-9A1E7A4F7556}") = "System.Runtime.CompilerServices.Unsafe", "..\System.Runtime.CompilerServices.Unsafe\ref\System.Runtime.CompilerServices.Unsafe.csproj", "{8B9258B7-1C54-4FFE-9512-2B7323AEF92A}"
EndProject
Project("{9A19103F-16F7-4668-BE54-9A1E7A4F7556}") = "System.Runtime.CompilerServices.Unsafe", "..\System.Runtime.CompilerServices.Unsafe\src\System.Runtime.CompilerServices.Unsafe.ilproj", "{4B990529-DAA4-4AEC-A625-FDCA3EF64E25}"
EndProject
Project("{2150E333-8FDC-42A3-9474-1A3956D46DE8}") = "tests", "tests", "{E9193727-72AB-4A35-BABF-A11D7C1A8B04}"
EndProject
Project("{2150E333-8FDC-42A3-9474-1A3956D46DE8}") = "ref", "ref", "{E91F427C-6CD7-496B-B4E8-D837CB8B96F8}"
EndProject
Project("{2150E333-8FDC-42A3-9474-1A3956D46DE8}") = "src", "src", "{7CDB9185-B436-4B6A-91A2-DD2C30BB49D9}"
EndProject
Global
	GlobalSection(SolutionConfigurationPlatforms) = preSolution
		Debug|Any CPU = Debug|Any CPU
		Release|Any CPU = Release|Any CPU
	EndGlobalSection
	GlobalSection(ProjectConfigurationPlatforms) = postSolution
		{AD44D7FF-CFE0-4E98-9E33-C4D9A5F83860}.Debug|Any CPU.ActiveCfg = Debug|Any CPU
		{AD44D7FF-CFE0-4E98-9E33-C4D9A5F83860}.Debug|Any CPU.Build.0 = Debug|Any CPU
		{AD44D7FF-CFE0-4E98-9E33-C4D9A5F83860}.Release|Any CPU.ActiveCfg = Release|Any CPU
		{AD44D7FF-CFE0-4E98-9E33-C4D9A5F83860}.Release|Any CPU.Build.0 = Release|Any CPU
		{F4ACA509-281C-43DA-A57D-52D9913321AE}.Debug|Any CPU.ActiveCfg = Debug|Any CPU
		{F4ACA509-281C-43DA-A57D-52D9913321AE}.Debug|Any CPU.Build.0 = Debug|Any CPU
		{F4ACA509-281C-43DA-A57D-52D9913321AE}.Release|Any CPU.ActiveCfg = Release|Any CPU
		{F4ACA509-281C-43DA-A57D-52D9913321AE}.Release|Any CPU.Build.0 = Release|Any CPU
		{4A95E6CD-A466-46BC-A6C7-C65DA45B3388}.Debug|Any CPU.ActiveCfg = Debug|Any CPU
		{4A95E6CD-A466-46BC-A6C7-C65DA45B3388}.Debug|Any CPU.Build.0 = Debug|Any CPU
		{4A95E6CD-A466-46BC-A6C7-C65DA45B3388}.Release|Any CPU.ActiveCfg = Release|Any CPU
		{4A95E6CD-A466-46BC-A6C7-C65DA45B3388}.Release|Any CPU.Build.0 = Release|Any CPU
		{DFA45235-45B7-4780-A552-F69CA0ECD18C}.Debug|Any CPU.ActiveCfg = Debug|Any CPU
		{DFA45235-45B7-4780-A552-F69CA0ECD18C}.Debug|Any CPU.Build.0 = Debug|Any CPU
		{DFA45235-45B7-4780-A552-F69CA0ECD18C}.Release|Any CPU.ActiveCfg = Release|Any CPU
		{DFA45235-45B7-4780-A552-F69CA0ECD18C}.Release|Any CPU.Build.0 = Release|Any CPU
		{53746669-11C3-4DA9-B9C3-4CA0B79D4712}.Debug|Any CPU.ActiveCfg = Debug|Any CPU
		{53746669-11C3-4DA9-B9C3-4CA0B79D4712}.Debug|Any CPU.Build.0 = Debug|Any CPU
		{53746669-11C3-4DA9-B9C3-4CA0B79D4712}.Release|Any CPU.ActiveCfg = Release|Any CPU
		{53746669-11C3-4DA9-B9C3-4CA0B79D4712}.Release|Any CPU.Build.0 = Release|Any CPU
		{4B990529-DAA4-4AEC-A625-FDCA3EF64E25}.Debug|Any CPU.ActiveCfg = Debug|Any CPU
		{4B990529-DAA4-4AEC-A625-FDCA3EF64E25}.Debug|Any CPU.Build.0 = Debug|Any CPU
		{4B990529-DAA4-4AEC-A625-FDCA3EF64E25}.Release|Any CPU.ActiveCfg = Release|Any CPU
		{4B990529-DAA4-4AEC-A625-FDCA3EF64E25}.Release|Any CPU.Build.0 = Release|Any CPU
		{8B9258B7-1C54-4FFE-9512-2B7323AEF92A}.Debug|Any CPU.ActiveCfg = Debug|Any CPU
		{8B9258B7-1C54-4FFE-9512-2B7323AEF92A}.Debug|Any CPU.Build.0 = Debug|Any CPU
		{8B9258B7-1C54-4FFE-9512-2B7323AEF92A}.Release|Any CPU.ActiveCfg = Release|Any CPU
		{8B9258B7-1C54-4FFE-9512-2B7323AEF92A}.Release|Any CPU.Build.0 = Release|Any CPU
	EndGlobalSection
	GlobalSection(SolutionProperties) = preSolution
		HideSolutionNode = FALSE
	EndGlobalSection
	GlobalSection(NestedProjects) = preSolution
		{AD44D7FF-CFE0-4E98-9E33-C4D9A5F83860} = {E9193727-72AB-4A35-BABF-A11D7C1A8B04}
		{DFA45235-45B7-4780-A552-F69CA0ECD18C} = {E9193727-72AB-4A35-BABF-A11D7C1A8B04}
		{53746669-11C3-4DA9-B9C3-4CA0B79D4712} = {E9193727-72AB-4A35-BABF-A11D7C1A8B04}
		{F4ACA509-281C-43DA-A57D-52D9913321AE} = {E91F427C-6CD7-496B-B4E8-D837CB8B96F8}
		{8B9258B7-1C54-4FFE-9512-2B7323AEF92A} = {E91F427C-6CD7-496B-B4E8-D837CB8B96F8}
		{4A95E6CD-A466-46BC-A6C7-C65DA45B3388} = {7CDB9185-B436-4B6A-91A2-DD2C30BB49D9}
		{4B990529-DAA4-4AEC-A625-FDCA3EF64E25} = {7CDB9185-B436-4B6A-91A2-DD2C30BB49D9}
	EndGlobalSection
	GlobalSection(ExtensibilityGlobals) = postSolution
		SolutionGuid = {F8DDBB46-7ACE-4C13-91B4-FFB7E93363D9}
	EndGlobalSection
EndGlobal
