Microsoft Visual Studio Solution File, Format Version 12.00
Project("{9A19103F-16F7-4668-BE54-9A1E7A4F7556}") = "Microsoft.Bcl.AsyncInterfaces", "..\Microsoft.Bcl.AsyncInterfaces\ref\Microsoft.Bcl.AsyncInterfaces.csproj", "{5C771533-F8F4-47A0-9E3C-614F87A72744}"
EndProject
Project("{9A19103F-16F7-4668-BE54-9A1E7A4F7556}") = "Microsoft.Bcl.AsyncInterfaces", "..\Microsoft.Bcl.AsyncInterfaces\src\Microsoft.Bcl.AsyncInterfaces.csproj", "{CD09F265-2818-40E4-8732-C41DE48A4EF7}"
EndProject
Project("{9A19103F-16F7-4668-BE54-9A1E7A4F7556}") = "Microsoft.Extensions.Configuration.Abstractions", "..\Microsoft.Extensions.Configuration.Abstractions\ref\Microsoft.Extensions.Configuration.Abstractions.csproj", "{CC5ACC22-9AD1-49DF-8F84-64AF0D71006C}"
EndProject
Project("{9A19103F-16F7-4668-BE54-9A1E7A4F7556}") = "Microsoft.Extensions.Configuration.Abstractions", "..\Microsoft.Extensions.Configuration.Abstractions\src\Microsoft.Extensions.Configuration.Abstractions.csproj", "{1717DDEF-8917-4382-B5DC-073B2F2F4361}"
EndProject
Project("{9A19103F-16F7-4668-BE54-9A1E7A4F7556}") = "Microsoft.Extensions.Configuration.Binder", "..\Microsoft.Extensions.Configuration.Binder\ref\Microsoft.Extensions.Configuration.Binder.csproj", "{02F90254-A566-440D-9B98-A31A8A1A4D5B}"
EndProject
Project("{9A19103F-16F7-4668-BE54-9A1E7A4F7556}") = "Microsoft.Extensions.Configuration.Binder", "..\Microsoft.Extensions.Configuration.Binder\src\Microsoft.Extensions.Configuration.Binder.csproj", "{1C7B2B47-D3C6-4B9E-B9B5-0B222ACD9097}"
EndProject
Project("{9A19103F-16F7-4668-BE54-9A1E7A4F7556}") = "Microsoft.Extensions.Configuration", "..\Microsoft.Extensions.Configuration\ref\Microsoft.Extensions.Configuration.csproj", "{20D72006-BAEF-4604-A9DC-2864FED9DF9A}"
EndProject
Project("{9A19103F-16F7-4668-BE54-9A1E7A4F7556}") = "Microsoft.Extensions.Configuration", "..\Microsoft.Extensions.Configuration\src\Microsoft.Extensions.Configuration.csproj", "{71755B81-EF5C-4C36-A278-60D69ECCC158}"
EndProject
Project("{9A19103F-16F7-4668-BE54-9A1E7A4F7556}") = "Microsoft.Extensions.DependencyInjection.Abstractions", "..\Microsoft.Extensions.DependencyInjection.Abstractions\ref\Microsoft.Extensions.DependencyInjection.Abstractions.csproj", "{D9979978-4230-427D-88F6-455F1D59FE96}"
EndProject
Project("{9A19103F-16F7-4668-BE54-9A1E7A4F7556}") = "Microsoft.Extensions.DependencyInjection.Abstractions", "..\Microsoft.Extensions.DependencyInjection.Abstractions\src\Microsoft.Extensions.DependencyInjection.Abstractions.csproj", "{36176FF1-8C33-494D-A496-1D7E0DCFCD86}"
EndProject
Project("{9A19103F-16F7-4668-BE54-9A1E7A4F7556}") = "Microsoft.Extensions.DependencyInjection", "..\Microsoft.Extensions.DependencyInjection\ref\Microsoft.Extensions.DependencyInjection.csproj", "{C7CD6C8B-ACAA-489C-9FD2-6F44DF62EA33}"
EndProject
Project("{9A19103F-16F7-4668-BE54-9A1E7A4F7556}") = "Microsoft.Extensions.DependencyInjection", "..\Microsoft.Extensions.DependencyInjection\src\Microsoft.Extensions.DependencyInjection.csproj", "{788150B7-B822-4466-A1DC-C875449DE449}"
EndProject
Project("{9A19103F-16F7-4668-BE54-9A1E7A4F7556}") = "Microsoft.Extensions.Logging.Generators", "..\Microsoft.Extensions.Logging.Abstractions\gen\Microsoft.Extensions.Logging.Generators.csproj", "{6D6D8484-D8D0-4FCA-B6FA-B665C629D78F}"
EndProject
Project("{9A19103F-16F7-4668-BE54-9A1E7A4F7556}") = "Microsoft.Extensions.Logging.Abstractions", "..\Microsoft.Extensions.Logging.Abstractions\ref\Microsoft.Extensions.Logging.Abstractions.csproj", "{C4F75024-EA9D-46C5-B2D9-CAE8FC5EFF38}"
EndProject
Project("{9A19103F-16F7-4668-BE54-9A1E7A4F7556}") = "Microsoft.Extensions.Logging.Abstractions", "..\Microsoft.Extensions.Logging.Abstractions\src\Microsoft.Extensions.Logging.Abstractions.csproj", "{E7035B72-0180-437E-A696-1F0CD8921279}"
EndProject
Project("{9A19103F-16F7-4668-BE54-9A1E7A4F7556}") = "Microsoft.Extensions.Logging.Configuration", "ref\Microsoft.Extensions.Logging.Configuration.csproj", "{8E3D96C3-D5AC-47E0-A3C5-1FF26E0A8780}"
EndProject
Project("{9A19103F-16F7-4668-BE54-9A1E7A4F7556}") = "Microsoft.Extensions.Logging.Configuration", "src\Microsoft.Extensions.Logging.Configuration.csproj", "{B3829B05-AA4A-4A0D-B076-D0C3031C9D33}"
EndProject
Project("{9A19103F-16F7-4668-BE54-9A1E7A4F7556}") = "Microsoft.Extensions.Logging", "..\Microsoft.Extensions.Logging\ref\Microsoft.Extensions.Logging.csproj", "{91D63569-CA51-4362-B4FC-9BD66302373F}"
EndProject
Project("{9A19103F-16F7-4668-BE54-9A1E7A4F7556}") = "Microsoft.Extensions.Logging", "..\Microsoft.Extensions.Logging\src\Microsoft.Extensions.Logging.csproj", "{BBCC241D-0980-4735-8187-229D37ADC0E5}"
EndProject
Project("{9A19103F-16F7-4668-BE54-9A1E7A4F7556}") = "Microsoft.Extensions.Options.ConfigurationExtensions", "..\Microsoft.Extensions.Options.ConfigurationExtensions\ref\Microsoft.Extensions.Options.ConfigurationExtensions.csproj", "{D482622B-7B40-4311-977F-11C09B98BA4F}"
EndProject
Project("{9A19103F-16F7-4668-BE54-9A1E7A4F7556}") = "Microsoft.Extensions.Options.ConfigurationExtensions", "..\Microsoft.Extensions.Options.ConfigurationExtensions\src\Microsoft.Extensions.Options.ConfigurationExtensions.csproj", "{4467B594-D9A5-432C-A1CC-07F9C9CED010}"
EndProject
Project("{9A19103F-16F7-4668-BE54-9A1E7A4F7556}") = "Microsoft.Extensions.Options", "..\Microsoft.Extensions.Options\ref\Microsoft.Extensions.Options.csproj", "{8B2D67D3-9D41-45F0-9CDB-EFC9944C98AA}"
EndProject
Project("{9A19103F-16F7-4668-BE54-9A1E7A4F7556}") = "Microsoft.Extensions.Options", "..\Microsoft.Extensions.Options\src\Microsoft.Extensions.Options.csproj", "{93C7964F-6A2F-48C7-A3EA-322401532E8C}"
EndProject
Project("{9A19103F-16F7-4668-BE54-9A1E7A4F7556}") = "Microsoft.Extensions.Primitives", "..\Microsoft.Extensions.Primitives\ref\Microsoft.Extensions.Primitives.csproj", "{5645B3B9-A523-4C61-8417-4EE0C90380AB}"
EndProject
Project("{9A19103F-16F7-4668-BE54-9A1E7A4F7556}") = "Microsoft.Extensions.Primitives", "..\Microsoft.Extensions.Primitives\src\Microsoft.Extensions.Primitives.csproj", "{531F1DAF-B4DE-4240-B7BE-E206330E3792}"
EndProject
Project("{9A19103F-16F7-4668-BE54-9A1E7A4F7556}") = "System.Diagnostics.DiagnosticSource", "..\System.Diagnostics.DiagnosticSource\src\System.Diagnostics.DiagnosticSource.csproj", "{B077F55F-E15A-4B91-A1EB-8178B8313908}"
EndProject
Project("{9A19103F-16F7-4668-BE54-9A1E7A4F7556}") = "System.Runtime.CompilerServices.Unsafe", "..\System.Runtime.CompilerServices.Unsafe\ref\System.Runtime.CompilerServices.Unsafe.csproj", "{3CFBDC1C-B621-4921-9AEF-3891B2B644C5}"
EndProject
Project("{9A19103F-16F7-4668-BE54-9A1E7A4F7556}") = "System.Runtime.CompilerServices.Unsafe", "..\System.Runtime.CompilerServices.Unsafe\src\System.Runtime.CompilerServices.Unsafe.ilproj", "{907BD280-43B8-41A1-A306-8B903993DCE4}"
EndProject
Project("{2150E333-8FDC-42A3-9474-1A3956D46DE8}") = "ref", "ref", "{3B592E91-F7DB-4B78-A1CE-CB1CA436220E}"
EndProject
Project("{2150E333-8FDC-42A3-9474-1A3956D46DE8}") = "src", "src", "{ED0ADAC4-705C-421A-A8D2-69CFFFCF734B}"
EndProject
Global
	GlobalSection(SolutionConfigurationPlatforms) = preSolution
		Debug|Any CPU = Debug|Any CPU
		Release|Any CPU = Release|Any CPU
	EndGlobalSection
	GlobalSection(ProjectConfigurationPlatforms) = postSolution
		{8E3D96C3-D5AC-47E0-A3C5-1FF26E0A8780}.Debug|Any CPU.ActiveCfg = Debug|Any CPU
		{8E3D96C3-D5AC-47E0-A3C5-1FF26E0A8780}.Debug|Any CPU.Build.0 = Debug|Any CPU
		{8E3D96C3-D5AC-47E0-A3C5-1FF26E0A8780}.Release|Any CPU.ActiveCfg = Release|Any CPU
		{8E3D96C3-D5AC-47E0-A3C5-1FF26E0A8780}.Release|Any CPU.Build.0 = Release|Any CPU
		{B3829B05-AA4A-4A0D-B076-D0C3031C9D33}.Debug|Any CPU.ActiveCfg = Debug|Any CPU
		{B3829B05-AA4A-4A0D-B076-D0C3031C9D33}.Debug|Any CPU.Build.0 = Debug|Any CPU
		{B3829B05-AA4A-4A0D-B076-D0C3031C9D33}.Release|Any CPU.ActiveCfg = Release|Any CPU
		{B3829B05-AA4A-4A0D-B076-D0C3031C9D33}.Release|Any CPU.Build.0 = Release|Any CPU
		{91D63569-CA51-4362-B4FC-9BD66302373F}.Debug|Any CPU.ActiveCfg = Debug|Any CPU
		{91D63569-CA51-4362-B4FC-9BD66302373F}.Debug|Any CPU.Build.0 = Debug|Any CPU
		{91D63569-CA51-4362-B4FC-9BD66302373F}.Release|Any CPU.ActiveCfg = Release|Any CPU
		{91D63569-CA51-4362-B4FC-9BD66302373F}.Release|Any CPU.Build.0 = Release|Any CPU
		{CC5ACC22-9AD1-49DF-8F84-64AF0D71006C}.Debug|Any CPU.ActiveCfg = Debug|Any CPU
		{CC5ACC22-9AD1-49DF-8F84-64AF0D71006C}.Debug|Any CPU.Build.0 = Debug|Any CPU
		{CC5ACC22-9AD1-49DF-8F84-64AF0D71006C}.Release|Any CPU.ActiveCfg = Release|Any CPU
		{CC5ACC22-9AD1-49DF-8F84-64AF0D71006C}.Release|Any CPU.Build.0 = Release|Any CPU
		{D482622B-7B40-4311-977F-11C09B98BA4F}.Debug|Any CPU.ActiveCfg = Debug|Any CPU
		{D482622B-7B40-4311-977F-11C09B98BA4F}.Debug|Any CPU.Build.0 = Debug|Any CPU
		{D482622B-7B40-4311-977F-11C09B98BA4F}.Release|Any CPU.ActiveCfg = Release|Any CPU
		{D482622B-7B40-4311-977F-11C09B98BA4F}.Release|Any CPU.Build.0 = Release|Any CPU
		{D9979978-4230-427D-88F6-455F1D59FE96}.Debug|Any CPU.ActiveCfg = Debug|Any CPU
		{D9979978-4230-427D-88F6-455F1D59FE96}.Debug|Any CPU.Build.0 = Debug|Any CPU
		{D9979978-4230-427D-88F6-455F1D59FE96}.Release|Any CPU.ActiveCfg = Release|Any CPU
		{D9979978-4230-427D-88F6-455F1D59FE96}.Release|Any CPU.Build.0 = Release|Any CPU
		{1717DDEF-8917-4382-B5DC-073B2F2F4361}.Debug|Any CPU.ActiveCfg = Debug|Any CPU
		{1717DDEF-8917-4382-B5DC-073B2F2F4361}.Debug|Any CPU.Build.0 = Debug|Any CPU
		{1717DDEF-8917-4382-B5DC-073B2F2F4361}.Release|Any CPU.ActiveCfg = Release|Any CPU
		{1717DDEF-8917-4382-B5DC-073B2F2F4361}.Release|Any CPU.Build.0 = Release|Any CPU
		{71755B81-EF5C-4C36-A278-60D69ECCC158}.Debug|Any CPU.ActiveCfg = Debug|Any CPU
		{71755B81-EF5C-4C36-A278-60D69ECCC158}.Debug|Any CPU.Build.0 = Debug|Any CPU
		{71755B81-EF5C-4C36-A278-60D69ECCC158}.Release|Any CPU.ActiveCfg = Release|Any CPU
		{71755B81-EF5C-4C36-A278-60D69ECCC158}.Release|Any CPU.Build.0 = Release|Any CPU
		{36176FF1-8C33-494D-A496-1D7E0DCFCD86}.Debug|Any CPU.ActiveCfg = Debug|Any CPU
		{36176FF1-8C33-494D-A496-1D7E0DCFCD86}.Debug|Any CPU.Build.0 = Debug|Any CPU
		{36176FF1-8C33-494D-A496-1D7E0DCFCD86}.Release|Any CPU.ActiveCfg = Release|Any CPU
		{36176FF1-8C33-494D-A496-1D7E0DCFCD86}.Release|Any CPU.Build.0 = Release|Any CPU
		{1C7B2B47-D3C6-4B9E-B9B5-0B222ACD9097}.Debug|Any CPU.ActiveCfg = Debug|Any CPU
		{1C7B2B47-D3C6-4B9E-B9B5-0B222ACD9097}.Debug|Any CPU.Build.0 = Debug|Any CPU
		{1C7B2B47-D3C6-4B9E-B9B5-0B222ACD9097}.Release|Any CPU.ActiveCfg = Release|Any CPU
		{1C7B2B47-D3C6-4B9E-B9B5-0B222ACD9097}.Release|Any CPU.Build.0 = Release|Any CPU
		{4467B594-D9A5-432C-A1CC-07F9C9CED010}.Debug|Any CPU.ActiveCfg = Debug|Any CPU
		{4467B594-D9A5-432C-A1CC-07F9C9CED010}.Debug|Any CPU.Build.0 = Debug|Any CPU
		{4467B594-D9A5-432C-A1CC-07F9C9CED010}.Release|Any CPU.ActiveCfg = Release|Any CPU
		{4467B594-D9A5-432C-A1CC-07F9C9CED010}.Release|Any CPU.Build.0 = Release|Any CPU
		{93C7964F-6A2F-48C7-A3EA-322401532E8C}.Debug|Any CPU.ActiveCfg = Debug|Any CPU
		{93C7964F-6A2F-48C7-A3EA-322401532E8C}.Debug|Any CPU.Build.0 = Debug|Any CPU
		{93C7964F-6A2F-48C7-A3EA-322401532E8C}.Release|Any CPU.ActiveCfg = Release|Any CPU
		{93C7964F-6A2F-48C7-A3EA-322401532E8C}.Release|Any CPU.Build.0 = Release|Any CPU
		{BBCC241D-0980-4735-8187-229D37ADC0E5}.Debug|Any CPU.ActiveCfg = Debug|Any CPU
		{BBCC241D-0980-4735-8187-229D37ADC0E5}.Debug|Any CPU.Build.0 = Debug|Any CPU
		{BBCC241D-0980-4735-8187-229D37ADC0E5}.Release|Any CPU.ActiveCfg = Release|Any CPU
		{BBCC241D-0980-4735-8187-229D37ADC0E5}.Release|Any CPU.Build.0 = Release|Any CPU
		{E7035B72-0180-437E-A696-1F0CD8921279}.Debug|Any CPU.ActiveCfg = Debug|Any CPU
		{E7035B72-0180-437E-A696-1F0CD8921279}.Debug|Any CPU.Build.0 = Debug|Any CPU
		{E7035B72-0180-437E-A696-1F0CD8921279}.Release|Any CPU.ActiveCfg = Release|Any CPU
		{E7035B72-0180-437E-A696-1F0CD8921279}.Release|Any CPU.Build.0 = Release|Any CPU
		{8B2D67D3-9D41-45F0-9CDB-EFC9944C98AA}.Debug|Any CPU.ActiveCfg = Debug|Any CPU
		{8B2D67D3-9D41-45F0-9CDB-EFC9944C98AA}.Debug|Any CPU.Build.0 = Debug|Any CPU
		{8B2D67D3-9D41-45F0-9CDB-EFC9944C98AA}.Release|Any CPU.ActiveCfg = Release|Any CPU
		{8B2D67D3-9D41-45F0-9CDB-EFC9944C98AA}.Release|Any CPU.Build.0 = Release|Any CPU
		{C4F75024-EA9D-46C5-B2D9-CAE8FC5EFF38}.Debug|Any CPU.ActiveCfg = Debug|Any CPU
		{C4F75024-EA9D-46C5-B2D9-CAE8FC5EFF38}.Debug|Any CPU.Build.0 = Debug|Any CPU
		{C4F75024-EA9D-46C5-B2D9-CAE8FC5EFF38}.Release|Any CPU.ActiveCfg = Release|Any CPU
		{C4F75024-EA9D-46C5-B2D9-CAE8FC5EFF38}.Release|Any CPU.Build.0 = Release|Any CPU
		{5645B3B9-A523-4C61-8417-4EE0C90380AB}.Debug|Any CPU.ActiveCfg = Debug|Any CPU
		{5645B3B9-A523-4C61-8417-4EE0C90380AB}.Debug|Any CPU.Build.0 = Debug|Any CPU
		{5645B3B9-A523-4C61-8417-4EE0C90380AB}.Release|Any CPU.ActiveCfg = Release|Any CPU
		{5645B3B9-A523-4C61-8417-4EE0C90380AB}.Release|Any CPU.Build.0 = Release|Any CPU
		{02F90254-A566-440D-9B98-A31A8A1A4D5B}.Debug|Any CPU.ActiveCfg = Debug|Any CPU
		{02F90254-A566-440D-9B98-A31A8A1A4D5B}.Debug|Any CPU.Build.0 = Debug|Any CPU
		{02F90254-A566-440D-9B98-A31A8A1A4D5B}.Release|Any CPU.ActiveCfg = Release|Any CPU
		{02F90254-A566-440D-9B98-A31A8A1A4D5B}.Release|Any CPU.Build.0 = Release|Any CPU
		{5C771533-F8F4-47A0-9E3C-614F87A72744}.Debug|Any CPU.ActiveCfg = Debug|Any CPU
		{5C771533-F8F4-47A0-9E3C-614F87A72744}.Debug|Any CPU.Build.0 = Debug|Any CPU
		{5C771533-F8F4-47A0-9E3C-614F87A72744}.Release|Any CPU.ActiveCfg = Release|Any CPU
		{5C771533-F8F4-47A0-9E3C-614F87A72744}.Release|Any CPU.Build.0 = Release|Any CPU
		{531F1DAF-B4DE-4240-B7BE-E206330E3792}.Debug|Any CPU.ActiveCfg = Debug|Any CPU
		{531F1DAF-B4DE-4240-B7BE-E206330E3792}.Debug|Any CPU.Build.0 = Debug|Any CPU
		{531F1DAF-B4DE-4240-B7BE-E206330E3792}.Release|Any CPU.ActiveCfg = Release|Any CPU
		{531F1DAF-B4DE-4240-B7BE-E206330E3792}.Release|Any CPU.Build.0 = Release|Any CPU
		{20D72006-BAEF-4604-A9DC-2864FED9DF9A}.Debug|Any CPU.ActiveCfg = Debug|Any CPU
		{20D72006-BAEF-4604-A9DC-2864FED9DF9A}.Debug|Any CPU.Build.0 = Debug|Any CPU
		{20D72006-BAEF-4604-A9DC-2864FED9DF9A}.Release|Any CPU.ActiveCfg = Release|Any CPU
		{20D72006-BAEF-4604-A9DC-2864FED9DF9A}.Release|Any CPU.Build.0 = Release|Any CPU
		{CD09F265-2818-40E4-8732-C41DE48A4EF7}.Debug|Any CPU.ActiveCfg = Debug|Any CPU
		{CD09F265-2818-40E4-8732-C41DE48A4EF7}.Debug|Any CPU.Build.0 = Debug|Any CPU
		{CD09F265-2818-40E4-8732-C41DE48A4EF7}.Release|Any CPU.ActiveCfg = Release|Any CPU
		{CD09F265-2818-40E4-8732-C41DE48A4EF7}.Release|Any CPU.Build.0 = Release|Any CPU
		{788150B7-B822-4466-A1DC-C875449DE449}.Debug|Any CPU.ActiveCfg = Debug|Any CPU
		{788150B7-B822-4466-A1DC-C875449DE449}.Debug|Any CPU.Build.0 = Debug|Any CPU
		{788150B7-B822-4466-A1DC-C875449DE449}.Release|Any CPU.ActiveCfg = Release|Any CPU
		{788150B7-B822-4466-A1DC-C875449DE449}.Release|Any CPU.Build.0 = Release|Any CPU
		{B077F55F-E15A-4B91-A1EB-8178B8313908}.Debug|Any CPU.ActiveCfg = Debug|Any CPU
		{B077F55F-E15A-4B91-A1EB-8178B8313908}.Debug|Any CPU.Build.0 = Debug|Any CPU
		{B077F55F-E15A-4B91-A1EB-8178B8313908}.Release|Any CPU.ActiveCfg = Release|Any CPU
		{B077F55F-E15A-4B91-A1EB-8178B8313908}.Release|Any CPU.Build.0 = Release|Any CPU
		{6D6D8484-D8D0-4FCA-B6FA-B665C629D78F}.Debug|Any CPU.ActiveCfg = Debug|Any CPU
		{6D6D8484-D8D0-4FCA-B6FA-B665C629D78F}.Debug|Any CPU.Build.0 = Debug|Any CPU
		{6D6D8484-D8D0-4FCA-B6FA-B665C629D78F}.Release|Any CPU.ActiveCfg = Release|Any CPU
		{6D6D8484-D8D0-4FCA-B6FA-B665C629D78F}.Release|Any CPU.Build.0 = Release|Any CPU
		{C7CD6C8B-ACAA-489C-9FD2-6F44DF62EA33}.Debug|Any CPU.ActiveCfg = Debug|Any CPU
		{C7CD6C8B-ACAA-489C-9FD2-6F44DF62EA33}.Debug|Any CPU.Build.0 = Debug|Any CPU
		{C7CD6C8B-ACAA-489C-9FD2-6F44DF62EA33}.Release|Any CPU.ActiveCfg = Release|Any CPU
		{C7CD6C8B-ACAA-489C-9FD2-6F44DF62EA33}.Release|Any CPU.Build.0 = Release|Any CPU
		{907BD280-43B8-41A1-A306-8B903993DCE4}.Debug|Any CPU.ActiveCfg = Debug|Any CPU
		{907BD280-43B8-41A1-A306-8B903993DCE4}.Debug|Any CPU.Build.0 = Debug|Any CPU
		{907BD280-43B8-41A1-A306-8B903993DCE4}.Release|Any CPU.ActiveCfg = Release|Any CPU
		{907BD280-43B8-41A1-A306-8B903993DCE4}.Release|Any CPU.Build.0 = Release|Any CPU
		{3CFBDC1C-B621-4921-9AEF-3891B2B644C5}.Debug|Any CPU.ActiveCfg = Debug|Any CPU
		{3CFBDC1C-B621-4921-9AEF-3891B2B644C5}.Debug|Any CPU.Build.0 = Debug|Any CPU
		{3CFBDC1C-B621-4921-9AEF-3891B2B644C5}.Release|Any CPU.ActiveCfg = Release|Any CPU
		{3CFBDC1C-B621-4921-9AEF-3891B2B644C5}.Release|Any CPU.Build.0 = Release|Any CPU
	EndGlobalSection
	GlobalSection(SolutionProperties) = preSolution
		HideSolutionNode = FALSE
	EndGlobalSection
	GlobalSection(NestedProjects) = preSolution
		{8E3D96C3-D5AC-47E0-A3C5-1FF26E0A8780} = {3B592E91-F7DB-4B78-A1CE-CB1CA436220E}
		{91D63569-CA51-4362-B4FC-9BD66302373F} = {3B592E91-F7DB-4B78-A1CE-CB1CA436220E}
		{CC5ACC22-9AD1-49DF-8F84-64AF0D71006C} = {3B592E91-F7DB-4B78-A1CE-CB1CA436220E}
		{D482622B-7B40-4311-977F-11C09B98BA4F} = {3B592E91-F7DB-4B78-A1CE-CB1CA436220E}
		{D9979978-4230-427D-88F6-455F1D59FE96} = {3B592E91-F7DB-4B78-A1CE-CB1CA436220E}
		{8B2D67D3-9D41-45F0-9CDB-EFC9944C98AA} = {3B592E91-F7DB-4B78-A1CE-CB1CA436220E}
		{C4F75024-EA9D-46C5-B2D9-CAE8FC5EFF38} = {3B592E91-F7DB-4B78-A1CE-CB1CA436220E}
		{5645B3B9-A523-4C61-8417-4EE0C90380AB} = {3B592E91-F7DB-4B78-A1CE-CB1CA436220E}
		{02F90254-A566-440D-9B98-A31A8A1A4D5B} = {3B592E91-F7DB-4B78-A1CE-CB1CA436220E}
		{5C771533-F8F4-47A0-9E3C-614F87A72744} = {3B592E91-F7DB-4B78-A1CE-CB1CA436220E}
		{20D72006-BAEF-4604-A9DC-2864FED9DF9A} = {3B592E91-F7DB-4B78-A1CE-CB1CA436220E}
		{C7CD6C8B-ACAA-489C-9FD2-6F44DF62EA33} = {3B592E91-F7DB-4B78-A1CE-CB1CA436220E}
		{3CFBDC1C-B621-4921-9AEF-3891B2B644C5} = {3B592E91-F7DB-4B78-A1CE-CB1CA436220E}
		{B3829B05-AA4A-4A0D-B076-D0C3031C9D33} = {ED0ADAC4-705C-421A-A8D2-69CFFFCF734B}
		{1717DDEF-8917-4382-B5DC-073B2F2F4361} = {ED0ADAC4-705C-421A-A8D2-69CFFFCF734B}
		{71755B81-EF5C-4C36-A278-60D69ECCC158} = {ED0ADAC4-705C-421A-A8D2-69CFFFCF734B}
		{36176FF1-8C33-494D-A496-1D7E0DCFCD86} = {ED0ADAC4-705C-421A-A8D2-69CFFFCF734B}
		{1C7B2B47-D3C6-4B9E-B9B5-0B222ACD9097} = {ED0ADAC4-705C-421A-A8D2-69CFFFCF734B}
		{4467B594-D9A5-432C-A1CC-07F9C9CED010} = {ED0ADAC4-705C-421A-A8D2-69CFFFCF734B}
		{93C7964F-6A2F-48C7-A3EA-322401532E8C} = {ED0ADAC4-705C-421A-A8D2-69CFFFCF734B}
		{BBCC241D-0980-4735-8187-229D37ADC0E5} = {ED0ADAC4-705C-421A-A8D2-69CFFFCF734B}
		{E7035B72-0180-437E-A696-1F0CD8921279} = {ED0ADAC4-705C-421A-A8D2-69CFFFCF734B}
		{531F1DAF-B4DE-4240-B7BE-E206330E3792} = {ED0ADAC4-705C-421A-A8D2-69CFFFCF734B}
		{CD09F265-2818-40E4-8732-C41DE48A4EF7} = {ED0ADAC4-705C-421A-A8D2-69CFFFCF734B}
		{788150B7-B822-4466-A1DC-C875449DE449} = {ED0ADAC4-705C-421A-A8D2-69CFFFCF734B}
		{B077F55F-E15A-4B91-A1EB-8178B8313908} = {ED0ADAC4-705C-421A-A8D2-69CFFFCF734B}
		{6D6D8484-D8D0-4FCA-B6FA-B665C629D78F} = {ED0ADAC4-705C-421A-A8D2-69CFFFCF734B}
		{907BD280-43B8-41A1-A306-8B903993DCE4} = {ED0ADAC4-705C-421A-A8D2-69CFFFCF734B}
	EndGlobalSection
	GlobalSection(ExtensibilityGlobals) = postSolution
		SolutionGuid = {E5154479-615B-4978-AE5A-A7DE55907E36}
	EndGlobalSection
EndGlobal
