Microsoft Visual Studio Solution File, Format Version 12.00
Project("{9A19103F-16F7-4668-BE54-9A1E7A4F7556}") = "TestUtilities", "..\Common\tests\TestUtilities\TestUtilities.csproj", "{B3F56323-6D66-4576-BBF3-32ACAADE3223}"
EndProject
Project("{9A19103F-16F7-4668-BE54-9A1E7A4F7556}") = "Microsoft.Win32.SystemEvents", "ref\Microsoft.Win32.SystemEvents.csproj", "{A586D099-E8B0-4C2F-B4AD-BCFA98429DBF}"
EndProject
Project("{9A19103F-16F7-4668-BE54-9A1E7A4F7556}") = "Microsoft.Win32.SystemEvents", "src\Microsoft.Win32.SystemEvents.csproj", "{20C56707-2960-4DF2-BF76-5556304EE7CF}"
EndProject
Project("{9A19103F-16F7-4668-BE54-9A1E7A4F7556}") = "Microsoft.Win32.SystemEvents.Tests", "tests\Microsoft.Win32.SystemEvents.Tests.csproj", "{86962B5A-AC38-44FA-B25B-74ABAC57E534}"
EndProject
Project("{9A19103F-16F7-4668-BE54-9A1E7A4F7556}") = "LibraryImportGenerator", "..\System.Runtime.InteropServices\gen\LibraryImportGenerator\LibraryImportGenerator.csproj", "{2D9943FB-EBD4-4994-BDCA-7C0087CD499B}"
EndProject
Project("{9A19103F-16F7-4668-BE54-9A1E7A4F7556}") = "Microsoft.Interop.SourceGeneration", "..\System.Runtime.InteropServices\gen\Microsoft.Interop.SourceGeneration\Microsoft.Interop.SourceGeneration.csproj", "{1F21915D-D799-4AAA-9053-8BFFD5102FF1}"
EndProject
Project("{9A19103F-16F7-4668-BE54-9A1E7A4F7556}") = "ILLink.CodeFixProvider", "..\..\tools\illink\src\ILLink.CodeFix\ILLink.CodeFixProvider.csproj", "{B1351B74-82F9-4CE6-AE68-25521A465AF4}"
EndProject
Project("{9A19103F-16F7-4668-BE54-9A1E7A4F7556}") = "ILLink.RoslynAnalyzer", "..\..\tools\illink\src\ILLink.RoslynAnalyzer\ILLink.RoslynAnalyzer.csproj", "{FF36AE65-50BE-4C1D-8216-5038443D3BA4}"
EndProject
Project("{9A19103F-16F7-4668-BE54-9A1E7A4F7556}") = "ILLink.Tasks", "..\..\tools\illink\src\ILLink.Tasks\ILLink.Tasks.csproj", "{EDC41408-CD3D-474D-AA9E-EE60402517D3}"
EndProject
Project("{9A19103F-16F7-4668-BE54-9A1E7A4F7556}") = "Mono.Linker", "..\..\tools\illink\src\linker\Mono.Linker.csproj", "{90476BE6-797F-41AA-89AC-0BD7DB8885AE}"
EndProject
Project("{9A19103F-16F7-4668-BE54-9A1E7A4F7556}") = "Mono.Linker", "..\..\tools\illink\src\linker\ref\Mono.Linker.csproj", "{0A0B8523-102B-45CB-9922-3F4F5E43C086}"
EndProject
Project("{2150E333-8FDC-42A3-9474-1A3956D46DE8}") = "tests", "tests", "{F2A4093D-6291-4A9C-87FC-6B06D2324E38}"
EndProject
Project("{2150E333-8FDC-42A3-9474-1A3956D46DE8}") = "ref", "ref", "{8BF90E54-BE73-4BBF-89CB-E9BE5DD1FC9E}"
EndProject
Project("{2150E333-8FDC-42A3-9474-1A3956D46DE8}") = "src", "src", "{A9588D3E-04F0-4294-8D1A-84CF3D84804A}"
EndProject
Project("{2150E333-8FDC-42A3-9474-1A3956D46DE8}") = "gen", "gen", "{B7447478-7C05-441D-BDDF-538008B24CBD}"
EndProject
Project("{2150E333-8FDC-42A3-9474-1A3956D46DE8}") = "gen", "tools\gen", "{8B8F314C-81E4-4624-B88D-DEF6F2F34C03}"
EndProject
Project("{2150E333-8FDC-42A3-9474-1A3956D46DE8}") = "src", "tools\src", "{A5504349-FE82-4E8C-AF7F-D1B6993CF918}"
EndProject
Project("{2150E333-8FDC-42A3-9474-1A3956D46DE8}") = "ref", "tools\ref", "{EC14A20F-FE39-42EB-B642-2DA6409FE7B1}"
EndProject
Project("{2150E333-8FDC-42A3-9474-1A3956D46DE8}") = "tools", "tools", "{403A31DA-6D6F-4B63-BE94-20DA513BBE4B}"
EndProject
Global
	GlobalSection(SolutionConfigurationPlatforms) = preSolution
		Debug|Any CPU = Debug|Any CPU
		Release|Any CPU = Release|Any CPU
	EndGlobalSection
	GlobalSection(ProjectConfigurationPlatforms) = postSolution
		{B3F56323-6D66-4576-BBF3-32ACAADE3223}.Debug|Any CPU.ActiveCfg = Debug|Any CPU
		{B3F56323-6D66-4576-BBF3-32ACAADE3223}.Debug|Any CPU.Build.0 = Debug|Any CPU
		{B3F56323-6D66-4576-BBF3-32ACAADE3223}.Release|Any CPU.ActiveCfg = Release|Any CPU
		{B3F56323-6D66-4576-BBF3-32ACAADE3223}.Release|Any CPU.Build.0 = Release|Any CPU
		{A586D099-E8B0-4C2F-B4AD-BCFA98429DBF}.Debug|Any CPU.ActiveCfg = Debug|Any CPU
		{A586D099-E8B0-4C2F-B4AD-BCFA98429DBF}.Debug|Any CPU.Build.0 = Debug|Any CPU
		{A586D099-E8B0-4C2F-B4AD-BCFA98429DBF}.Release|Any CPU.ActiveCfg = Release|Any CPU
		{A586D099-E8B0-4C2F-B4AD-BCFA98429DBF}.Release|Any CPU.Build.0 = Release|Any CPU
		{20C56707-2960-4DF2-BF76-5556304EE7CF}.Debug|Any CPU.ActiveCfg = Debug|Any CPU
		{20C56707-2960-4DF2-BF76-5556304EE7CF}.Debug|Any CPU.Build.0 = Debug|Any CPU
		{20C56707-2960-4DF2-BF76-5556304EE7CF}.Release|Any CPU.ActiveCfg = Release|Any CPU
		{20C56707-2960-4DF2-BF76-5556304EE7CF}.Release|Any CPU.Build.0 = Release|Any CPU
		{86962B5A-AC38-44FA-B25B-74ABAC57E534}.Debug|Any CPU.ActiveCfg = Debug|Any CPU
		{86962B5A-AC38-44FA-B25B-74ABAC57E534}.Debug|Any CPU.Build.0 = Debug|Any CPU
		{86962B5A-AC38-44FA-B25B-74ABAC57E534}.Release|Any CPU.ActiveCfg = Release|Any CPU
		{86962B5A-AC38-44FA-B25B-74ABAC57E534}.Release|Any CPU.Build.0 = Release|Any CPU
		{2D9943FB-EBD4-4994-BDCA-7C0087CD499B}.Debug|Any CPU.ActiveCfg = Debug|Any CPU
		{2D9943FB-EBD4-4994-BDCA-7C0087CD499B}.Debug|Any CPU.Build.0 = Debug|Any CPU
		{2D9943FB-EBD4-4994-BDCA-7C0087CD499B}.Release|Any CPU.ActiveCfg = Release|Any CPU
		{2D9943FB-EBD4-4994-BDCA-7C0087CD499B}.Release|Any CPU.Build.0 = Release|Any CPU
		{1F21915D-D799-4AAA-9053-8BFFD5102FF1}.Debug|Any CPU.ActiveCfg = Debug|Any CPU
		{1F21915D-D799-4AAA-9053-8BFFD5102FF1}.Debug|Any CPU.Build.0 = Debug|Any CPU
		{1F21915D-D799-4AAA-9053-8BFFD5102FF1}.Release|Any CPU.ActiveCfg = Release|Any CPU
		{1F21915D-D799-4AAA-9053-8BFFD5102FF1}.Release|Any CPU.Build.0 = Release|Any CPU
		{B1351B74-82F9-4CE6-AE68-25521A465AF4}.Debug|Any CPU.ActiveCfg = Debug|Any CPU
		{B1351B74-82F9-4CE6-AE68-25521A465AF4}.Debug|Any CPU.Build.0 = Debug|Any CPU
		{B1351B74-82F9-4CE6-AE68-25521A465AF4}.Release|Any CPU.ActiveCfg = Release|Any CPU
		{B1351B74-82F9-4CE6-AE68-25521A465AF4}.Release|Any CPU.Build.0 = Release|Any CPU
		{FF36AE65-50BE-4C1D-8216-5038443D3BA4}.Debug|Any CPU.ActiveCfg = Debug|Any CPU
		{FF36AE65-50BE-4C1D-8216-5038443D3BA4}.Debug|Any CPU.Build.0 = Debug|Any CPU
		{FF36AE65-50BE-4C1D-8216-5038443D3BA4}.Release|Any CPU.ActiveCfg = Release|Any CPU
		{FF36AE65-50BE-4C1D-8216-5038443D3BA4}.Release|Any CPU.Build.0 = Release|Any CPU
		{EDC41408-CD3D-474D-AA9E-EE60402517D3}.Debug|Any CPU.ActiveCfg = Debug|Any CPU
		{EDC41408-CD3D-474D-AA9E-EE60402517D3}.Debug|Any CPU.Build.0 = Debug|Any CPU
		{EDC41408-CD3D-474D-AA9E-EE60402517D3}.Release|Any CPU.ActiveCfg = Release|Any CPU
		{EDC41408-CD3D-474D-AA9E-EE60402517D3}.Release|Any CPU.Build.0 = Release|Any CPU
		{90476BE6-797F-41AA-89AC-0BD7DB8885AE}.Debug|Any CPU.ActiveCfg = Debug|Any CPU
		{90476BE6-797F-41AA-89AC-0BD7DB8885AE}.Debug|Any CPU.Build.0 = Debug|Any CPU
		{90476BE6-797F-41AA-89AC-0BD7DB8885AE}.Release|Any CPU.ActiveCfg = Release|Any CPU
		{90476BE6-797F-41AA-89AC-0BD7DB8885AE}.Release|Any CPU.Build.0 = Release|Any CPU
		{0A0B8523-102B-45CB-9922-3F4F5E43C086}.Debug|Any CPU.ActiveCfg = Debug|Any CPU
		{0A0B8523-102B-45CB-9922-3F4F5E43C086}.Debug|Any CPU.Build.0 = Debug|Any CPU
		{0A0B8523-102B-45CB-9922-3F4F5E43C086}.Release|Any CPU.ActiveCfg = Release|Any CPU
		{0A0B8523-102B-45CB-9922-3F4F5E43C086}.Release|Any CPU.Build.0 = Release|Any CPU
	EndGlobalSection
	GlobalSection(SolutionProperties) = preSolution
		HideSolutionNode = FALSE
	EndGlobalSection
	GlobalSection(NestedProjects) = preSolution
		{B3F56323-6D66-4576-BBF3-32ACAADE3223} = {F2A4093D-6291-4A9C-87FC-6B06D2324E38}
		{86962B5A-AC38-44FA-B25B-74ABAC57E534} = {F2A4093D-6291-4A9C-87FC-6B06D2324E38}
		{A586D099-E8B0-4C2F-B4AD-BCFA98429DBF} = {8BF90E54-BE73-4BBF-89CB-E9BE5DD1FC9E}
		{20C56707-2960-4DF2-BF76-5556304EE7CF} = {A9588D3E-04F0-4294-8D1A-84CF3D84804A}
		{2D9943FB-EBD4-4994-BDCA-7C0087CD499B} = {B7447478-7C05-441D-BDDF-538008B24CBD}
		{1F21915D-D799-4AAA-9053-8BFFD5102FF1} = {B7447478-7C05-441D-BDDF-538008B24CBD}
		{B1351B74-82F9-4CE6-AE68-25521A465AF4} = {8B8F314C-81E4-4624-B88D-DEF6F2F34C03}
		{FF36AE65-50BE-4C1D-8216-5038443D3BA4} = {8B8F314C-81E4-4624-B88D-DEF6F2F34C03}
		{8B8F314C-81E4-4624-B88D-DEF6F2F34C03} = {403A31DA-6D6F-4B63-BE94-20DA513BBE4B}
		{EDC41408-CD3D-474D-AA9E-EE60402517D3} = {A5504349-FE82-4E8C-AF7F-D1B6993CF918}
		{90476BE6-797F-41AA-89AC-0BD7DB8885AE} = {A5504349-FE82-4E8C-AF7F-D1B6993CF918}
		{A5504349-FE82-4E8C-AF7F-D1B6993CF918} = {403A31DA-6D6F-4B63-BE94-20DA513BBE4B}
		{0A0B8523-102B-45CB-9922-3F4F5E43C086} = {EC14A20F-FE39-42EB-B642-2DA6409FE7B1}
		{EC14A20F-FE39-42EB-B642-2DA6409FE7B1} = {403A31DA-6D6F-4B63-BE94-20DA513BBE4B}
	EndGlobalSection
	GlobalSection(ExtensibilityGlobals) = postSolution
		SolutionGuid = {14621231-E5C2-4B46-9ADC-1182F2721D07}
	EndGlobalSection
EndGlobal
